
Microsoft Visual Studio Solution File, Format Version 12.00
# Visual Studio Version 17
VisualStudioVersion = 17.12.35707.178
MinimumVisualStudioVersion = 10.0.40219.1
Project("{2150E333-8FDC-42A3-9474-1A3956D46DE8}") = "Android000", "Android000", "{104D7E8B-A013-4238-BFB2-8F4D251A6CC7}"
EndProject
Project("{8BC9CEB8-8B4A-11D0-8D11-00A0C91BC942}") = "Android000.NativeActivity", "CoreEngine_000_OSENGINE_SYSTEM\Android1\Android1.NativeActivity\Android1.NativeActivity.vcxproj", "{418A0855-A6DE-4E98-969D-1E98D1A76066}"
EndProject
Project("{39E2626F-3545-4960-A6E8-258AD8476CE5}") = "Android000.Packaging", "CoreEngine_000_OSENGINE_SYSTEM\Android1\Android1.Packaging\Android000.Packaging.androidproj", "{C92AA3B0-F865-43B5-9873-4B2F3EB65B14}"
EndProject
Project("{8BC9CEB8-8B4A-11D0-8D11-00A0C91BC942}") = "Android001.NativeActivity", "CoreEngine_001_LANG_LOG_MEMLEAKs_OSMAINDIRs\Android1\Android1.NativeActivity\Android1.NativeActivity.vcxproj", "{EF51F0D5-F792-448D-97D8-58CE24D52E0E}"
EndProject
Project("{2150E333-8FDC-42A3-9474-1A3956D46DE8}") = "Android001", "Android001", "{0B9BAA5B-83C1-476E-8695-212E07F5C16A}"
EndProject
Project("{39E2626F-3545-4960-A6E8-258AD8476CE5}") = "Android001.Packaging", "CoreEngine_001_LANG_LOG_MEMLEAKs_OSMAINDIRs\Android1\Android1.Packaging\Android001.Packaging.androidproj", "{759A33EF-5FBE-46F6-BDAF-21FA86C0AEE5}"
EndProject
Project("{2150E333-8FDC-42A3-9474-1A3956D46DE8}") = "Android002", "Android002", "{6B7505E2-17EC-4852-9F8D-33F40ED736B5}"
EndProject
Project("{8BC9CEB8-8B4A-11D0-8D11-00A0C91BC942}") = "Android002.NativeActivity", "CoreEngine_002_MAINWINDOW_EVENTS\Android1\Android1.NativeActivity\Android1.NativeActivity.vcxproj", "{974479DE-6D19-41B8-A325-21D21C17D716}"
EndProject
Project("{39E2626F-3545-4960-A6E8-258AD8476CE5}") = "Android002.Packaging", "CoreEngine_002_MAINWINDOW_EVENTS\Android1\Android1.Packaging\Android002.Packaging.androidproj", "{02485360-66D7-40AB-971D-6E341A15B464}"
EndProject
Project("{2150E333-8FDC-42A3-9474-1A3956D46DE8}") = "Android004", "Android004", "{A2670AA9-E748-43FB-BC5F-39E6304C5AF9}"
EndProject
Project("{2150E333-8FDC-42A3-9474-1A3956D46DE8}") = "Android005", "Android005", "{9527168D-D5F5-40CE-AE55-E0E88AB79477}"
EndProject
Project("{8BC9CEB8-8B4A-11D0-8D11-00A0C91BC942}") = "Android004.NativeActivity", "CoreEngine_004_SYSTEMMANAGER_TIMER_FPS_MATH\Android1\Android1.NativeActivity\Android1.NativeActivity.vcxproj", "{818F6FF6-5834-41D8-A48F-A7F1DF738246}"
EndProject
Project("{39E2626F-3545-4960-A6E8-258AD8476CE5}") = "Android004.Packaging", "CoreEngine_004_SYSTEMMANAGER_TIMER_FPS_MATH\Android1\Android1.Packaging\Android004.Packaging.androidproj", "{C58C4925-7D40-4246-BE11-87FE7468BA73}"
EndProject
Project("{8BC9CEB8-8B4A-11D0-8D11-00A0C91BC942}") = "Android005.NativeActivity", "CoreEngine_005_PAINT_SETTINGS_XML\Android1\Android1.NativeActivity\Android1.NativeActivity.vcxproj", "{DB3EC221-75CD-4562-81DF-79F261CAD1C1}"
EndProject
Project("{39E2626F-3545-4960-A6E8-258AD8476CE5}") = "Android005.Packaging", "CoreEngine_005_PAINT_SETTINGS_XML\Android1\Android1.Packaging\Android005.Packaging.androidproj", "{697BAF7D-1C1B-4F20-B196-7CE10666C562}"
EndProject
Project("{2150E333-8FDC-42A3-9474-1A3956D46DE8}") = "Android006", "Android006", "{F3775360-D401-407E-9BCC-E4155DBEAE8A}"
EndProject
Project("{2150E333-8FDC-42A3-9474-1A3956D46DE8}") = "Android007", "Android007", "{11855263-A931-40F7-B473-ADD4CE825191}"
EndProject
Project("{2150E333-8FDC-42A3-9474-1A3956D46DE8}") = "Android008", "Android008", "{9C6695A1-4CF2-49A3-829A-5DB3681DD170}"
EndProject
Project("{2150E333-8FDC-42A3-9474-1A3956D46DE8}") = "Android009", "Android009", "{9AE64EE5-136F-4D3B-A769-3DA44945A3F1}"
EndProject
Project("{8BC9CEB8-8B4A-11D0-8D11-00A0C91BC942}") = "Android009.NativeActivity", "CoreEngine_009_PAINT_METAR_WEATHER_REALTIME\Android1\Android1.NativeActivity\Android1.NativeActivity.vcxproj", "{AEAE55D4-B6D7-44BD-9741-5D565BD762D8}"
EndProject
Project("{8BC9CEB8-8B4A-11D0-8D11-00A0C91BC942}") = "Android008.NativeActivity", "CoreEngine_008_PAINT_REALTIME_GPS_MAP_LOCATION\Android1\Android1.NativeActivity\Android1.NativeActivity.vcxproj", "{440DDDE3-D2F7-4C22-A953-F0986A89780A}"
EndProject
Project("{8BC9CEB8-8B4A-11D0-8D11-00A0C91BC942}") = "Android007.NativeActivity", "CoreEngine_007_PAINT_REALTIMECELESTIAL_ASTROCLASS\Android1\Android1.NativeActivity\Android1.NativeActivity.vcxproj", "{082E22FC-89C4-455B-A711-F8AAFF1DF988}"
EndProject
Project("{8BC9CEB8-8B4A-11D0-8D11-00A0C91BC942}") = "Android006.NativeActivity", "CoreEngine_006_PACKMANAGER_IDEA_CPU_BENCHMARK\Android1\Android1.NativeActivity\Android1.NativeActivity.vcxproj", "{867F52F6-91BC-42F7-B007-FACA58EEDE5E}"
EndProject
Project("{39E2626F-3545-4960-A6E8-258AD8476CE5}") = "Android006.Packaging", "CoreEngine_006_PACKMANAGER_IDEA_CPU_BENCHMARK\Android1\Android1.Packaging\Android006.Packaging.androidproj", "{2DD77278-05E3-4170-B779-EC21D49CCB45}"
EndProject
Project("{39E2626F-3545-4960-A6E8-258AD8476CE5}") = "Android007.Packaging", "CoreEngine_007_PAINT_REALTIMECELESTIAL_ASTROCLASS\Android1\Android1.Packaging\Android007.Packaging.androidproj", "{E07F27BC-D979-4BB2-9E8B-70572F65C2D3}"
EndProject
Project("{39E2626F-3545-4960-A6E8-258AD8476CE5}") = "Android008.Packaging", "CoreEngine_008_PAINT_REALTIME_GPS_MAP_LOCATION\Android1\Android1.Packaging\Android008.Packaging.androidproj", "{6FC6BA43-D6B7-4B7A-B02F-B67BA6FE3673}"
EndProject
Project("{39E2626F-3545-4960-A6E8-258AD8476CE5}") = "Android009.Packaging", "CoreEngine_009_PAINT_METAR_WEATHER_REALTIME\Android1\Android1.Packaging\Android009.Packaging.androidproj", "{4BA60172-8C4E-4109-9962-C7E27B47565B}"
EndProject
Global
	GlobalSection(SolutionConfigurationPlatforms) = preSolution
		Debug|ARM = Debug|ARM
		Debug|ARM64 = Debug|ARM64
		Debug|x64 = Debug|x64
		Debug|x86 = Debug|x86
		Release|ARM = Release|ARM
		Release|ARM64 = Release|ARM64
		Release|x64 = Release|x64
		Release|x86 = Release|x86
	EndGlobalSection
	GlobalSection(ProjectConfigurationPlatforms) = postSolution
		{418A0855-A6DE-4E98-969D-1E98D1A76066}.Debug|ARM.ActiveCfg = Debug|ARM
		{418A0855-A6DE-4E98-969D-1E98D1A76066}.Debug|ARM.Build.0 = Debug|ARM
		{418A0855-A6DE-4E98-969D-1E98D1A76066}.Debug|ARM64.ActiveCfg = Debug|ARM64
		{418A0855-A6DE-4E98-969D-1E98D1A76066}.Debug|ARM64.Build.0 = Debug|ARM64
		{418A0855-A6DE-4E98-969D-1E98D1A76066}.Debug|x64.ActiveCfg = Debug|x64
		{418A0855-A6DE-4E98-969D-1E98D1A76066}.Debug|x64.Build.0 = Debug|x64
		{418A0855-A6DE-4E98-969D-1E98D1A76066}.Debug|x86.ActiveCfg = Debug|x86
		{418A0855-A6DE-4E98-969D-1E98D1A76066}.Debug|x86.Build.0 = Debug|x86
		{418A0855-A6DE-4E98-969D-1E98D1A76066}.Release|ARM.ActiveCfg = Release|ARM
		{418A0855-A6DE-4E98-969D-1E98D1A76066}.Release|ARM.Build.0 = Release|ARM
		{418A0855-A6DE-4E98-969D-1E98D1A76066}.Release|ARM64.ActiveCfg = Release|ARM64
		{418A0855-A6DE-4E98-969D-1E98D1A76066}.Release|ARM64.Build.0 = Release|ARM64
		{418A0855-A6DE-4E98-969D-1E98D1A76066}.Release|x64.ActiveCfg = Release|x64
		{418A0855-A6DE-4E98-969D-1E98D1A76066}.Release|x64.Build.0 = Release|x64
		{418A0855-A6DE-4E98-969D-1E98D1A76066}.Release|x86.ActiveCfg = Release|x86
		{418A0855-A6DE-4E98-969D-1E98D1A76066}.Release|x86.Build.0 = Release|x86
		{C92AA3B0-F865-43B5-9873-4B2F3EB65B14}.Debug|ARM.ActiveCfg = Debug|ARM
		{C92AA3B0-F865-43B5-9873-4B2F3EB65B14}.Debug|ARM.Build.0 = Debug|ARM
		{C92AA3B0-F865-43B5-9873-4B2F3EB65B14}.Debug|ARM.Deploy.0 = Debug|ARM
		{C92AA3B0-F865-43B5-9873-4B2F3EB65B14}.Debug|ARM64.ActiveCfg = Debug|ARM64
		{C92AA3B0-F865-43B5-9873-4B2F3EB65B14}.Debug|ARM64.Build.0 = Debug|ARM64
		{C92AA3B0-F865-43B5-9873-4B2F3EB65B14}.Debug|ARM64.Deploy.0 = Debug|ARM64
		{C92AA3B0-F865-43B5-9873-4B2F3EB65B14}.Debug|x64.ActiveCfg = Debug|x64
		{C92AA3B0-F865-43B5-9873-4B2F3EB65B14}.Debug|x64.Build.0 = Debug|x64
		{C92AA3B0-F865-43B5-9873-4B2F3EB65B14}.Debug|x64.Deploy.0 = Debug|x64
		{C92AA3B0-F865-43B5-9873-4B2F3EB65B14}.Debug|x86.ActiveCfg = Debug|x86
		{C92AA3B0-F865-43B5-9873-4B2F3EB65B14}.Debug|x86.Build.0 = Debug|x86
		{C92AA3B0-F865-43B5-9873-4B2F3EB65B14}.Debug|x86.Deploy.0 = Debug|x86
		{C92AA3B0-F865-43B5-9873-4B2F3EB65B14}.Release|ARM.ActiveCfg = Release|ARM
		{C92AA3B0-F865-43B5-9873-4B2F3EB65B14}.Release|ARM.Build.0 = Release|ARM
		{C92AA3B0-F865-43B5-9873-4B2F3EB65B14}.Release|ARM.Deploy.0 = Release|ARM
		{C92AA3B0-F865-43B5-9873-4B2F3EB65B14}.Release|ARM64.ActiveCfg = Release|ARM64
		{C92AA3B0-F865-43B5-9873-4B2F3EB65B14}.Release|ARM64.Build.0 = Release|ARM64
		{C92AA3B0-F865-43B5-9873-4B2F3EB65B14}.Release|ARM64.Deploy.0 = Release|ARM64
		{C92AA3B0-F865-43B5-9873-4B2F3EB65B14}.Release|x64.ActiveCfg = Release|x64
		{C92AA3B0-F865-43B5-9873-4B2F3EB65B14}.Release|x64.Build.0 = Release|x64
		{C92AA3B0-F865-43B5-9873-4B2F3EB65B14}.Release|x64.Deploy.0 = Release|x64
		{C92AA3B0-F865-43B5-9873-4B2F3EB65B14}.Release|x86.ActiveCfg = Release|x86
		{C92AA3B0-F865-43B5-9873-4B2F3EB65B14}.Release|x86.Build.0 = Release|x86
		{C92AA3B0-F865-43B5-9873-4B2F3EB65B14}.Release|x86.Deploy.0 = Release|x86
		{EF51F0D5-F792-448D-97D8-58CE24D52E0E}.Debug|ARM.ActiveCfg = Debug|ARM
		{EF51F0D5-F792-448D-97D8-58CE24D52E0E}.Debug|ARM.Build.0 = Debug|ARM
		{EF51F0D5-F792-448D-97D8-58CE24D52E0E}.Debug|ARM64.ActiveCfg = Debug|ARM64
		{EF51F0D5-F792-448D-97D8-58CE24D52E0E}.Debug|ARM64.Build.0 = Debug|ARM64
		{EF51F0D5-F792-448D-97D8-58CE24D52E0E}.Debug|x64.ActiveCfg = Debug|x64
		{EF51F0D5-F792-448D-97D8-58CE24D52E0E}.Debug|x64.Build.0 = Debug|x64
		{EF51F0D5-F792-448D-97D8-58CE24D52E0E}.Debug|x86.ActiveCfg = Debug|x86
		{EF51F0D5-F792-448D-97D8-58CE24D52E0E}.Debug|x86.Build.0 = Debug|x86
		{EF51F0D5-F792-448D-97D8-58CE24D52E0E}.Release|ARM.ActiveCfg = Release|ARM
		{EF51F0D5-F792-448D-97D8-58CE24D52E0E}.Release|ARM.Build.0 = Release|ARM
		{EF51F0D5-F792-448D-97D8-58CE24D52E0E}.Release|ARM64.ActiveCfg = Release|ARM64
		{EF51F0D5-F792-448D-97D8-58CE24D52E0E}.Release|ARM64.Build.0 = Release|ARM64
		{EF51F0D5-F792-448D-97D8-58CE24D52E0E}.Release|x64.ActiveCfg = Release|x64
		{EF51F0D5-F792-448D-97D8-58CE24D52E0E}.Release|x64.Build.0 = Release|x64
		{EF51F0D5-F792-448D-97D8-58CE24D52E0E}.Release|x86.ActiveCfg = Release|x86
		{EF51F0D5-F792-448D-97D8-58CE24D52E0E}.Release|x86.Build.0 = Release|x86
		{759A33EF-5FBE-46F6-BDAF-21FA86C0AEE5}.Debug|ARM.ActiveCfg = Debug|ARM
		{759A33EF-5FBE-46F6-BDAF-21FA86C0AEE5}.Debug|ARM.Build.0 = Debug|ARM
		{759A33EF-5FBE-46F6-BDAF-21FA86C0AEE5}.Debug|ARM.Deploy.0 = Debug|ARM
		{759A33EF-5FBE-46F6-BDAF-21FA86C0AEE5}.Debug|ARM64.ActiveCfg = Debug|ARM64
		{759A33EF-5FBE-46F6-BDAF-21FA86C0AEE5}.Debug|ARM64.Build.0 = Debug|ARM64
		{759A33EF-5FBE-46F6-BDAF-21FA86C0AEE5}.Debug|ARM64.Deploy.0 = Debug|ARM64
		{759A33EF-5FBE-46F6-BDAF-21FA86C0AEE5}.Debug|x64.ActiveCfg = Debug|x64
		{759A33EF-5FBE-46F6-BDAF-21FA86C0AEE5}.Debug|x64.Build.0 = Debug|x64
		{759A33EF-5FBE-46F6-BDAF-21FA86C0AEE5}.Debug|x64.Deploy.0 = Debug|x64
		{759A33EF-5FBE-46F6-BDAF-21FA86C0AEE5}.Debug|x86.ActiveCfg = Debug|x86
		{759A33EF-5FBE-46F6-BDAF-21FA86C0AEE5}.Debug|x86.Build.0 = Debug|x86
		{759A33EF-5FBE-46F6-BDAF-21FA86C0AEE5}.Debug|x86.Deploy.0 = Debug|x86
		{759A33EF-5FBE-46F6-BDAF-21FA86C0AEE5}.Release|ARM.ActiveCfg = Release|ARM
		{759A33EF-5FBE-46F6-BDAF-21FA86C0AEE5}.Release|ARM.Build.0 = Release|ARM
		{759A33EF-5FBE-46F6-BDAF-21FA86C0AEE5}.Release|ARM.Deploy.0 = Release|ARM
		{759A33EF-5FBE-46F6-BDAF-21FA86C0AEE5}.Release|ARM64.ActiveCfg = Release|ARM64
		{759A33EF-5FBE-46F6-BDAF-21FA86C0AEE5}.Release|ARM64.Build.0 = Release|ARM64
		{759A33EF-5FBE-46F6-BDAF-21FA86C0AEE5}.Release|ARM64.Deploy.0 = Release|ARM64
		{759A33EF-5FBE-46F6-BDAF-21FA86C0AEE5}.Release|x64.ActiveCfg = Release|x64
		{759A33EF-5FBE-46F6-BDAF-21FA86C0AEE5}.Release|x64.Build.0 = Release|x64
		{759A33EF-5FBE-46F6-BDAF-21FA86C0AEE5}.Release|x64.Deploy.0 = Release|x64
		{759A33EF-5FBE-46F6-BDAF-21FA86C0AEE5}.Release|x86.ActiveCfg = Release|x86
		{759A33EF-5FBE-46F6-BDAF-21FA86C0AEE5}.Release|x86.Build.0 = Release|x86
		{759A33EF-5FBE-46F6-BDAF-21FA86C0AEE5}.Release|x86.Deploy.0 = Release|x86
		{974479DE-6D19-41B8-A325-21D21C17D716}.Debug|ARM.ActiveCfg = Debug|ARM
		{974479DE-6D19-41B8-A325-21D21C17D716}.Debug|ARM.Build.0 = Debug|ARM
		{974479DE-6D19-41B8-A325-21D21C17D716}.Debug|ARM64.ActiveCfg = Debug|ARM64
		{974479DE-6D19-41B8-A325-21D21C17D716}.Debug|ARM64.Build.0 = Debug|ARM64
		{974479DE-6D19-41B8-A325-21D21C17D716}.Debug|x64.ActiveCfg = Debug|x64
		{974479DE-6D19-41B8-A325-21D21C17D716}.Debug|x64.Build.0 = Debug|x64
		{974479DE-6D19-41B8-A325-21D21C17D716}.Debug|x86.ActiveCfg = Debug|x86
		{974479DE-6D19-41B8-A325-21D21C17D716}.Debug|x86.Build.0 = Debug|x86
		{974479DE-6D19-41B8-A325-21D21C17D716}.Release|ARM.ActiveCfg = Release|ARM
		{974479DE-6D19-41B8-A325-21D21C17D716}.Release|ARM.Build.0 = Release|ARM
		{974479DE-6D19-41B8-A325-21D21C17D716}.Release|ARM64.ActiveCfg = Release|ARM64
		{974479DE-6D19-41B8-A325-21D21C17D716}.Release|ARM64.Build.0 = Release|ARM64
		{974479DE-6D19-41B8-A325-21D21C17D716}.Release|x64.ActiveCfg = Release|x64
		{974479DE-6D19-41B8-A325-21D21C17D716}.Release|x64.Build.0 = Release|x64
		{974479DE-6D19-41B8-A325-21D21C17D716}.Release|x86.ActiveCfg = Release|x86
		{974479DE-6D19-41B8-A325-21D21C17D716}.Release|x86.Build.0 = Release|x86
		{02485360-66D7-40AB-971D-6E341A15B464}.Debug|ARM.ActiveCfg = Debug|ARM
		{02485360-66D7-40AB-971D-6E341A15B464}.Debug|ARM.Build.0 = Debug|ARM
		{02485360-66D7-40AB-971D-6E341A15B464}.Debug|ARM.Deploy.0 = Debug|ARM
		{02485360-66D7-40AB-971D-6E341A15B464}.Debug|ARM64.ActiveCfg = Debug|ARM64
		{02485360-66D7-40AB-971D-6E341A15B464}.Debug|ARM64.Build.0 = Debug|ARM64
		{02485360-66D7-40AB-971D-6E341A15B464}.Debug|ARM64.Deploy.0 = Debug|ARM64
		{02485360-66D7-40AB-971D-6E341A15B464}.Debug|x64.ActiveCfg = Debug|x64
		{02485360-66D7-40AB-971D-6E341A15B464}.Debug|x64.Build.0 = Debug|x64
		{02485360-66D7-40AB-971D-6E341A15B464}.Debug|x64.Deploy.0 = Debug|x64
		{02485360-66D7-40AB-971D-6E341A15B464}.Debug|x86.ActiveCfg = Debug|x86
		{02485360-66D7-40AB-971D-6E341A15B464}.Debug|x86.Build.0 = Debug|x86
		{02485360-66D7-40AB-971D-6E341A15B464}.Debug|x86.Deploy.0 = Debug|x86
		{02485360-66D7-40AB-971D-6E341A15B464}.Release|ARM.ActiveCfg = Release|ARM
		{02485360-66D7-40AB-971D-6E341A15B464}.Release|ARM.Build.0 = Release|ARM
		{02485360-66D7-40AB-971D-6E341A15B464}.Release|ARM.Deploy.0 = Release|ARM
		{02485360-66D7-40AB-971D-6E341A15B464}.Release|ARM64.ActiveCfg = Release|ARM64
		{02485360-66D7-40AB-971D-6E341A15B464}.Release|ARM64.Build.0 = Release|ARM64
		{02485360-66D7-40AB-971D-6E341A15B464}.Release|ARM64.Deploy.0 = Release|ARM64
		{02485360-66D7-40AB-971D-6E341A15B464}.Release|x64.ActiveCfg = Release|x64
		{02485360-66D7-40AB-971D-6E341A15B464}.Release|x64.Build.0 = Release|x64
		{02485360-66D7-40AB-971D-6E341A15B464}.Release|x64.Deploy.0 = Release|x64
		{02485360-66D7-40AB-971D-6E341A15B464}.Release|x86.ActiveCfg = Release|x86
		{02485360-66D7-40AB-971D-6E341A15B464}.Release|x86.Build.0 = Release|x86
		{02485360-66D7-40AB-971D-6E341A15B464}.Release|x86.Deploy.0 = Release|x86
		{818F6FF6-5834-41D8-A48F-A7F1DF738246}.Debug|ARM.ActiveCfg = Debug|ARM
		{818F6FF6-5834-41D8-A48F-A7F1DF738246}.Debug|ARM.Build.0 = Debug|ARM
		{818F6FF6-5834-41D8-A48F-A7F1DF738246}.Debug|ARM64.ActiveCfg = Debug|ARM64
		{818F6FF6-5834-41D8-A48F-A7F1DF738246}.Debug|ARM64.Build.0 = Debug|ARM64
		{818F6FF6-5834-41D8-A48F-A7F1DF738246}.Debug|x64.ActiveCfg = Debug|x64
		{818F6FF6-5834-41D8-A48F-A7F1DF738246}.Debug|x64.Build.0 = Debug|x64
		{818F6FF6-5834-41D8-A48F-A7F1DF738246}.Debug|x86.ActiveCfg = Debug|x86
		{818F6FF6-5834-41D8-A48F-A7F1DF738246}.Debug|x86.Build.0 = Debug|x86
		{818F6FF6-5834-41D8-A48F-A7F1DF738246}.Release|ARM.ActiveCfg = Release|ARM
		{818F6FF6-5834-41D8-A48F-A7F1DF738246}.Release|ARM.Build.0 = Release|ARM
		{818F6FF6-5834-41D8-A48F-A7F1DF738246}.Release|ARM64.ActiveCfg = Release|ARM64
		{818F6FF6-5834-41D8-A48F-A7F1DF738246}.Release|ARM64.Build.0 = Release|ARM64
		{818F6FF6-5834-41D8-A48F-A7F1DF738246}.Release|x64.ActiveCfg = Release|x64
		{818F6FF6-5834-41D8-A48F-A7F1DF738246}.Release|x64.Build.0 = Release|x64
		{818F6FF6-5834-41D8-A48F-A7F1DF738246}.Release|x86.ActiveCfg = Release|x86
		{818F6FF6-5834-41D8-A48F-A7F1DF738246}.Release|x86.Build.0 = Release|x86
		{C58C4925-7D40-4246-BE11-87FE7468BA73}.Debug|ARM.ActiveCfg = Debug|ARM
		{C58C4925-7D40-4246-BE11-87FE7468BA73}.Debug|ARM.Build.0 = Debug|ARM
		{C58C4925-7D40-4246-BE11-87FE7468BA73}.Debug|ARM.Deploy.0 = Debug|ARM
		{C58C4925-7D40-4246-BE11-87FE7468BA73}.Debug|ARM64.ActiveCfg = Debug|ARM64
		{C58C4925-7D40-4246-BE11-87FE7468BA73}.Debug|ARM64.Build.0 = Debug|ARM64
		{C58C4925-7D40-4246-BE11-87FE7468BA73}.Debug|ARM64.Deploy.0 = Debug|ARM64
		{C58C4925-7D40-4246-BE11-87FE7468BA73}.Debug|x64.ActiveCfg = Debug|x64
		{C58C4925-7D40-4246-BE11-87FE7468BA73}.Debug|x64.Build.0 = Debug|x64
		{C58C4925-7D40-4246-BE11-87FE7468BA73}.Debug|x64.Deploy.0 = Debug|x64
		{C58C4925-7D40-4246-BE11-87FE7468BA73}.Debug|x86.ActiveCfg = Debug|x86
		{C58C4925-7D40-4246-BE11-87FE7468BA73}.Debug|x86.Build.0 = Debug|x86
		{C58C4925-7D40-4246-BE11-87FE7468BA73}.Debug|x86.Deploy.0 = Debug|x86
		{C58C4925-7D40-4246-BE11-87FE7468BA73}.Release|ARM.ActiveCfg = Release|ARM
		{C58C4925-7D40-4246-BE11-87FE7468BA73}.Release|ARM.Build.0 = Release|ARM
		{C58C4925-7D40-4246-BE11-87FE7468BA73}.Release|ARM.Deploy.0 = Release|ARM
		{C58C4925-7D40-4246-BE11-87FE7468BA73}.Release|ARM64.ActiveCfg = Release|ARM64
		{C58C4925-7D40-4246-BE11-87FE7468BA73}.Release|ARM64.Build.0 = Release|ARM64
		{C58C4925-7D40-4246-BE11-87FE7468BA73}.Release|ARM64.Deploy.0 = Release|ARM64
		{C58C4925-7D40-4246-BE11-87FE7468BA73}.Release|x64.ActiveCfg = Release|x64
		{C58C4925-7D40-4246-BE11-87FE7468BA73}.Release|x64.Build.0 = Release|x64
		{C58C4925-7D40-4246-BE11-87FE7468BA73}.Release|x64.Deploy.0 = Release|x64
		{C58C4925-7D40-4246-BE11-87FE7468BA73}.Release|x86.ActiveCfg = Release|x86
		{C58C4925-7D40-4246-BE11-87FE7468BA73}.Release|x86.Build.0 = Release|x86
		{C58C4925-7D40-4246-BE11-87FE7468BA73}.Release|x86.Deploy.0 = Release|x86
		{DB3EC221-75CD-4562-81DF-79F261CAD1C1}.Debug|ARM.ActiveCfg = Debug|ARM
		{DB3EC221-75CD-4562-81DF-79F261CAD1C1}.Debug|ARM.Build.0 = Debug|ARM
		{DB3EC221-75CD-4562-81DF-79F261CAD1C1}.Debug|ARM64.ActiveCfg = Debug|ARM64
		{DB3EC221-75CD-4562-81DF-79F261CAD1C1}.Debug|ARM64.Build.0 = Debug|ARM64
		{DB3EC221-75CD-4562-81DF-79F261CAD1C1}.Debug|x64.ActiveCfg = Debug|x64
		{DB3EC221-75CD-4562-81DF-79F261CAD1C1}.Debug|x64.Build.0 = Debug|x64
		{DB3EC221-75CD-4562-81DF-79F261CAD1C1}.Debug|x86.ActiveCfg = Debug|x86
		{DB3EC221-75CD-4562-81DF-79F261CAD1C1}.Debug|x86.Build.0 = Debug|x86
		{DB3EC221-75CD-4562-81DF-79F261CAD1C1}.Release|ARM.ActiveCfg = Release|ARM
		{DB3EC221-75CD-4562-81DF-79F261CAD1C1}.Release|ARM.Build.0 = Release|ARM
		{DB3EC221-75CD-4562-81DF-79F261CAD1C1}.Release|ARM64.ActiveCfg = Release|ARM64
		{DB3EC221-75CD-4562-81DF-79F261CAD1C1}.Release|ARM64.Build.0 = Release|ARM64
		{DB3EC221-75CD-4562-81DF-79F261CAD1C1}.Release|x64.ActiveCfg = Release|x64
		{DB3EC221-75CD-4562-81DF-79F261CAD1C1}.Release|x64.Build.0 = Release|x64
		{DB3EC221-75CD-4562-81DF-79F261CAD1C1}.Release|x86.ActiveCfg = Release|x86
		{DB3EC221-75CD-4562-81DF-79F261CAD1C1}.Release|x86.Build.0 = Release|x86
		{697BAF7D-1C1B-4F20-B196-7CE10666C562}.Debug|ARM.ActiveCfg = Debug|ARM
		{697BAF7D-1C1B-4F20-B196-7CE10666C562}.Debug|ARM.Build.0 = Debug|ARM
		{697BAF7D-1C1B-4F20-B196-7CE10666C562}.Debug|ARM.Deploy.0 = Debug|ARM
		{697BAF7D-1C1B-4F20-B196-7CE10666C562}.Debug|ARM64.ActiveCfg = Debug|ARM64
		{697BAF7D-1C1B-4F20-B196-7CE10666C562}.Debug|ARM64.Build.0 = Debug|ARM64
		{697BAF7D-1C1B-4F20-B196-7CE10666C562}.Debug|ARM64.Deploy.0 = Debug|ARM64
		{697BAF7D-1C1B-4F20-B196-7CE10666C562}.Debug|x64.ActiveCfg = Debug|x64
		{697BAF7D-1C1B-4F20-B196-7CE10666C562}.Debug|x64.Build.0 = Debug|x64
		{697BAF7D-1C1B-4F20-B196-7CE10666C562}.Debug|x64.Deploy.0 = Debug|x64
		{697BAF7D-1C1B-4F20-B196-7CE10666C562}.Debug|x86.ActiveCfg = Debug|x86
		{697BAF7D-1C1B-4F20-B196-7CE10666C562}.Debug|x86.Build.0 = Debug|x86
		{697BAF7D-1C1B-4F20-B196-7CE10666C562}.Debug|x86.Deploy.0 = Debug|x86
		{697BAF7D-1C1B-4F20-B196-7CE10666C562}.Release|ARM.ActiveCfg = Release|ARM
		{697BAF7D-1C1B-4F20-B196-7CE10666C562}.Release|ARM.Build.0 = Release|ARM
		{697BAF7D-1C1B-4F20-B196-7CE10666C562}.Release|ARM.Deploy.0 = Release|ARM
		{697BAF7D-1C1B-4F20-B196-7CE10666C562}.Release|ARM64.ActiveCfg = Release|ARM64
		{697BAF7D-1C1B-4F20-B196-7CE10666C562}.Release|ARM64.Build.0 = Release|ARM64
		{697BAF7D-1C1B-4F20-B196-7CE10666C562}.Release|ARM64.Deploy.0 = Release|ARM64
		{697BAF7D-1C1B-4F20-B196-7CE10666C562}.Release|x64.ActiveCfg = Release|x64
		{697BAF7D-1C1B-4F20-B196-7CE10666C562}.Release|x64.Build.0 = Release|x64
		{697BAF7D-1C1B-4F20-B196-7CE10666C562}.Release|x64.Deploy.0 = Release|x64
		{697BAF7D-1C1B-4F20-B196-7CE10666C562}.Release|x86.ActiveCfg = Release|x86
		{697BAF7D-1C1B-4F20-B196-7CE10666C562}.Release|x86.Build.0 = Release|x86
		{697BAF7D-1C1B-4F20-B196-7CE10666C562}.Release|x86.Deploy.0 = Release|x86
		{AEAE55D4-B6D7-44BD-9741-5D565BD762D8}.Debug|ARM.ActiveCfg = Debug|ARM
		{AEAE55D4-B6D7-44BD-9741-5D565BD762D8}.Debug|ARM.Build.0 = Debug|ARM
		{AEAE55D4-B6D7-44BD-9741-5D565BD762D8}.Debug|ARM64.ActiveCfg = Debug|ARM64
		{AEAE55D4-B6D7-44BD-9741-5D565BD762D8}.Debug|ARM64.Build.0 = Debug|ARM64
		{AEAE55D4-B6D7-44BD-9741-5D565BD762D8}.Debug|x64.ActiveCfg = Debug|x64
		{AEAE55D4-B6D7-44BD-9741-5D565BD762D8}.Debug|x64.Build.0 = Debug|x64
		{AEAE55D4-B6D7-44BD-9741-5D565BD762D8}.Debug|x86.ActiveCfg = Debug|x86
		{AEAE55D4-B6D7-44BD-9741-5D565BD762D8}.Debug|x86.Build.0 = Debug|x86
		{AEAE55D4-B6D7-44BD-9741-5D565BD762D8}.Release|ARM.ActiveCfg = Release|ARM
		{AEAE55D4-B6D7-44BD-9741-5D565BD762D8}.Release|ARM.Build.0 = Release|ARM
		{AEAE55D4-B6D7-44BD-9741-5D565BD762D8}.Release|ARM64.ActiveCfg = Release|ARM64
		{AEAE55D4-B6D7-44BD-9741-5D565BD762D8}.Release|ARM64.Build.0 = Release|ARM64
		{AEAE55D4-B6D7-44BD-9741-5D565BD762D8}.Release|x64.ActiveCfg = Release|x64
		{AEAE55D4-B6D7-44BD-9741-5D565BD762D8}.Release|x64.Build.0 = Release|x64
		{AEAE55D4-B6D7-44BD-9741-5D565BD762D8}.Release|x86.ActiveCfg = Release|x86
		{AEAE55D4-B6D7-44BD-9741-5D565BD762D8}.Release|x86.Build.0 = Release|x86
		{440DDDE3-D2F7-4C22-A953-F0986A89780A}.Debug|ARM.ActiveCfg = Debug|ARM
		{440DDDE3-D2F7-4C22-A953-F0986A89780A}.Debug|ARM.Build.0 = Debug|ARM
		{440DDDE3-D2F7-4C22-A953-F0986A89780A}.Debug|ARM64.ActiveCfg = Debug|ARM64
		{440DDDE3-D2F7-4C22-A953-F0986A89780A}.Debug|ARM64.Build.0 = Debug|ARM64
		{440DDDE3-D2F7-4C22-A953-F0986A89780A}.Debug|x64.ActiveCfg = Debug|x64
		{440DDDE3-D2F7-4C22-A953-F0986A89780A}.Debug|x64.Build.0 = Debug|x64
		{440DDDE3-D2F7-4C22-A953-F0986A89780A}.Debug|x86.ActiveCfg = Debug|x86
		{440DDDE3-D2F7-4C22-A953-F0986A89780A}.Debug|x86.Build.0 = Debug|x86
		{440DDDE3-D2F7-4C22-A953-F0986A89780A}.Release|ARM.ActiveCfg = Release|ARM
		{440DDDE3-D2F7-4C22-A953-F0986A89780A}.Release|ARM.Build.0 = Release|ARM
		{440DDDE3-D2F7-4C22-A953-F0986A89780A}.Release|ARM64.ActiveCfg = Release|ARM64
		{440DDDE3-D2F7-4C22-A953-F0986A89780A}.Release|ARM64.Build.0 = Release|ARM64
		{440DDDE3-D2F7-4C22-A953-F0986A89780A}.Release|x64.ActiveCfg = Release|x64
		{440DDDE3-D2F7-4C22-A953-F0986A89780A}.Release|x64.Build.0 = Release|x64
		{440DDDE3-D2F7-4C22-A953-F0986A89780A}.Release|x86.ActiveCfg = Release|x86
		{440DDDE3-D2F7-4C22-A953-F0986A89780A}.Release|x86.Build.0 = Release|x86
		{082E22FC-89C4-455B-A711-F8AAFF1DF988}.Debug|ARM.ActiveCfg = Debug|ARM
		{082E22FC-89C4-455B-A711-F8AAFF1DF988}.Debug|ARM.Build.0 = Debug|ARM
		{082E22FC-89C4-455B-A711-F8AAFF1DF988}.Debug|ARM64.ActiveCfg = Debug|ARM64
		{082E22FC-89C4-455B-A711-F8AAFF1DF988}.Debug|ARM64.Build.0 = Debug|ARM64
		{082E22FC-89C4-455B-A711-F8AAFF1DF988}.Debug|x64.ActiveCfg = Debug|x64
		{082E22FC-89C4-455B-A711-F8AAFF1DF988}.Debug|x64.Build.0 = Debug|x64
		{082E22FC-89C4-455B-A711-F8AAFF1DF988}.Debug|x86.ActiveCfg = Debug|x86
		{082E22FC-89C4-455B-A711-F8AAFF1DF988}.Debug|x86.Build.0 = Debug|x86
		{082E22FC-89C4-455B-A711-F8AAFF1DF988}.Release|ARM.ActiveCfg = Release|ARM
		{082E22FC-89C4-455B-A711-F8AAFF1DF988}.Release|ARM.Build.0 = Release|ARM
		{082E22FC-89C4-455B-A711-F8AAFF1DF988}.Release|ARM64.ActiveCfg = Release|ARM64
		{082E22FC-89C4-455B-A711-F8AAFF1DF988}.Release|ARM64.Build.0 = Release|ARM64
		{082E22FC-89C4-455B-A711-F8AAFF1DF988}.Release|x64.ActiveCfg = Release|x64
		{082E22FC-89C4-455B-A711-F8AAFF1DF988}.Release|x64.Build.0 = Release|x64
		{082E22FC-89C4-455B-A711-F8AAFF1DF988}.Release|x86.ActiveCfg = Release|x86
		{082E22FC-89C4-455B-A711-F8AAFF1DF988}.Release|x86.Build.0 = Release|x86
		{867F52F6-91BC-42F7-B007-FACA58EEDE5E}.Debug|ARM.ActiveCfg = Debug|ARM
		{867F52F6-91BC-42F7-B007-FACA58EEDE5E}.Debug|ARM.Build.0 = Debug|ARM
		{867F52F6-91BC-42F7-B007-FACA58EEDE5E}.Debug|ARM64.ActiveCfg = Debug|ARM64
		{867F52F6-91BC-42F7-B007-FACA58EEDE5E}.Debug|ARM64.Build.0 = Debug|ARM64
		{867F52F6-91BC-42F7-B007-FACA58EEDE5E}.Debug|x64.ActiveCfg = Debug|x64
		{867F52F6-91BC-42F7-B007-FACA58EEDE5E}.Debug|x64.Build.0 = Debug|x64
		{867F52F6-91BC-42F7-B007-FACA58EEDE5E}.Debug|x86.ActiveCfg = Debug|x86
		{867F52F6-91BC-42F7-B007-FACA58EEDE5E}.Debug|x86.Build.0 = Debug|x86
		{867F52F6-91BC-42F7-B007-FACA58EEDE5E}.Release|ARM.ActiveCfg = Release|ARM
		{867F52F6-91BC-42F7-B007-FACA58EEDE5E}.Release|ARM.Build.0 = Release|ARM
		{867F52F6-91BC-42F7-B007-FACA58EEDE5E}.Release|ARM64.ActiveCfg = Release|ARM64
		{867F52F6-91BC-42F7-B007-FACA58EEDE5E}.Release|ARM64.Build.0 = Release|ARM64
		{867F52F6-91BC-42F7-B007-FACA58EEDE5E}.Release|x64.ActiveCfg = Release|x64
		{867F52F6-91BC-42F7-B007-FACA58EEDE5E}.Release|x64.Build.0 = Release|x64
		{867F52F6-91BC-42F7-B007-FACA58EEDE5E}.Release|x86.ActiveCfg = Release|x86
		{867F52F6-91BC-42F7-B007-FACA58EEDE5E}.Release|x86.Build.0 = Release|x86
		{2DD77278-05E3-4170-B779-EC21D49CCB45}.Debug|ARM.ActiveCfg = Debug|ARM
		{2DD77278-05E3-4170-B779-EC21D49CCB45}.Debug|ARM.Build.0 = Debug|ARM
		{2DD77278-05E3-4170-B779-EC21D49CCB45}.Debug|ARM.Deploy.0 = Debug|ARM
		{2DD77278-05E3-4170-B779-EC21D49CCB45}.Debug|ARM64.ActiveCfg = Debug|ARM64
		{2DD77278-05E3-4170-B779-EC21D49CCB45}.Debug|ARM64.Build.0 = Debug|ARM64
		{2DD77278-05E3-4170-B779-EC21D49CCB45}.Debug|ARM64.Deploy.0 = Debug|ARM64
		{2DD77278-05E3-4170-B779-EC21D49CCB45}.Debug|x64.ActiveCfg = Debug|x64
		{2DD77278-05E3-4170-B779-EC21D49CCB45}.Debug|x64.Build.0 = Debug|x64
		{2DD77278-05E3-4170-B779-EC21D49CCB45}.Debug|x64.Deploy.0 = Debug|x64
		{2DD77278-05E3-4170-B779-EC21D49CCB45}.Debug|x86.ActiveCfg = Debug|x86
		{2DD77278-05E3-4170-B779-EC21D49CCB45}.Debug|x86.Build.0 = Debug|x86
		{2DD77278-05E3-4170-B779-EC21D49CCB45}.Debug|x86.Deploy.0 = Debug|x86
		{2DD77278-05E3-4170-B779-EC21D49CCB45}.Release|ARM.ActiveCfg = Release|ARM
		{2DD77278-05E3-4170-B779-EC21D49CCB45}.Release|ARM.Build.0 = Release|ARM
		{2DD77278-05E3-4170-B779-EC21D49CCB45}.Release|ARM.Deploy.0 = Release|ARM
		{2DD77278-05E3-4170-B779-EC21D49CCB45}.Release|ARM64.ActiveCfg = Release|ARM64
		{2DD77278-05E3-4170-B779-EC21D49CCB45}.Release|ARM64.Build.0 = Release|ARM64
		{2DD77278-05E3-4170-B779-EC21D49CCB45}.Release|ARM64.Deploy.0 = Release|ARM64
		{2DD77278-05E3-4170-B779-EC21D49CCB45}.Release|x64.ActiveCfg = Release|x64
		{2DD77278-05E3-4170-B779-EC21D49CCB45}.Release|x64.Build.0 = Release|x64
		{2DD77278-05E3-4170-B779-EC21D49CCB45}.Release|x64.Deploy.0 = Release|x64
		{2DD77278-05E3-4170-B779-EC21D49CCB45}.Release|x86.ActiveCfg = Release|x86
		{2DD77278-05E3-4170-B779-EC21D49CCB45}.Release|x86.Build.0 = Release|x86
		{2DD77278-05E3-4170-B779-EC21D49CCB45}.Release|x86.Deploy.0 = Release|x86
		{E07F27BC-D979-4BB2-9E8B-70572F65C2D3}.Debug|ARM.ActiveCfg = Debug|ARM
		{E07F27BC-D979-4BB2-9E8B-70572F65C2D3}.Debug|ARM.Build.0 = Debug|ARM
		{E07F27BC-D979-4BB2-9E8B-70572F65C2D3}.Debug|ARM.Deploy.0 = Debug|ARM
		{E07F27BC-D979-4BB2-9E8B-70572F65C2D3}.Debug|ARM64.ActiveCfg = Debug|ARM64
		{E07F27BC-D979-4BB2-9E8B-70572F65C2D3}.Debug|ARM64.Build.0 = Debug|ARM64
		{E07F27BC-D979-4BB2-9E8B-70572F65C2D3}.Debug|ARM64.Deploy.0 = Debug|ARM64
		{E07F27BC-D979-4BB2-9E8B-70572F65C2D3}.Debug|x64.ActiveCfg = Debug|x64
		{E07F27BC-D979-4BB2-9E8B-70572F65C2D3}.Debug|x64.Build.0 = Debug|x64
		{E07F27BC-D979-4BB2-9E8B-70572F65C2D3}.Debug|x64.Deploy.0 = Debug|x64
		{E07F27BC-D979-4BB2-9E8B-70572F65C2D3}.Debug|x86.ActiveCfg = Debug|x86
		{E07F27BC-D979-4BB2-9E8B-70572F65C2D3}.Debug|x86.Build.0 = Debug|x86
		{E07F27BC-D979-4BB2-9E8B-70572F65C2D3}.Debug|x86.Deploy.0 = Debug|x86
		{E07F27BC-D979-4BB2-9E8B-70572F65C2D3}.Release|ARM.ActiveCfg = Release|ARM
		{E07F27BC-D979-4BB2-9E8B-70572F65C2D3}.Release|ARM.Build.0 = Release|ARM
		{E07F27BC-D979-4BB2-9E8B-70572F65C2D3}.Release|ARM.Deploy.0 = Release|ARM
		{E07F27BC-D979-4BB2-9E8B-70572F65C2D3}.Release|ARM64.ActiveCfg = Release|ARM64
		{E07F27BC-D979-4BB2-9E8B-70572F65C2D3}.Release|ARM64.Build.0 = Release|ARM64
		{E07F27BC-D979-4BB2-9E8B-70572F65C2D3}.Release|ARM64.Deploy.0 = Release|ARM64
		{E07F27BC-D979-4BB2-9E8B-70572F65C2D3}.Release|x64.ActiveCfg = Release|x64
		{E07F27BC-D979-4BB2-9E8B-70572F65C2D3}.Release|x64.Build.0 = Release|x64
		{E07F27BC-D979-4BB2-9E8B-70572F65C2D3}.Release|x64.Deploy.0 = Release|x64
		{E07F27BC-D979-4BB2-9E8B-70572F65C2D3}.Release|x86.ActiveCfg = Release|x86
		{E07F27BC-D979-4BB2-9E8B-70572F65C2D3}.Release|x86.Build.0 = Release|x86
		{E07F27BC-D979-4BB2-9E8B-70572F65C2D3}.Release|x86.Deploy.0 = Release|x86
		{6FC6BA43-D6B7-4B7A-B02F-B67BA6FE3673}.Debug|ARM.ActiveCfg = Debug|ARM
		{6FC6BA43-D6B7-4B7A-B02F-B67BA6FE3673}.Debug|ARM.Build.0 = Debug|ARM
		{6FC6BA43-D6B7-4B7A-B02F-B67BA6FE3673}.Debug|ARM.Deploy.0 = Debug|ARM
		{6FC6BA43-D6B7-4B7A-B02F-B67BA6FE3673}.Debug|ARM64.ActiveCfg = Debug|ARM64
		{6FC6BA43-D6B7-4B7A-B02F-B67BA6FE3673}.Debug|ARM64.Build.0 = Debug|ARM64
		{6FC6BA43-D6B7-4B7A-B02F-B67BA6FE3673}.Debug|ARM64.Deploy.0 = Debug|ARM64
		{6FC6BA43-D6B7-4B7A-B02F-B67BA6FE3673}.Debug|x64.ActiveCfg = Debug|x64
		{6FC6BA43-D6B7-4B7A-B02F-B67BA6FE3673}.Debug|x64.Build.0 = Debug|x64
		{6FC6BA43-D6B7-4B7A-B02F-B67BA6FE3673}.Debug|x64.Deploy.0 = Debug|x64
		{6FC6BA43-D6B7-4B7A-B02F-B67BA6FE3673}.Debug|x86.ActiveCfg = Debug|x86
		{6FC6BA43-D6B7-4B7A-B02F-B67BA6FE3673}.Debug|x86.Build.0 = Debug|x86
		{6FC6BA43-D6B7-4B7A-B02F-B67BA6FE3673}.Debug|x86.Deploy.0 = Debug|x86
		{6FC6BA43-D6B7-4B7A-B02F-B67BA6FE3673}.Release|ARM.ActiveCfg = Release|ARM
		{6FC6BA43-D6B7-4B7A-B02F-B67BA6FE3673}.Release|ARM.Build.0 = Release|ARM
		{6FC6BA43-D6B7-4B7A-B02F-B67BA6FE3673}.Release|ARM.Deploy.0 = Release|ARM
		{6FC6BA43-D6B7-4B7A-B02F-B67BA6FE3673}.Release|ARM64.ActiveCfg = Release|ARM64
		{6FC6BA43-D6B7-4B7A-B02F-B67BA6FE3673}.Release|ARM64.Build.0 = Release|ARM64
		{6FC6BA43-D6B7-4B7A-B02F-B67BA6FE3673}.Release|ARM64.Deploy.0 = Release|ARM64
		{6FC6BA43-D6B7-4B7A-B02F-B67BA6FE3673}.Release|x64.ActiveCfg = Release|x64
		{6FC6BA43-D6B7-4B7A-B02F-B67BA6FE3673}.Release|x64.Build.0 = Release|x64
		{6FC6BA43-D6B7-4B7A-B02F-B67BA6FE3673}.Release|x64.Deploy.0 = Release|x64
		{6FC6BA43-D6B7-4B7A-B02F-B67BA6FE3673}.Release|x86.ActiveCfg = Release|x86
		{6FC6BA43-D6B7-4B7A-B02F-B67BA6FE3673}.Release|x86.Build.0 = Release|x86
		{6FC6BA43-D6B7-4B7A-B02F-B67BA6FE3673}.Release|x86.Deploy.0 = Release|x86
		{4BA60172-8C4E-4109-9962-C7E27B47565B}.Debug|ARM.ActiveCfg = Debug|ARM
		{4BA60172-8C4E-4109-9962-C7E27B47565B}.Debug|ARM.Build.0 = Debug|ARM
		{4BA60172-8C4E-4109-9962-C7E27B47565B}.Debug|ARM.Deploy.0 = Debug|ARM
		{4BA60172-8C4E-4109-9962-C7E27B47565B}.Debug|ARM64.ActiveCfg = Debug|ARM64
		{4BA60172-8C4E-4109-9962-C7E27B47565B}.Debug|ARM64.Build.0 = Debug|ARM64
		{4BA60172-8C4E-4109-9962-C7E27B47565B}.Debug|ARM64.Deploy.0 = Debug|ARM64
		{4BA60172-8C4E-4109-9962-C7E27B47565B}.Debug|x64.ActiveCfg = Debug|x64
		{4BA60172-8C4E-4109-9962-C7E27B47565B}.Debug|x64.Build.0 = Debug|x64
		{4BA60172-8C4E-4109-9962-C7E27B47565B}.Debug|x64.Deploy.0 = Debug|x64
		{4BA60172-8C4E-4109-9962-C7E27B47565B}.Debug|x86.ActiveCfg = Debug|x86
		{4BA60172-8C4E-4109-9962-C7E27B47565B}.Debug|x86.Build.0 = Debug|x86
		{4BA60172-8C4E-4109-9962-C7E27B47565B}.Debug|x86.Deploy.0 = Debug|x86
		{4BA60172-8C4E-4109-9962-C7E27B47565B}.Release|ARM.ActiveCfg = Release|ARM
		{4BA60172-8C4E-4109-9962-C7E27B47565B}.Release|ARM.Build.0 = Release|ARM
		{4BA60172-8C4E-4109-9962-C7E27B47565B}.Release|ARM.Deploy.0 = Release|ARM
		{4BA60172-8C4E-4109-9962-C7E27B47565B}.Release|ARM64.ActiveCfg = Release|ARM64
		{4BA60172-8C4E-4109-9962-C7E27B47565B}.Release|ARM64.Build.0 = Release|ARM64
		{4BA60172-8C4E-4109-9962-C7E27B47565B}.Release|ARM64.Deploy.0 = Release|ARM64
		{4BA60172-8C4E-4109-9962-C7E27B47565B}.Release|x64.ActiveCfg = Release|x64
		{4BA60172-8C4E-4109-9962-C7E27B47565B}.Release|x64.Build.0 = Release|x64
		{4BA60172-8C4E-4109-9962-C7E27B47565B}.Release|x64.Deploy.0 = Release|x64
		{4BA60172-8C4E-4109-9962-C7E27B47565B}.Release|x86.ActiveCfg = Release|x86
		{4BA60172-8C4E-4109-9962-C7E27B47565B}.Release|x86.Build.0 = Release|x86
		{4BA60172-8C4E-4109-9962-C7E27B47565B}.Release|x86.Deploy.0 = Release|x86
	EndGlobalSection
	GlobalSection(SolutionProperties) = preSolution
		HideSolutionNode = FALSE
	EndGlobalSection
	GlobalSection(NestedProjects) = preSolution
		{418A0855-A6DE-4E98-969D-1E98D1A76066} = {104D7E8B-A013-4238-BFB2-8F4D251A6CC7}
		{C92AA3B0-F865-43B5-9873-4B2F3EB65B14} = {104D7E8B-A013-4238-BFB2-8F4D251A6CC7}
		{EF51F0D5-F792-448D-97D8-58CE24D52E0E} = {0B9BAA5B-83C1-476E-8695-212E07F5C16A}
		{759A33EF-5FBE-46F6-BDAF-21FA86C0AEE5} = {0B9BAA5B-83C1-476E-8695-212E07F5C16A}
		{974479DE-6D19-41B8-A325-21D21C17D716} = {6B7505E2-17EC-4852-9F8D-33F40ED736B5}
		{02485360-66D7-40AB-971D-6E341A15B464} = {6B7505E2-17EC-4852-9F8D-33F40ED736B5}
		{818F6FF6-5834-41D8-A48F-A7F1DF738246} = {A2670AA9-E748-43FB-BC5F-39E6304C5AF9}
		{C58C4925-7D40-4246-BE11-87FE7468BA73} = {A2670AA9-E748-43FB-BC5F-39E6304C5AF9}
		{DB3EC221-75CD-4562-81DF-79F261CAD1C1} = {9527168D-D5F5-40CE-AE55-E0E88AB79477}
		{697BAF7D-1C1B-4F20-B196-7CE10666C562} = {9527168D-D5F5-40CE-AE55-E0E88AB79477}
		{AEAE55D4-B6D7-44BD-9741-5D565BD762D8} = {9AE64EE5-136F-4D3B-A769-3DA44945A3F1}
		{440DDDE3-D2F7-4C22-A953-F0986A89780A} = {9C6695A1-4CF2-49A3-829A-5DB3681DD170}
		{082E22FC-89C4-455B-A711-F8AAFF1DF988} = {11855263-A931-40F7-B473-ADD4CE825191}
		{867F52F6-91BC-42F7-B007-FACA58EEDE5E} = {F3775360-D401-407E-9BCC-E4155DBEAE8A}
		{2DD77278-05E3-4170-B779-EC21D49CCB45} = {F3775360-D401-407E-9BCC-E4155DBEAE8A}
		{E07F27BC-D979-4BB2-9E8B-70572F65C2D3} = {11855263-A931-40F7-B473-ADD4CE825191}
		{6FC6BA43-D6B7-4B7A-B02F-B67BA6FE3673} = {9C6695A1-4CF2-49A3-829A-5DB3681DD170}
		{4BA60172-8C4E-4109-9962-C7E27B47565B} = {9AE64EE5-136F-4D3B-A769-3DA44945A3F1}
	EndGlobalSection
	GlobalSection(ExtensibilityGlobals) = postSolution
		SolutionGuid = {7F752A0F-B777-4AC1-B740-6BF9C9BC1F8D}
	EndGlobalSection
EndGlobal
