
Microsoft Visual Studio Solution File, Format Version 12.00
# Visual Studio Version 17
VisualStudioVersion = 17.12.35707.178
MinimumVisualStudioVersion = 10.0.40219.1
Project("{8BC9CEB8-8B4A-11D0-8D11-00A0C91BC942}") = "LinuxWoma004", "CoreEngine_004_SYSTEMMANAGER_TIMER_FPS_MATH\LinuxWoma\LinuxWoma004.vcxproj", "{7AC67AC1-FDA5-4981-9649-7EC7E1E08C2D}"
EndProject
Project("{8BC9CEB8-8B4A-11D0-8D11-00A0C91BC942}") = "LinuxWoma000", "CoreEngine_000_OSENGINE_SYSTEM\LinuxWoma\LinuxWoma000.vcxproj", "{D5EEA241-7EA4-47BA-96D3-8DD236932C7A}"
EndProject
Project("{8BC9CEB8-8B4A-11D0-8D11-00A0C91BC942}") = "LinuxWoma001", "CoreEngine_001_LANG_LOG_MEMLEAKs_OSMAINDIRs\LinuxWoma\LinuxWoma001.vcxproj", "{7EC63F23-F336-4A80-9089-1DF523A6D3E7}"
EndProject
Project("{8BC9CEB8-8B4A-11D0-8D11-00A0C91BC942}") = "LinuxWoma002", "CoreEngine_002_MAINWINDOW_EVENTS\LinuxWoma\LinuxWoma002.vcxproj", "{0A32D4F7-9501-45C5-9A78-D814C1487716}"
EndProject
Project("{8BC9CEB8-8B4A-11D0-8D11-00A0C91BC942}") = "LinuxWoma005", "CoreEngine_005_PAINT_SETTINGS_XML\LinuxWoma\LinuxWoma005.vcxproj", "{2D393C26-D2D8-4C0A-9538-A584E75957C0}"
EndProject
Project("{8BC9CEB8-8B4A-11D0-8D11-00A0C91BC942}") = "LinuxWoma006", "CoreEngine_006_PACKMANAGER_IDEA_CPU_BENCHMARK\LinuxWoma\LinuxWoma006.vcxproj", "{870CA34E-95DA-43C3-A299-25DE1833530C}"
EndProject
Project("{8BC9CEB8-8B4A-11D0-8D11-00A0C91BC942}") = "LinuxWoma007", "CoreEngine_007_PAINT_REALTIMECELESTIAL_ASTROCLASS\LinuxWoma\LinuxWoma007.vcxproj", "{2397914C-D132-4627-A933-62BD3669E240}"
EndProject
Project("{8BC9CEB8-8B4A-11D0-8D11-00A0C91BC942}") = "LinuxWoma008", "CoreEngine_008_PAINT_REALTIME_GPS_MAP_LOCATION\LinuxWoma\LinuxWoma008.vcxproj", "{2DF8D57F-ACE8-4C34-9A8A-A2CAE3F1C9A3}"
EndProject
Project("{8BC9CEB8-8B4A-11D0-8D11-00A0C91BC942}") = "LinuxWoma009", "CoreEngine_009_PAINT_METAR_WEATHER_REALTIME\LinuxWoma\LinuxWoma009.vcxproj", "{7D1FA5A2-26EE-44F2-8D6C-F931F076440A}"
EndProject
Project("{8BC9CEB8-8B4A-11D0-8D11-00A0C91BC942}") = "LinuxWoma019", "DXENGINE_019\LinuxWoma\LinuxWoma019.vcxproj", "{59A9B14E-E210-4CC3-B36E-4EE9F6A64C65}"
EndProject
Project("{8BC9CEB8-8B4A-11D0-8D11-00A0C91BC942}") = "LinuxWoma020", "DXENGINE_020\LinuxWoma\LinuxWoma020.vcxproj", "{347C4A71-1EE9-4F9D-A83E-FC10784B9BBF}"
EndProject
Project("{8BC9CEB8-8B4A-11D0-8D11-00A0C91BC942}") = "LinuxWoma021", "DXENGINE_021\LinuxWoma\LinuxWoma021.vcxproj", "{8C43833A-4C3E-47C7-B4A7-217D940C0C01}"
EndProject
Project("{8BC9CEB8-8B4A-11D0-8D11-00A0C91BC942}") = "LinuxWoma022", "DXENGINE_022\LinuxWoma\LinuxWoma022.vcxproj", "{3BC330ED-099C-45ED-80B6-4B4A6000FF56}"
EndProject
Project("{8BC9CEB8-8B4A-11D0-8D11-00A0C91BC942}") = "LinuxWoma023", "DXENGINE_023\LinuxWoma\LinuxWoma023.vcxproj", "{29928090-CD1D-481B-BB8A-A342254ADE83}"
EndProject
Project("{8BC9CEB8-8B4A-11D0-8D11-00A0C91BC942}") = "LinuxWoma024", "DXENGINE_024\LinuxWoma\LinuxWoma024.vcxproj", "{5EB50CAB-7605-4930-A5F3-DC4EB53868F6}"
EndProject
Project("{8BC9CEB8-8B4A-11D0-8D11-00A0C91BC942}") = "LinuxWoma026", "DXENGINE_026\LinuxWoma\LinuxWoma026.vcxproj", "{AD0AD498-0E25-4DCA-A09D-ED55FFF4A48C}"
EndProject
Project("{8BC9CEB8-8B4A-11D0-8D11-00A0C91BC942}") = "LinuxWoma027", "DXENGINE_027\LinuxWoma\LinuxWoma027.vcxproj", "{FE792AEA-F294-48F8-8D8D-194E7BEF1A1A}"
EndProject
Project("{8BC9CEB8-8B4A-11D0-8D11-00A0C91BC942}") = "LinuxWoma028", "DXENGINE_028\LinuxWoma\LinuxWoma028.vcxproj", "{3C93200B-9E8E-41DE-9E51-DE3FD6D53C37}"
EndProject
Global
	GlobalSection(SolutionConfigurationPlatforms) = preSolution
		Debug|ARM = Debug|ARM
		Debug|ARM64 = Debug|ARM64
		Debug|x64 = Debug|x64
		Debug|x86 = Debug|x86
		Release|ARM = Release|ARM
		Release|ARM64 = Release|ARM64
		Release|x64 = Release|x64
		Release|x86 = Release|x86
	EndGlobalSection
	GlobalSection(ProjectConfigurationPlatforms) = postSolution
		{7AC67AC1-FDA5-4981-9649-7EC7E1E08C2D}.Debug|ARM.ActiveCfg = Debug|x64
		{7AC67AC1-FDA5-4981-9649-7EC7E1E08C2D}.Debug|ARM64.ActiveCfg = Debug|x64
		{7AC67AC1-FDA5-4981-9649-7EC7E1E08C2D}.Debug|x64.ActiveCfg = Debug|x64
		{7AC67AC1-FDA5-4981-9649-7EC7E1E08C2D}.Debug|x64.Build.0 = Debug|x64
		{7AC67AC1-FDA5-4981-9649-7EC7E1E08C2D}.Debug|x86.ActiveCfg = Debug|x64
		{7AC67AC1-FDA5-4981-9649-7EC7E1E08C2D}.Release|ARM.ActiveCfg = Release|x64
		{7AC67AC1-FDA5-4981-9649-7EC7E1E08C2D}.Release|ARM64.ActiveCfg = Release|x64
		{7AC67AC1-FDA5-4981-9649-7EC7E1E08C2D}.Release|x64.ActiveCfg = Release|x64
		{7AC67AC1-FDA5-4981-9649-7EC7E1E08C2D}.Release|x64.Build.0 = Release|x64
		{7AC67AC1-FDA5-4981-9649-7EC7E1E08C2D}.Release|x86.ActiveCfg = Release|x64
		{D5EEA241-7EA4-47BA-96D3-8DD236932C7A}.Debug|ARM.ActiveCfg = Debug|x64
		{D5EEA241-7EA4-47BA-96D3-8DD236932C7A}.Debug|ARM.Build.0 = Debug|x64
		{D5EEA241-7EA4-47BA-96D3-8DD236932C7A}.Debug|ARM.Deploy.0 = Debug|x64
		{D5EEA241-7EA4-47BA-96D3-8DD236932C7A}.Debug|ARM64.ActiveCfg = Debug|x64
		{D5EEA241-7EA4-47BA-96D3-8DD236932C7A}.Debug|ARM64.Build.0 = Debug|x64
		{D5EEA241-7EA4-47BA-96D3-8DD236932C7A}.Debug|ARM64.Deploy.0 = Debug|x64
		{D5EEA241-7EA4-47BA-96D3-8DD236932C7A}.Debug|x64.ActiveCfg = Debug|x64
		{D5EEA241-7EA4-47BA-96D3-8DD236932C7A}.Debug|x64.Build.0 = Debug|x64
		{D5EEA241-7EA4-47BA-96D3-8DD236932C7A}.Debug|x64.Deploy.0 = Debug|x64
		{D5EEA241-7EA4-47BA-96D3-8DD236932C7A}.Debug|x86.ActiveCfg = Debug|x64
		{D5EEA241-7EA4-47BA-96D3-8DD236932C7A}.Debug|x86.Build.0 = Debug|x64
		{D5EEA241-7EA4-47BA-96D3-8DD236932C7A}.Debug|x86.Deploy.0 = Debug|x64
		{D5EEA241-7EA4-47BA-96D3-8DD236932C7A}.Release|ARM.ActiveCfg = Release|x64
		{D5EEA241-7EA4-47BA-96D3-8DD236932C7A}.Release|ARM.Build.0 = Release|x64
		{D5EEA241-7EA4-47BA-96D3-8DD236932C7A}.Release|ARM.Deploy.0 = Release|x64
		{D5EEA241-7EA4-47BA-96D3-8DD236932C7A}.Release|ARM64.ActiveCfg = Release|x64
		{D5EEA241-7EA4-47BA-96D3-8DD236932C7A}.Release|ARM64.Build.0 = Release|x64
		{D5EEA241-7EA4-47BA-96D3-8DD236932C7A}.Release|ARM64.Deploy.0 = Release|x64
		{D5EEA241-7EA4-47BA-96D3-8DD236932C7A}.Release|x64.ActiveCfg = Release|x64
		{D5EEA241-7EA4-47BA-96D3-8DD236932C7A}.Release|x64.Build.0 = Release|x64
		{D5EEA241-7EA4-47BA-96D3-8DD236932C7A}.Release|x64.Deploy.0 = Release|x64
		{D5EEA241-7EA4-47BA-96D3-8DD236932C7A}.Release|x86.ActiveCfg = Release|x64
		{D5EEA241-7EA4-47BA-96D3-8DD236932C7A}.Release|x86.Build.0 = Release|x64
		{D5EEA241-7EA4-47BA-96D3-8DD236932C7A}.Release|x86.Deploy.0 = Release|x64
		{7EC63F23-F336-4A80-9089-1DF523A6D3E7}.Debug|ARM.ActiveCfg = Debug|x64
		{7EC63F23-F336-4A80-9089-1DF523A6D3E7}.Debug|ARM.Build.0 = Debug|x64
		{7EC63F23-F336-4A80-9089-1DF523A6D3E7}.Debug|ARM.Deploy.0 = Debug|x64
		{7EC63F23-F336-4A80-9089-1DF523A6D3E7}.Debug|ARM64.ActiveCfg = Debug|x64
		{7EC63F23-F336-4A80-9089-1DF523A6D3E7}.Debug|ARM64.Build.0 = Debug|x64
		{7EC63F23-F336-4A80-9089-1DF523A6D3E7}.Debug|ARM64.Deploy.0 = Debug|x64
		{7EC63F23-F336-4A80-9089-1DF523A6D3E7}.Debug|x64.ActiveCfg = Debug|x64
		{7EC63F23-F336-4A80-9089-1DF523A6D3E7}.Debug|x64.Build.0 = Debug|x64
		{7EC63F23-F336-4A80-9089-1DF523A6D3E7}.Debug|x64.Deploy.0 = Debug|x64
		{7EC63F23-F336-4A80-9089-1DF523A6D3E7}.Debug|x86.ActiveCfg = Debug|x64
		{7EC63F23-F336-4A80-9089-1DF523A6D3E7}.Debug|x86.Build.0 = Debug|x64
		{7EC63F23-F336-4A80-9089-1DF523A6D3E7}.Debug|x86.Deploy.0 = Debug|x64
		{7EC63F23-F336-4A80-9089-1DF523A6D3E7}.Release|ARM.ActiveCfg = Release|x64
		{7EC63F23-F336-4A80-9089-1DF523A6D3E7}.Release|ARM.Build.0 = Release|x64
		{7EC63F23-F336-4A80-9089-1DF523A6D3E7}.Release|ARM.Deploy.0 = Release|x64
		{7EC63F23-F336-4A80-9089-1DF523A6D3E7}.Release|ARM64.ActiveCfg = Release|x64
		{7EC63F23-F336-4A80-9089-1DF523A6D3E7}.Release|ARM64.Build.0 = Release|x64
		{7EC63F23-F336-4A80-9089-1DF523A6D3E7}.Release|ARM64.Deploy.0 = Release|x64
		{7EC63F23-F336-4A80-9089-1DF523A6D3E7}.Release|x64.ActiveCfg = Release|x64
		{7EC63F23-F336-4A80-9089-1DF523A6D3E7}.Release|x64.Build.0 = Release|x64
		{7EC63F23-F336-4A80-9089-1DF523A6D3E7}.Release|x64.Deploy.0 = Release|x64
		{7EC63F23-F336-4A80-9089-1DF523A6D3E7}.Release|x86.ActiveCfg = Release|x64
		{7EC63F23-F336-4A80-9089-1DF523A6D3E7}.Release|x86.Build.0 = Release|x64
		{7EC63F23-F336-4A80-9089-1DF523A6D3E7}.Release|x86.Deploy.0 = Release|x64
		{0A32D4F7-9501-45C5-9A78-D814C1487716}.Debug|ARM.ActiveCfg = Debug|x64
		{0A32D4F7-9501-45C5-9A78-D814C1487716}.Debug|ARM.Build.0 = Debug|x64
		{0A32D4F7-9501-45C5-9A78-D814C1487716}.Debug|ARM.Deploy.0 = Debug|x64
		{0A32D4F7-9501-45C5-9A78-D814C1487716}.Debug|ARM64.ActiveCfg = Debug|x64
		{0A32D4F7-9501-45C5-9A78-D814C1487716}.Debug|ARM64.Build.0 = Debug|x64
		{0A32D4F7-9501-45C5-9A78-D814C1487716}.Debug|ARM64.Deploy.0 = Debug|x64
		{0A32D4F7-9501-45C5-9A78-D814C1487716}.Debug|x64.ActiveCfg = Debug|x64
		{0A32D4F7-9501-45C5-9A78-D814C1487716}.Debug|x64.Build.0 = Debug|x64
		{0A32D4F7-9501-45C5-9A78-D814C1487716}.Debug|x64.Deploy.0 = Debug|x64
		{0A32D4F7-9501-45C5-9A78-D814C1487716}.Debug|x86.ActiveCfg = Debug|x64
		{0A32D4F7-9501-45C5-9A78-D814C1487716}.Debug|x86.Build.0 = Debug|x64
		{0A32D4F7-9501-45C5-9A78-D814C1487716}.Debug|x86.Deploy.0 = Debug|x64
		{0A32D4F7-9501-45C5-9A78-D814C1487716}.Release|ARM.ActiveCfg = Release|x64
		{0A32D4F7-9501-45C5-9A78-D814C1487716}.Release|ARM.Build.0 = Release|x64
		{0A32D4F7-9501-45C5-9A78-D814C1487716}.Release|ARM.Deploy.0 = Release|x64
		{0A32D4F7-9501-45C5-9A78-D814C1487716}.Release|ARM64.ActiveCfg = Release|x64
		{0A32D4F7-9501-45C5-9A78-D814C1487716}.Release|ARM64.Build.0 = Release|x64
		{0A32D4F7-9501-45C5-9A78-D814C1487716}.Release|ARM64.Deploy.0 = Release|x64
		{0A32D4F7-9501-45C5-9A78-D814C1487716}.Release|x64.ActiveCfg = Release|x64
		{0A32D4F7-9501-45C5-9A78-D814C1487716}.Release|x64.Build.0 = Release|x64
		{0A32D4F7-9501-45C5-9A78-D814C1487716}.Release|x64.Deploy.0 = Release|x64
		{0A32D4F7-9501-45C5-9A78-D814C1487716}.Release|x86.ActiveCfg = Release|x64
		{0A32D4F7-9501-45C5-9A78-D814C1487716}.Release|x86.Build.0 = Release|x64
		{0A32D4F7-9501-45C5-9A78-D814C1487716}.Release|x86.Deploy.0 = Release|x64
		{2D393C26-D2D8-4C0A-9538-A584E75957C0}.Debug|ARM.ActiveCfg = Debug|x64
		{2D393C26-D2D8-4C0A-9538-A584E75957C0}.Debug|ARM.Build.0 = Debug|x64
		{2D393C26-D2D8-4C0A-9538-A584E75957C0}.Debug|ARM.Deploy.0 = Debug|x64
		{2D393C26-D2D8-4C0A-9538-A584E75957C0}.Debug|ARM64.ActiveCfg = Debug|x64
		{2D393C26-D2D8-4C0A-9538-A584E75957C0}.Debug|ARM64.Build.0 = Debug|x64
		{2D393C26-D2D8-4C0A-9538-A584E75957C0}.Debug|ARM64.Deploy.0 = Debug|x64
		{2D393C26-D2D8-4C0A-9538-A584E75957C0}.Debug|x64.ActiveCfg = Debug|x64
		{2D393C26-D2D8-4C0A-9538-A584E75957C0}.Debug|x64.Build.0 = Debug|x64
		{2D393C26-D2D8-4C0A-9538-A584E75957C0}.Debug|x64.Deploy.0 = Debug|x64
		{2D393C26-D2D8-4C0A-9538-A584E75957C0}.Debug|x86.ActiveCfg = Debug|x64
		{2D393C26-D2D8-4C0A-9538-A584E75957C0}.Debug|x86.Build.0 = Debug|x64
		{2D393C26-D2D8-4C0A-9538-A584E75957C0}.Debug|x86.Deploy.0 = Debug|x64
		{2D393C26-D2D8-4C0A-9538-A584E75957C0}.Release|ARM.ActiveCfg = Release|x64
		{2D393C26-D2D8-4C0A-9538-A584E75957C0}.Release|ARM.Build.0 = Release|x64
		{2D393C26-D2D8-4C0A-9538-A584E75957C0}.Release|ARM.Deploy.0 = Release|x64
		{2D393C26-D2D8-4C0A-9538-A584E75957C0}.Release|ARM64.ActiveCfg = Release|x64
		{2D393C26-D2D8-4C0A-9538-A584E75957C0}.Release|ARM64.Build.0 = Release|x64
		{2D393C26-D2D8-4C0A-9538-A584E75957C0}.Release|ARM64.Deploy.0 = Release|x64
		{2D393C26-D2D8-4C0A-9538-A584E75957C0}.Release|x64.ActiveCfg = Release|x64
		{2D393C26-D2D8-4C0A-9538-A584E75957C0}.Release|x64.Build.0 = Release|x64
		{2D393C26-D2D8-4C0A-9538-A584E75957C0}.Release|x64.Deploy.0 = Release|x64
		{2D393C26-D2D8-4C0A-9538-A584E75957C0}.Release|x86.ActiveCfg = Release|x64
		{2D393C26-D2D8-4C0A-9538-A584E75957C0}.Release|x86.Build.0 = Release|x64
		{2D393C26-D2D8-4C0A-9538-A584E75957C0}.Release|x86.Deploy.0 = Release|x64
		{870CA34E-95DA-43C3-A299-25DE1833530C}.Debug|ARM.ActiveCfg = Debug|x64
		{870CA34E-95DA-43C3-A299-25DE1833530C}.Debug|ARM.Build.0 = Debug|x64
		{870CA34E-95DA-43C3-A299-25DE1833530C}.Debug|ARM.Deploy.0 = Debug|x64
		{870CA34E-95DA-43C3-A299-25DE1833530C}.Debug|ARM64.ActiveCfg = Debug|x64
		{870CA34E-95DA-43C3-A299-25DE1833530C}.Debug|ARM64.Build.0 = Debug|x64
		{870CA34E-95DA-43C3-A299-25DE1833530C}.Debug|ARM64.Deploy.0 = Debug|x64
		{870CA34E-95DA-43C3-A299-25DE1833530C}.Debug|x64.ActiveCfg = Debug|x64
		{870CA34E-95DA-43C3-A299-25DE1833530C}.Debug|x64.Build.0 = Debug|x64
		{870CA34E-95DA-43C3-A299-25DE1833530C}.Debug|x64.Deploy.0 = Debug|x64
		{870CA34E-95DA-43C3-A299-25DE1833530C}.Debug|x86.ActiveCfg = Debug|x64
		{870CA34E-95DA-43C3-A299-25DE1833530C}.Debug|x86.Build.0 = Debug|x64
		{870CA34E-95DA-43C3-A299-25DE1833530C}.Debug|x86.Deploy.0 = Debug|x64
		{870CA34E-95DA-43C3-A299-25DE1833530C}.Release|ARM.ActiveCfg = Release|x64
		{870CA34E-95DA-43C3-A299-25DE1833530C}.Release|ARM.Build.0 = Release|x64
		{870CA34E-95DA-43C3-A299-25DE1833530C}.Release|ARM.Deploy.0 = Release|x64
		{870CA34E-95DA-43C3-A299-25DE1833530C}.Release|ARM64.ActiveCfg = Release|x64
		{870CA34E-95DA-43C3-A299-25DE1833530C}.Release|ARM64.Build.0 = Release|x64
		{870CA34E-95DA-43C3-A299-25DE1833530C}.Release|ARM64.Deploy.0 = Release|x64
		{870CA34E-95DA-43C3-A299-25DE1833530C}.Release|x64.ActiveCfg = Release|x64
		{870CA34E-95DA-43C3-A299-25DE1833530C}.Release|x64.Build.0 = Release|x64
		{870CA34E-95DA-43C3-A299-25DE1833530C}.Release|x64.Deploy.0 = Release|x64
		{870CA34E-95DA-43C3-A299-25DE1833530C}.Release|x86.ActiveCfg = Release|x64
		{870CA34E-95DA-43C3-A299-25DE1833530C}.Release|x86.Build.0 = Release|x64
		{870CA34E-95DA-43C3-A299-25DE1833530C}.Release|x86.Deploy.0 = Release|x64
		{2397914C-D132-4627-A933-62BD3669E240}.Debug|ARM.ActiveCfg = Debug|x64
		{2397914C-D132-4627-A933-62BD3669E240}.Debug|ARM.Build.0 = Debug|x64
		{2397914C-D132-4627-A933-62BD3669E240}.Debug|ARM.Deploy.0 = Debug|x64
		{2397914C-D132-4627-A933-62BD3669E240}.Debug|ARM64.ActiveCfg = Debug|x64
		{2397914C-D132-4627-A933-62BD3669E240}.Debug|ARM64.Build.0 = Debug|x64
		{2397914C-D132-4627-A933-62BD3669E240}.Debug|ARM64.Deploy.0 = Debug|x64
		{2397914C-D132-4627-A933-62BD3669E240}.Debug|x64.ActiveCfg = Debug|x64
		{2397914C-D132-4627-A933-62BD3669E240}.Debug|x64.Build.0 = Debug|x64
		{2397914C-D132-4627-A933-62BD3669E240}.Debug|x64.Deploy.0 = Debug|x64
		{2397914C-D132-4627-A933-62BD3669E240}.Debug|x86.ActiveCfg = Debug|x64
		{2397914C-D132-4627-A933-62BD3669E240}.Debug|x86.Build.0 = Debug|x64
		{2397914C-D132-4627-A933-62BD3669E240}.Debug|x86.Deploy.0 = Debug|x64
		{2397914C-D132-4627-A933-62BD3669E240}.Release|ARM.ActiveCfg = Release|x64
		{2397914C-D132-4627-A933-62BD3669E240}.Release|ARM.Build.0 = Release|x64
		{2397914C-D132-4627-A933-62BD3669E240}.Release|ARM.Deploy.0 = Release|x64
		{2397914C-D132-4627-A933-62BD3669E240}.Release|ARM64.ActiveCfg = Release|x64
		{2397914C-D132-4627-A933-62BD3669E240}.Release|ARM64.Build.0 = Release|x64
		{2397914C-D132-4627-A933-62BD3669E240}.Release|ARM64.Deploy.0 = Release|x64
		{2397914C-D132-4627-A933-62BD3669E240}.Release|x64.ActiveCfg = Release|x64
		{2397914C-D132-4627-A933-62BD3669E240}.Release|x64.Build.0 = Release|x64
		{2397914C-D132-4627-A933-62BD3669E240}.Release|x64.Deploy.0 = Release|x64
		{2397914C-D132-4627-A933-62BD3669E240}.Release|x86.ActiveCfg = Release|x64
		{2397914C-D132-4627-A933-62BD3669E240}.Release|x86.Build.0 = Release|x64
		{2397914C-D132-4627-A933-62BD3669E240}.Release|x86.Deploy.0 = Release|x64
		{2DF8D57F-ACE8-4C34-9A8A-A2CAE3F1C9A3}.Debug|ARM.ActiveCfg = Debug|x64
		{2DF8D57F-ACE8-4C34-9A8A-A2CAE3F1C9A3}.Debug|ARM.Build.0 = Debug|x64
		{2DF8D57F-ACE8-4C34-9A8A-A2CAE3F1C9A3}.Debug|ARM.Deploy.0 = Debug|x64
		{2DF8D57F-ACE8-4C34-9A8A-A2CAE3F1C9A3}.Debug|ARM64.ActiveCfg = Debug|x64
		{2DF8D57F-ACE8-4C34-9A8A-A2CAE3F1C9A3}.Debug|ARM64.Build.0 = Debug|x64
		{2DF8D57F-ACE8-4C34-9A8A-A2CAE3F1C9A3}.Debug|ARM64.Deploy.0 = Debug|x64
		{2DF8D57F-ACE8-4C34-9A8A-A2CAE3F1C9A3}.Debug|x64.ActiveCfg = Debug|x64
		{2DF8D57F-ACE8-4C34-9A8A-A2CAE3F1C9A3}.Debug|x64.Build.0 = Debug|x64
		{2DF8D57F-ACE8-4C34-9A8A-A2CAE3F1C9A3}.Debug|x64.Deploy.0 = Debug|x64
		{2DF8D57F-ACE8-4C34-9A8A-A2CAE3F1C9A3}.Debug|x86.ActiveCfg = Debug|x64
		{2DF8D57F-ACE8-4C34-9A8A-A2CAE3F1C9A3}.Debug|x86.Build.0 = Debug|x64
		{2DF8D57F-ACE8-4C34-9A8A-A2CAE3F1C9A3}.Debug|x86.Deploy.0 = Debug|x64
		{2DF8D57F-ACE8-4C34-9A8A-A2CAE3F1C9A3}.Release|ARM.ActiveCfg = Release|x64
		{2DF8D57F-ACE8-4C34-9A8A-A2CAE3F1C9A3}.Release|ARM.Build.0 = Release|x64
		{2DF8D57F-ACE8-4C34-9A8A-A2CAE3F1C9A3}.Release|ARM.Deploy.0 = Release|x64
		{2DF8D57F-ACE8-4C34-9A8A-A2CAE3F1C9A3}.Release|ARM64.ActiveCfg = Release|x64
		{2DF8D57F-ACE8-4C34-9A8A-A2CAE3F1C9A3}.Release|ARM64.Build.0 = Release|x64
		{2DF8D57F-ACE8-4C34-9A8A-A2CAE3F1C9A3}.Release|ARM64.Deploy.0 = Release|x64
		{2DF8D57F-ACE8-4C34-9A8A-A2CAE3F1C9A3}.Release|x64.ActiveCfg = Release|x64
		{2DF8D57F-ACE8-4C34-9A8A-A2CAE3F1C9A3}.Release|x64.Build.0 = Release|x64
		{2DF8D57F-ACE8-4C34-9A8A-A2CAE3F1C9A3}.Release|x64.Deploy.0 = Release|x64
		{2DF8D57F-ACE8-4C34-9A8A-A2CAE3F1C9A3}.Release|x86.ActiveCfg = Release|x64
		{2DF8D57F-ACE8-4C34-9A8A-A2CAE3F1C9A3}.Release|x86.Build.0 = Release|x64
		{2DF8D57F-ACE8-4C34-9A8A-A2CAE3F1C9A3}.Release|x86.Deploy.0 = Release|x64
		{7D1FA5A2-26EE-44F2-8D6C-F931F076440A}.Debug|ARM.ActiveCfg = Debug|x64
		{7D1FA5A2-26EE-44F2-8D6C-F931F076440A}.Debug|ARM.Build.0 = Debug|x64
		{7D1FA5A2-26EE-44F2-8D6C-F931F076440A}.Debug|ARM.Deploy.0 = Debug|x64
		{7D1FA5A2-26EE-44F2-8D6C-F931F076440A}.Debug|ARM64.ActiveCfg = Debug|x64
		{7D1FA5A2-26EE-44F2-8D6C-F931F076440A}.Debug|ARM64.Build.0 = Debug|x64
		{7D1FA5A2-26EE-44F2-8D6C-F931F076440A}.Debug|ARM64.Deploy.0 = Debug|x64
		{7D1FA5A2-26EE-44F2-8D6C-F931F076440A}.Debug|x64.ActiveCfg = Debug|x64
		{7D1FA5A2-26EE-44F2-8D6C-F931F076440A}.Debug|x64.Build.0 = Debug|x64
		{7D1FA5A2-26EE-44F2-8D6C-F931F076440A}.Debug|x64.Deploy.0 = Debug|x64
		{7D1FA5A2-26EE-44F2-8D6C-F931F076440A}.Debug|x86.ActiveCfg = Debug|x64
		{7D1FA5A2-26EE-44F2-8D6C-F931F076440A}.Debug|x86.Build.0 = Debug|x64
		{7D1FA5A2-26EE-44F2-8D6C-F931F076440A}.Debug|x86.Deploy.0 = Debug|x64
		{7D1FA5A2-26EE-44F2-8D6C-F931F076440A}.Release|ARM.ActiveCfg = Release|x64
		{7D1FA5A2-26EE-44F2-8D6C-F931F076440A}.Release|ARM.Build.0 = Release|x64
		{7D1FA5A2-26EE-44F2-8D6C-F931F076440A}.Release|ARM.Deploy.0 = Release|x64
		{7D1FA5A2-26EE-44F2-8D6C-F931F076440A}.Release|ARM64.ActiveCfg = Release|x64
		{7D1FA5A2-26EE-44F2-8D6C-F931F076440A}.Release|ARM64.Build.0 = Release|x64
		{7D1FA5A2-26EE-44F2-8D6C-F931F076440A}.Release|ARM64.Deploy.0 = Release|x64
		{7D1FA5A2-26EE-44F2-8D6C-F931F076440A}.Release|x64.ActiveCfg = Release|x64
		{7D1FA5A2-26EE-44F2-8D6C-F931F076440A}.Release|x64.Build.0 = Release|x64
		{7D1FA5A2-26EE-44F2-8D6C-F931F076440A}.Release|x64.Deploy.0 = Release|x64
		{7D1FA5A2-26EE-44F2-8D6C-F931F076440A}.Release|x86.ActiveCfg = Release|x64
		{7D1FA5A2-26EE-44F2-8D6C-F931F076440A}.Release|x86.Build.0 = Release|x64
		{7D1FA5A2-26EE-44F2-8D6C-F931F076440A}.Release|x86.Deploy.0 = Release|x64
		{59A9B14E-E210-4CC3-B36E-4EE9F6A64C65}.Debug|ARM.ActiveCfg = Debug|x64
		{59A9B14E-E210-4CC3-B36E-4EE9F6A64C65}.Debug|ARM.Build.0 = Debug|x64
		{59A9B14E-E210-4CC3-B36E-4EE9F6A64C65}.Debug|ARM.Deploy.0 = Debug|x64
		{59A9B14E-E210-4CC3-B36E-4EE9F6A64C65}.Debug|ARM64.ActiveCfg = Debug|x64
		{59A9B14E-E210-4CC3-B36E-4EE9F6A64C65}.Debug|ARM64.Build.0 = Debug|x64
		{59A9B14E-E210-4CC3-B36E-4EE9F6A64C65}.Debug|ARM64.Deploy.0 = Debug|x64
		{59A9B14E-E210-4CC3-B36E-4EE9F6A64C65}.Debug|x64.ActiveCfg = Debug|x64
		{59A9B14E-E210-4CC3-B36E-4EE9F6A64C65}.Debug|x64.Build.0 = Debug|x64
		{59A9B14E-E210-4CC3-B36E-4EE9F6A64C65}.Debug|x64.Deploy.0 = Debug|x64
		{59A9B14E-E210-4CC3-B36E-4EE9F6A64C65}.Debug|x86.ActiveCfg = Debug|x64
		{59A9B14E-E210-4CC3-B36E-4EE9F6A64C65}.Debug|x86.Build.0 = Debug|x64
		{59A9B14E-E210-4CC3-B36E-4EE9F6A64C65}.Debug|x86.Deploy.0 = Debug|x64
		{59A9B14E-E210-4CC3-B36E-4EE9F6A64C65}.Release|ARM.ActiveCfg = Release|x64
		{59A9B14E-E210-4CC3-B36E-4EE9F6A64C65}.Release|ARM.Build.0 = Release|x64
		{59A9B14E-E210-4CC3-B36E-4EE9F6A64C65}.Release|ARM.Deploy.0 = Release|x64
		{59A9B14E-E210-4CC3-B36E-4EE9F6A64C65}.Release|ARM64.ActiveCfg = Release|x64
		{59A9B14E-E210-4CC3-B36E-4EE9F6A64C65}.Release|ARM64.Build.0 = Release|x64
		{59A9B14E-E210-4CC3-B36E-4EE9F6A64C65}.Release|ARM64.Deploy.0 = Release|x64
		{59A9B14E-E210-4CC3-B36E-4EE9F6A64C65}.Release|x64.ActiveCfg = Release|x64
		{59A9B14E-E210-4CC3-B36E-4EE9F6A64C65}.Release|x64.Build.0 = Release|x64
		{59A9B14E-E210-4CC3-B36E-4EE9F6A64C65}.Release|x64.Deploy.0 = Release|x64
		{59A9B14E-E210-4CC3-B36E-4EE9F6A64C65}.Release|x86.ActiveCfg = Release|x64
		{59A9B14E-E210-4CC3-B36E-4EE9F6A64C65}.Release|x86.Build.0 = Release|x64
		{59A9B14E-E210-4CC3-B36E-4EE9F6A64C65}.Release|x86.Deploy.0 = Release|x64
		{347C4A71-1EE9-4F9D-A83E-FC10784B9BBF}.Debug|ARM.ActiveCfg = Debug|x64
		{347C4A71-1EE9-4F9D-A83E-FC10784B9BBF}.Debug|ARM.Build.0 = Debug|x64
		{347C4A71-1EE9-4F9D-A83E-FC10784B9BBF}.Debug|ARM.Deploy.0 = Debug|x64
		{347C4A71-1EE9-4F9D-A83E-FC10784B9BBF}.Debug|ARM64.ActiveCfg = Debug|x64
		{347C4A71-1EE9-4F9D-A83E-FC10784B9BBF}.Debug|ARM64.Build.0 = Debug|x64
		{347C4A71-1EE9-4F9D-A83E-FC10784B9BBF}.Debug|ARM64.Deploy.0 = Debug|x64
		{347C4A71-1EE9-4F9D-A83E-FC10784B9BBF}.Debug|x64.ActiveCfg = Debug|x64
		{347C4A71-1EE9-4F9D-A83E-FC10784B9BBF}.Debug|x64.Build.0 = Debug|x64
		{347C4A71-1EE9-4F9D-A83E-FC10784B9BBF}.Debug|x64.Deploy.0 = Debug|x64
		{347C4A71-1EE9-4F9D-A83E-FC10784B9BBF}.Debug|x86.ActiveCfg = Debug|x64
		{347C4A71-1EE9-4F9D-A83E-FC10784B9BBF}.Debug|x86.Build.0 = Debug|x64
		{347C4A71-1EE9-4F9D-A83E-FC10784B9BBF}.Debug|x86.Deploy.0 = Debug|x64
		{347C4A71-1EE9-4F9D-A83E-FC10784B9BBF}.Release|ARM.ActiveCfg = Release|x64
		{347C4A71-1EE9-4F9D-A83E-FC10784B9BBF}.Release|ARM.Build.0 = Release|x64
		{347C4A71-1EE9-4F9D-A83E-FC10784B9BBF}.Release|ARM.Deploy.0 = Release|x64
		{347C4A71-1EE9-4F9D-A83E-FC10784B9BBF}.Release|ARM64.ActiveCfg = Release|x64
		{347C4A71-1EE9-4F9D-A83E-FC10784B9BBF}.Release|ARM64.Build.0 = Release|x64
		{347C4A71-1EE9-4F9D-A83E-FC10784B9BBF}.Release|ARM64.Deploy.0 = Release|x64
		{347C4A71-1EE9-4F9D-A83E-FC10784B9BBF}.Release|x64.ActiveCfg = Release|x64
		{347C4A71-1EE9-4F9D-A83E-FC10784B9BBF}.Release|x64.Build.0 = Release|x64
		{347C4A71-1EE9-4F9D-A83E-FC10784B9BBF}.Release|x64.Deploy.0 = Release|x64
		{347C4A71-1EE9-4F9D-A83E-FC10784B9BBF}.Release|x86.ActiveCfg = Release|x64
		{347C4A71-1EE9-4F9D-A83E-FC10784B9BBF}.Release|x86.Build.0 = Release|x64
		{347C4A71-1EE9-4F9D-A83E-FC10784B9BBF}.Release|x86.Deploy.0 = Release|x64
		{8C43833A-4C3E-47C7-B4A7-217D940C0C01}.Debug|ARM.ActiveCfg = Debug|x64
		{8C43833A-4C3E-47C7-B4A7-217D940C0C01}.Debug|ARM.Build.0 = Debug|x64
		{8C43833A-4C3E-47C7-B4A7-217D940C0C01}.Debug|ARM.Deploy.0 = Debug|x64
		{8C43833A-4C3E-47C7-B4A7-217D940C0C01}.Debug|ARM64.ActiveCfg = Debug|x64
		{8C43833A-4C3E-47C7-B4A7-217D940C0C01}.Debug|ARM64.Build.0 = Debug|x64
		{8C43833A-4C3E-47C7-B4A7-217D940C0C01}.Debug|ARM64.Deploy.0 = Debug|x64
		{8C43833A-4C3E-47C7-B4A7-217D940C0C01}.Debug|x64.ActiveCfg = Debug|x64
		{8C43833A-4C3E-47C7-B4A7-217D940C0C01}.Debug|x64.Build.0 = Debug|x64
		{8C43833A-4C3E-47C7-B4A7-217D940C0C01}.Debug|x64.Deploy.0 = Debug|x64
		{8C43833A-4C3E-47C7-B4A7-217D940C0C01}.Debug|x86.ActiveCfg = Debug|x64
		{8C43833A-4C3E-47C7-B4A7-217D940C0C01}.Debug|x86.Build.0 = Debug|x64
		{8C43833A-4C3E-47C7-B4A7-217D940C0C01}.Debug|x86.Deploy.0 = Debug|x64
		{8C43833A-4C3E-47C7-B4A7-217D940C0C01}.Release|ARM.ActiveCfg = Release|x64
		{8C43833A-4C3E-47C7-B4A7-217D940C0C01}.Release|ARM.Build.0 = Release|x64
		{8C43833A-4C3E-47C7-B4A7-217D940C0C01}.Release|ARM.Deploy.0 = Release|x64
		{8C43833A-4C3E-47C7-B4A7-217D940C0C01}.Release|ARM64.ActiveCfg = Release|x64
		{8C43833A-4C3E-47C7-B4A7-217D940C0C01}.Release|ARM64.Build.0 = Release|x64
		{8C43833A-4C3E-47C7-B4A7-217D940C0C01}.Release|ARM64.Deploy.0 = Release|x64
		{8C43833A-4C3E-47C7-B4A7-217D940C0C01}.Release|x64.ActiveCfg = Release|x64
		{8C43833A-4C3E-47C7-B4A7-217D940C0C01}.Release|x64.Build.0 = Release|x64
		{8C43833A-4C3E-47C7-B4A7-217D940C0C01}.Release|x64.Deploy.0 = Release|x64
		{8C43833A-4C3E-47C7-B4A7-217D940C0C01}.Release|x86.ActiveCfg = Release|x64
		{8C43833A-4C3E-47C7-B4A7-217D940C0C01}.Release|x86.Build.0 = Release|x64
		{8C43833A-4C3E-47C7-B4A7-217D940C0C01}.Release|x86.Deploy.0 = Release|x64
		{3BC330ED-099C-45ED-80B6-4B4A6000FF56}.Debug|ARM.ActiveCfg = Debug|x64
		{3BC330ED-099C-45ED-80B6-4B4A6000FF56}.Debug|ARM.Build.0 = Debug|x64
		{3BC330ED-099C-45ED-80B6-4B4A6000FF56}.Debug|ARM.Deploy.0 = Debug|x64
		{3BC330ED-099C-45ED-80B6-4B4A6000FF56}.Debug|ARM64.ActiveCfg = Debug|x64
		{3BC330ED-099C-45ED-80B6-4B4A6000FF56}.Debug|ARM64.Build.0 = Debug|x64
		{3BC330ED-099C-45ED-80B6-4B4A6000FF56}.Debug|ARM64.Deploy.0 = Debug|x64
		{3BC330ED-099C-45ED-80B6-4B4A6000FF56}.Debug|x64.ActiveCfg = Debug|x64
		{3BC330ED-099C-45ED-80B6-4B4A6000FF56}.Debug|x64.Build.0 = Debug|x64
		{3BC330ED-099C-45ED-80B6-4B4A6000FF56}.Debug|x64.Deploy.0 = Debug|x64
		{3BC330ED-099C-45ED-80B6-4B4A6000FF56}.Debug|x86.ActiveCfg = Debug|x64
		{3BC330ED-099C-45ED-80B6-4B4A6000FF56}.Debug|x86.Build.0 = Debug|x64
		{3BC330ED-099C-45ED-80B6-4B4A6000FF56}.Debug|x86.Deploy.0 = Debug|x64
		{3BC330ED-099C-45ED-80B6-4B4A6000FF56}.Release|ARM.ActiveCfg = Release|x64
		{3BC330ED-099C-45ED-80B6-4B4A6000FF56}.Release|ARM.Build.0 = Release|x64
		{3BC330ED-099C-45ED-80B6-4B4A6000FF56}.Release|ARM.Deploy.0 = Release|x64
		{3BC330ED-099C-45ED-80B6-4B4A6000FF56}.Release|ARM64.ActiveCfg = Release|x64
		{3BC330ED-099C-45ED-80B6-4B4A6000FF56}.Release|ARM64.Build.0 = Release|x64
		{3BC330ED-099C-45ED-80B6-4B4A6000FF56}.Release|ARM64.Deploy.0 = Release|x64
		{3BC330ED-099C-45ED-80B6-4B4A6000FF56}.Release|x64.ActiveCfg = Release|x64
		{3BC330ED-099C-45ED-80B6-4B4A6000FF56}.Release|x64.Build.0 = Release|x64
		{3BC330ED-099C-45ED-80B6-4B4A6000FF56}.Release|x64.Deploy.0 = Release|x64
		{3BC330ED-099C-45ED-80B6-4B4A6000FF56}.Release|x86.ActiveCfg = Release|x64
		{3BC330ED-099C-45ED-80B6-4B4A6000FF56}.Release|x86.Build.0 = Release|x64
		{3BC330ED-099C-45ED-80B6-4B4A6000FF56}.Release|x86.Deploy.0 = Release|x64
		{29928090-CD1D-481B-BB8A-A342254ADE83}.Debug|ARM.ActiveCfg = Debug|x64
		{29928090-CD1D-481B-BB8A-A342254ADE83}.Debug|ARM.Build.0 = Debug|x64
		{29928090-CD1D-481B-BB8A-A342254ADE83}.Debug|ARM.Deploy.0 = Debug|x64
		{29928090-CD1D-481B-BB8A-A342254ADE83}.Debug|ARM64.ActiveCfg = Debug|x64
		{29928090-CD1D-481B-BB8A-A342254ADE83}.Debug|ARM64.Build.0 = Debug|x64
		{29928090-CD1D-481B-BB8A-A342254ADE83}.Debug|ARM64.Deploy.0 = Debug|x64
		{29928090-CD1D-481B-BB8A-A342254ADE83}.Debug|x64.ActiveCfg = Debug|x64
		{29928090-CD1D-481B-BB8A-A342254ADE83}.Debug|x64.Build.0 = Debug|x64
		{29928090-CD1D-481B-BB8A-A342254ADE83}.Debug|x64.Deploy.0 = Debug|x64
		{29928090-CD1D-481B-BB8A-A342254ADE83}.Debug|x86.ActiveCfg = Debug|x64
		{29928090-CD1D-481B-BB8A-A342254ADE83}.Debug|x86.Build.0 = Debug|x64
		{29928090-CD1D-481B-BB8A-A342254ADE83}.Debug|x86.Deploy.0 = Debug|x64
		{29928090-CD1D-481B-BB8A-A342254ADE83}.Release|ARM.ActiveCfg = Release|x64
		{29928090-CD1D-481B-BB8A-A342254ADE83}.Release|ARM.Build.0 = Release|x64
		{29928090-CD1D-481B-BB8A-A342254ADE83}.Release|ARM.Deploy.0 = Release|x64
		{29928090-CD1D-481B-BB8A-A342254ADE83}.Release|ARM64.ActiveCfg = Release|x64
		{29928090-CD1D-481B-BB8A-A342254ADE83}.Release|ARM64.Build.0 = Release|x64
		{29928090-CD1D-481B-BB8A-A342254ADE83}.Release|ARM64.Deploy.0 = Release|x64
		{29928090-CD1D-481B-BB8A-A342254ADE83}.Release|x64.ActiveCfg = Release|x64
		{29928090-CD1D-481B-BB8A-A342254ADE83}.Release|x64.Build.0 = Release|x64
		{29928090-CD1D-481B-BB8A-A342254ADE83}.Release|x64.Deploy.0 = Release|x64
		{29928090-CD1D-481B-BB8A-A342254ADE83}.Release|x86.ActiveCfg = Release|x64
		{29928090-CD1D-481B-BB8A-A342254ADE83}.Release|x86.Build.0 = Release|x64
		{29928090-CD1D-481B-BB8A-A342254ADE83}.Release|x86.Deploy.0 = Release|x64
		{5EB50CAB-7605-4930-A5F3-DC4EB53868F6}.Debug|ARM.ActiveCfg = Debug|x64
		{5EB50CAB-7605-4930-A5F3-DC4EB53868F6}.Debug|ARM.Build.0 = Debug|x64
		{5EB50CAB-7605-4930-A5F3-DC4EB53868F6}.Debug|ARM.Deploy.0 = Debug|x64
		{5EB50CAB-7605-4930-A5F3-DC4EB53868F6}.Debug|ARM64.ActiveCfg = Debug|x64
		{5EB50CAB-7605-4930-A5F3-DC4EB53868F6}.Debug|ARM64.Build.0 = Debug|x64
		{5EB50CAB-7605-4930-A5F3-DC4EB53868F6}.Debug|ARM64.Deploy.0 = Debug|x64
		{5EB50CAB-7605-4930-A5F3-DC4EB53868F6}.Debug|x64.ActiveCfg = Debug|x64
		{5EB50CAB-7605-4930-A5F3-DC4EB53868F6}.Debug|x64.Build.0 = Debug|x64
		{5EB50CAB-7605-4930-A5F3-DC4EB53868F6}.Debug|x64.Deploy.0 = Debug|x64
		{5EB50CAB-7605-4930-A5F3-DC4EB53868F6}.Debug|x86.ActiveCfg = Debug|x64
		{5EB50CAB-7605-4930-A5F3-DC4EB53868F6}.Debug|x86.Build.0 = Debug|x64
		{5EB50CAB-7605-4930-A5F3-DC4EB53868F6}.Debug|x86.Deploy.0 = Debug|x64
		{5EB50CAB-7605-4930-A5F3-DC4EB53868F6}.Release|ARM.ActiveCfg = Release|x64
		{5EB50CAB-7605-4930-A5F3-DC4EB53868F6}.Release|ARM.Build.0 = Release|x64
		{5EB50CAB-7605-4930-A5F3-DC4EB53868F6}.Release|ARM.Deploy.0 = Release|x64
		{5EB50CAB-7605-4930-A5F3-DC4EB53868F6}.Release|ARM64.ActiveCfg = Release|x64
		{5EB50CAB-7605-4930-A5F3-DC4EB53868F6}.Release|ARM64.Build.0 = Release|x64
		{5EB50CAB-7605-4930-A5F3-DC4EB53868F6}.Release|ARM64.Deploy.0 = Release|x64
		{5EB50CAB-7605-4930-A5F3-DC4EB53868F6}.Release|x64.ActiveCfg = Release|x64
		{5EB50CAB-7605-4930-A5F3-DC4EB53868F6}.Release|x64.Build.0 = Release|x64
		{5EB50CAB-7605-4930-A5F3-DC4EB53868F6}.Release|x64.Deploy.0 = Release|x64
		{5EB50CAB-7605-4930-A5F3-DC4EB53868F6}.Release|x86.ActiveCfg = Release|x64
		{5EB50CAB-7605-4930-A5F3-DC4EB53868F6}.Release|x86.Build.0 = Release|x64
		{5EB50CAB-7605-4930-A5F3-DC4EB53868F6}.Release|x86.Deploy.0 = Release|x64
		{AD0AD498-0E25-4DCA-A09D-ED55FFF4A48C}.Debug|ARM.ActiveCfg = Debug|x64
		{AD0AD498-0E25-4DCA-A09D-ED55FFF4A48C}.Debug|ARM.Build.0 = Debug|x64
		{AD0AD498-0E25-4DCA-A09D-ED55FFF4A48C}.Debug|ARM.Deploy.0 = Debug|x64
		{AD0AD498-0E25-4DCA-A09D-ED55FFF4A48C}.Debug|ARM64.ActiveCfg = Debug|x64
		{AD0AD498-0E25-4DCA-A09D-ED55FFF4A48C}.Debug|ARM64.Build.0 = Debug|x64
		{AD0AD498-0E25-4DCA-A09D-ED55FFF4A48C}.Debug|ARM64.Deploy.0 = Debug|x64
		{AD0AD498-0E25-4DCA-A09D-ED55FFF4A48C}.Debug|x64.ActiveCfg = Debug|x64
		{AD0AD498-0E25-4DCA-A09D-ED55FFF4A48C}.Debug|x64.Build.0 = Debug|x64
		{AD0AD498-0E25-4DCA-A09D-ED55FFF4A48C}.Debug|x64.Deploy.0 = Debug|x64
		{AD0AD498-0E25-4DCA-A09D-ED55FFF4A48C}.Debug|x86.ActiveCfg = Debug|x64
		{AD0AD498-0E25-4DCA-A09D-ED55FFF4A48C}.Debug|x86.Build.0 = Debug|x64
		{AD0AD498-0E25-4DCA-A09D-ED55FFF4A48C}.Debug|x86.Deploy.0 = Debug|x64
		{AD0AD498-0E25-4DCA-A09D-ED55FFF4A48C}.Release|ARM.ActiveCfg = Release|x64
		{AD0AD498-0E25-4DCA-A09D-ED55FFF4A48C}.Release|ARM.Build.0 = Release|x64
		{AD0AD498-0E25-4DCA-A09D-ED55FFF4A48C}.Release|ARM.Deploy.0 = Release|x64
		{AD0AD498-0E25-4DCA-A09D-ED55FFF4A48C}.Release|ARM64.ActiveCfg = Release|x64
		{AD0AD498-0E25-4DCA-A09D-ED55FFF4A48C}.Release|ARM64.Build.0 = Release|x64
		{AD0AD498-0E25-4DCA-A09D-ED55FFF4A48C}.Release|ARM64.Deploy.0 = Release|x64
		{AD0AD498-0E25-4DCA-A09D-ED55FFF4A48C}.Release|x64.ActiveCfg = Release|x64
		{AD0AD498-0E25-4DCA-A09D-ED55FFF4A48C}.Release|x64.Build.0 = Release|x64
		{AD0AD498-0E25-4DCA-A09D-ED55FFF4A48C}.Release|x64.Deploy.0 = Release|x64
		{AD0AD498-0E25-4DCA-A09D-ED55FFF4A48C}.Release|x86.ActiveCfg = Release|x64
		{AD0AD498-0E25-4DCA-A09D-ED55FFF4A48C}.Release|x86.Build.0 = Release|x64
		{AD0AD498-0E25-4DCA-A09D-ED55FFF4A48C}.Release|x86.Deploy.0 = Release|x64
		{FE792AEA-F294-48F8-8D8D-194E7BEF1A1A}.Debug|ARM.ActiveCfg = Debug|x64
		{FE792AEA-F294-48F8-8D8D-194E7BEF1A1A}.Debug|ARM.Build.0 = Debug|x64
		{FE792AEA-F294-48F8-8D8D-194E7BEF1A1A}.Debug|ARM.Deploy.0 = Debug|x64
		{FE792AEA-F294-48F8-8D8D-194E7BEF1A1A}.Debug|ARM64.ActiveCfg = Debug|x64
		{FE792AEA-F294-48F8-8D8D-194E7BEF1A1A}.Debug|ARM64.Build.0 = Debug|x64
		{FE792AEA-F294-48F8-8D8D-194E7BEF1A1A}.Debug|ARM64.Deploy.0 = Debug|x64
		{FE792AEA-F294-48F8-8D8D-194E7BEF1A1A}.Debug|x64.ActiveCfg = Debug|x64
		{FE792AEA-F294-48F8-8D8D-194E7BEF1A1A}.Debug|x64.Build.0 = Debug|x64
		{FE792AEA-F294-48F8-8D8D-194E7BEF1A1A}.Debug|x64.Deploy.0 = Debug|x64
		{FE792AEA-F294-48F8-8D8D-194E7BEF1A1A}.Debug|x86.ActiveCfg = Debug|x64
		{FE792AEA-F294-48F8-8D8D-194E7BEF1A1A}.Debug|x86.Build.0 = Debug|x64
		{FE792AEA-F294-48F8-8D8D-194E7BEF1A1A}.Debug|x86.Deploy.0 = Debug|x64
		{FE792AEA-F294-48F8-8D8D-194E7BEF1A1A}.Release|ARM.ActiveCfg = Release|x64
		{FE792AEA-F294-48F8-8D8D-194E7BEF1A1A}.Release|ARM.Build.0 = Release|x64
		{FE792AEA-F294-48F8-8D8D-194E7BEF1A1A}.Release|ARM.Deploy.0 = Release|x64
		{FE792AEA-F294-48F8-8D8D-194E7BEF1A1A}.Release|ARM64.ActiveCfg = Release|x64
		{FE792AEA-F294-48F8-8D8D-194E7BEF1A1A}.Release|ARM64.Build.0 = Release|x64
		{FE792AEA-F294-48F8-8D8D-194E7BEF1A1A}.Release|ARM64.Deploy.0 = Release|x64
		{FE792AEA-F294-48F8-8D8D-194E7BEF1A1A}.Release|x64.ActiveCfg = Release|x64
		{FE792AEA-F294-48F8-8D8D-194E7BEF1A1A}.Release|x64.Build.0 = Release|x64
		{FE792AEA-F294-48F8-8D8D-194E7BEF1A1A}.Release|x64.Deploy.0 = Release|x64
		{FE792AEA-F294-48F8-8D8D-194E7BEF1A1A}.Release|x86.ActiveCfg = Release|x64
		{FE792AEA-F294-48F8-8D8D-194E7BEF1A1A}.Release|x86.Build.0 = Release|x64
		{FE792AEA-F294-48F8-8D8D-194E7BEF1A1A}.Release|x86.Deploy.0 = Release|x64
		{3C93200B-9E8E-41DE-9E51-DE3FD6D53C37}.Debug|ARM.ActiveCfg = Debug|x64
		{3C93200B-9E8E-41DE-9E51-DE3FD6D53C37}.Debug|ARM.Build.0 = Debug|x64
		{3C93200B-9E8E-41DE-9E51-DE3FD6D53C37}.Debug|ARM.Deploy.0 = Debug|x64
		{3C93200B-9E8E-41DE-9E51-DE3FD6D53C37}.Debug|ARM64.ActiveCfg = Debug|x64
		{3C93200B-9E8E-41DE-9E51-DE3FD6D53C37}.Debug|ARM64.Build.0 = Debug|x64
		{3C93200B-9E8E-41DE-9E51-DE3FD6D53C37}.Debug|ARM64.Deploy.0 = Debug|x64
		{3C93200B-9E8E-41DE-9E51-DE3FD6D53C37}.Debug|x64.ActiveCfg = Debug|x64
		{3C93200B-9E8E-41DE-9E51-DE3FD6D53C37}.Debug|x64.Build.0 = Debug|x64
		{3C93200B-9E8E-41DE-9E51-DE3FD6D53C37}.Debug|x64.Deploy.0 = Debug|x64
		{3C93200B-9E8E-41DE-9E51-DE3FD6D53C37}.Debug|x86.ActiveCfg = Debug|x64
		{3C93200B-9E8E-41DE-9E51-DE3FD6D53C37}.Debug|x86.Build.0 = Debug|x64
		{3C93200B-9E8E-41DE-9E51-DE3FD6D53C37}.Debug|x86.Deploy.0 = Debug|x64
		{3C93200B-9E8E-41DE-9E51-DE3FD6D53C37}.Release|ARM.ActiveCfg = Release|x64
		{3C93200B-9E8E-41DE-9E51-DE3FD6D53C37}.Release|ARM.Build.0 = Release|x64
		{3C93200B-9E8E-41DE-9E51-DE3FD6D53C37}.Release|ARM.Deploy.0 = Release|x64
		{3C93200B-9E8E-41DE-9E51-DE3FD6D53C37}.Release|ARM64.ActiveCfg = Release|x64
		{3C93200B-9E8E-41DE-9E51-DE3FD6D53C37}.Release|ARM64.Build.0 = Release|x64
		{3C93200B-9E8E-41DE-9E51-DE3FD6D53C37}.Release|ARM64.Deploy.0 = Release|x64
		{3C93200B-9E8E-41DE-9E51-DE3FD6D53C37}.Release|x64.ActiveCfg = Release|x64
		{3C93200B-9E8E-41DE-9E51-DE3FD6D53C37}.Release|x64.Build.0 = Release|x64
		{3C93200B-9E8E-41DE-9E51-DE3FD6D53C37}.Release|x64.Deploy.0 = Release|x64
		{3C93200B-9E8E-41DE-9E51-DE3FD6D53C37}.Release|x86.ActiveCfg = Release|x64
		{3C93200B-9E8E-41DE-9E51-DE3FD6D53C37}.Release|x86.Build.0 = Release|x64
		{3C93200B-9E8E-41DE-9E51-DE3FD6D53C37}.Release|x86.Deploy.0 = Release|x64
	EndGlobalSection
	GlobalSection(SolutionProperties) = preSolution
		HideSolutionNode = FALSE
	EndGlobalSection
	GlobalSection(ExtensibilityGlobals) = postSolution
		SolutionGuid = {09C95CFE-6E58-46D7-BADD-CEC62E713315}
	EndGlobalSection
EndGlobal
