
Microsoft Visual Studio Solution File, Format Version 12.00
# Visual Studio Version 17
VisualStudioVersion = 17.4.33213.308
MinimumVisualStudioVersion = 10.0.40219.1
Project("{8BC9CEB8-8B4A-11D0-8D11-00A0C91BC942}") = "UltimateTCPIP_LIB", "..\ThirdParty\ultimateTCP_IP_LIB\ultimateTCP_IP.vcxproj", "{8701029E-A496-403A-91DF-C7E7FACF0D88}"
EndProject
Project("{2150E333-8FDC-42A3-9474-1A3956D46DE8}") = "EXTERNAL_LIB (CORE005)DB-IP+XML", "EXTERNAL_LIB (CORE005)DB-IP+XML", "{EC63F55B-0EBB-4365-8419-D1523B92595F}"
EndProject
Project("{8BC9CEB8-8B4A-11D0-8D11-00A0C91BC942}") = "TinyXMLv2_LIB", "..\ThirdParty\TinyXML_LIB.v2\XMLv2_LIB.vcxproj", "{BD428073-55B2-4406-A4D1-2772D1E48B0F}"
EndProject
Project("{8BC9CEB8-8B4A-11D0-8D11-00A0C91BC942}") = "ZipUtils_LIB", "..\ThirdParty\ZipUtils_LIB\ZipUtils_LIB.vcxproj", "{0BDF6BA9-3A46-4E8A-B996-12F51D2FB632}"
EndProject
Project("{8BC9CEB8-8B4A-11D0-8D11-00A0C91BC942}") = "GeoLite2PP_LIB", "..\ThirdParty\GeoLite2PP_LIB\GeoLite2PP_LIB.vcxproj", "{C2ECE45C-3C70-42C5-BDE1-E06DDAF7D7AE}"
EndProject
Project("{8BC9CEB8-8B4A-11D0-8D11-00A0C91BC942}") = "maxminddb_LIB", "..\ThirdParty\maxminddb_LIB\maxminddb_LIB.vcxproj", "{2CEB20A8-A257-442A-B2A9-81D21CAC9AA1}"
EndProject
Project("{2150E333-8FDC-42A3-9474-1A3956D46DE8}") = "OPENGL_LIBS", "OPENGL_LIBS", "{D793C426-C0A1-4ACC-8710-3DDB75FD3C6D}"
EndProject
Project("{8BC9CEB8-8B4A-11D0-8D11-00A0C91BC942}") = "TIFF_LIB", "..\ThirdParty\TIFF_LIB\TIFF_LIB.vcxproj", "{35F223F2-6AEB-4832-86D0-3A24D1B7772F}"
EndProject
Project("{8BC9CEB8-8B4A-11D0-8D11-00A0C91BC942}") = "ZLIB_LIB", "..\ThirdParty\ZLIB_LIB\ZLIB_LIB.vcxproj", "{6A129AC5-A668-4B43-8931-41036A5F7DCB}"
EndProject
Project("{8BC9CEB8-8B4A-11D0-8D11-00A0C91BC942}") = "PNG_LIB", "..\ThirdParty\PNG_LIB\PNG_LIB.vcxproj", "{B64AE941-F928-4954-BCE0-724A72A01E04}"
EndProject
Project("{8BC9CEB8-8B4A-11D0-8D11-00A0C91BC942}") = "JPG_LIB", "..\ThirdParty\JPG_LIB\JPG_LIB.vcxproj", "{AB109A0F-0CB5-4637-947A-2439D436054A}"
EndProject
Project("{2150E333-8FDC-42A3-9474-1A3956D46DE8}") = "EXTERNAL_LIB (DX22)IMAGE", "EXTERNAL_LIB (DX22)IMAGE", "{E8715876-8C84-4744-BCBA-37A5C2380E00}"
EndProject
Project("{2150E333-8FDC-42A3-9474-1A3956D46DE8}") = "EXTERNAL_LIB (DX79)ASSIMP", "EXTERNAL_LIB (DX79)ASSIMP", "{EB3DB22D-4897-484C-953C-5912745D8116}"
EndProject
Project("{8BC9CEB8-8B4A-11D0-8D11-00A0C91BC942}") = "freeglut_static", "..\ThirdParty\freeglut-3.6.0\X64LIB\freeglut_static.vcxproj", "{CC28AE5B-5301-3C9A-84F7-70E0A4F4394B}"
EndProject
Project("{2150E333-8FDC-42A3-9474-1A3956D46DE8}") = "EXTERNAL_LIB (DX72)AUDIO", "EXTERNAL_LIB (DX72)AUDIO", "{5410EC2B-CF42-47C6-9868-A2CD58963603}"
EndProject
Project("{8BC9CEB8-8B4A-11D0-8D11-00A0C91BC942}") = "ALUT_LIB", "..\ThirdParty\AUDIO\ALUT_LIB\ALUT_LIB.vcxproj", "{3FAAB841-4F82-4B50-BC4F-33427406128F}"
EndProject
Project("{8BC9CEB8-8B4A-11D0-8D11-00A0C91BC942}") = "OGG_LIB", "..\ThirdParty\AUDIO\OGG_LIB\OGG_LIB.vcxproj", "{3278BD5A-9A68-4A3A-BBF7-FA358EF2EFCC}"
EndProject
Project("{8BC9CEB8-8B4A-11D0-8D11-00A0C91BC942}") = "OpenAL32_LIB", "..\ThirdParty\AUDIO\OpenAL32_LIB\OpenAL32_LIB.vcxproj", "{7A40BF20-B19C-47A5-BB9A-F5174F4110ED}"
EndProject
Project("{8BC9CEB8-8B4A-11D0-8D11-00A0C91BC942}") = "vorbis_LIB", "..\ThirdParty\AUDIO\VORBIS_LIB\libvorbis_static.vcxproj", "{3A214E06-B95E-4D61-A291-1F8DF2EC10FD}"
EndProject
Project("{8BC9CEB8-8B4A-11D0-8D11-00A0C91BC942}") = "vorbisfile_LIB", "..\ThirdParty\AUDIO\VORBISFILE_LIB\libvorbisfile_static.vcxproj", "{CEBDE98B-A6AA-46E6-BC79-FAAF823DB9EC}"
EndProject
Project("{8BC9CEB8-8B4A-11D0-8D11-00A0C91BC942}") = "DXEngine_082", "DXENGINE_082\DXEngine_082.vcxproj", "{917949E6-9E59-4A42-A357-DF9FAD61F126}"
	ProjectSection(ProjectDependencies) = postProject
		{0BDF6BA9-3A46-4E8A-B996-12F51D2FB632} = {0BDF6BA9-3A46-4E8A-B996-12F51D2FB632}
		{210F2098-2008-3D12-A67E-6B99BC5F3434} = {210F2098-2008-3D12-A67E-6B99BC5F3434}
		{2CEB20A8-A257-442A-B2A9-81D21CAC9AA1} = {2CEB20A8-A257-442A-B2A9-81D21CAC9AA1}
		{3278BD5A-9A68-4A3A-BBF7-FA358EF2EFCC} = {3278BD5A-9A68-4A3A-BBF7-FA358EF2EFCC}
		{35F223F2-6AEB-4832-86D0-3A24D1B7772F} = {35F223F2-6AEB-4832-86D0-3A24D1B7772F}
		{371B9FA9-4C90-4AC6-A123-ACED756D6C77} = {371B9FA9-4C90-4AC6-A123-ACED756D6C77}
		{3A214E06-B95E-4D61-A291-1F8DF2EC10FD} = {3A214E06-B95E-4D61-A291-1F8DF2EC10FD}
		{3FAAB841-4F82-4B50-BC4F-33427406128F} = {3FAAB841-4F82-4B50-BC4F-33427406128F}
		{6A129AC5-A668-4B43-8931-41036A5F7DCB} = {6A129AC5-A668-4B43-8931-41036A5F7DCB}
		{7A40BF20-B19C-47A5-BB9A-F5174F4110ED} = {7A40BF20-B19C-47A5-BB9A-F5174F4110ED}
		{8701029E-A496-403A-91DF-C7E7FACF0D88} = {8701029E-A496-403A-91DF-C7E7FACF0D88}
		{AB109A0F-0CB5-4637-947A-2439D436054A} = {AB109A0F-0CB5-4637-947A-2439D436054A}
		{B64AE941-F928-4954-BCE0-724A72A01E04} = {B64AE941-F928-4954-BCE0-724A72A01E04}
		{BD428073-55B2-4406-A4D1-2772D1E48B0F} = {BD428073-55B2-4406-A4D1-2772D1E48B0F}
		{C2ECE45C-3C70-42C5-BDE1-E06DDAF7D7AE} = {C2ECE45C-3C70-42C5-BDE1-E06DDAF7D7AE}
		{CC28AE5B-5301-3C9A-84F7-70E0A4F4394B} = {CC28AE5B-5301-3C9A-84F7-70E0A4F4394B}
		{CEBDE98B-A6AA-46E6-BC79-FAAF823DB9EC} = {CEBDE98B-A6AA-46E6-BC79-FAAF823DB9EC}
		{DFC0E67A-B30E-3996-83B0-9B7031FB82F2} = {DFC0E67A-B30E-3996-83B0-9B7031FB82F2}
		{E0B52AE7-E160-4D32-BF3F-910B785E5A8E} = {E0B52AE7-E160-4D32-BF3F-910B785E5A8E}
	EndProjectSection
EndProject
Project("{8BC9CEB8-8B4A-11D0-8D11-00A0C91BC942}") = "DXEngine_083", "DXENGINE_083\DXEngine_083.vcxproj", "{CCFC7ABF-1F44-4556-AD07-D7D24C9E4127}"
	ProjectSection(ProjectDependencies) = postProject
		{0BDF6BA9-3A46-4E8A-B996-12F51D2FB632} = {0BDF6BA9-3A46-4E8A-B996-12F51D2FB632}
		{210F2098-2008-3D12-A67E-6B99BC5F3434} = {210F2098-2008-3D12-A67E-6B99BC5F3434}
		{2CEB20A8-A257-442A-B2A9-81D21CAC9AA1} = {2CEB20A8-A257-442A-B2A9-81D21CAC9AA1}
		{3278BD5A-9A68-4A3A-BBF7-FA358EF2EFCC} = {3278BD5A-9A68-4A3A-BBF7-FA358EF2EFCC}
		{35F223F2-6AEB-4832-86D0-3A24D1B7772F} = {35F223F2-6AEB-4832-86D0-3A24D1B7772F}
		{371B9FA9-4C90-4AC6-A123-ACED756D6C77} = {371B9FA9-4C90-4AC6-A123-ACED756D6C77}
		{3A214E06-B95E-4D61-A291-1F8DF2EC10FD} = {3A214E06-B95E-4D61-A291-1F8DF2EC10FD}
		{3FAAB841-4F82-4B50-BC4F-33427406128F} = {3FAAB841-4F82-4B50-BC4F-33427406128F}
		{6A129AC5-A668-4B43-8931-41036A5F7DCB} = {6A129AC5-A668-4B43-8931-41036A5F7DCB}
		{7A40BF20-B19C-47A5-BB9A-F5174F4110ED} = {7A40BF20-B19C-47A5-BB9A-F5174F4110ED}
		{8701029E-A496-403A-91DF-C7E7FACF0D88} = {8701029E-A496-403A-91DF-C7E7FACF0D88}
		{AB109A0F-0CB5-4637-947A-2439D436054A} = {AB109A0F-0CB5-4637-947A-2439D436054A}
		{B64AE941-F928-4954-BCE0-724A72A01E04} = {B64AE941-F928-4954-BCE0-724A72A01E04}
		{BD428073-55B2-4406-A4D1-2772D1E48B0F} = {BD428073-55B2-4406-A4D1-2772D1E48B0F}
		{C2ECE45C-3C70-42C5-BDE1-E06DDAF7D7AE} = {C2ECE45C-3C70-42C5-BDE1-E06DDAF7D7AE}
		{CC28AE5B-5301-3C9A-84F7-70E0A4F4394B} = {CC28AE5B-5301-3C9A-84F7-70E0A4F4394B}
		{CEBDE98B-A6AA-46E6-BC79-FAAF823DB9EC} = {CEBDE98B-A6AA-46E6-BC79-FAAF823DB9EC}
		{DFC0E67A-B30E-3996-83B0-9B7031FB82F2} = {DFC0E67A-B30E-3996-83B0-9B7031FB82F2}
		{E0B52AE7-E160-4D32-BF3F-910B785E5A8E} = {E0B52AE7-E160-4D32-BF3F-910B785E5A8E}
	EndProjectSection
EndProject
Project("{8BC9CEB8-8B4A-11D0-8D11-00A0C91BC942}") = "DXEngine_084", "DXENGINE_084\DXEngine_084.vcxproj", "{55E99ACB-62CB-4F7D-9132-C7DD2248A864}"
	ProjectSection(ProjectDependencies) = postProject
		{0BDF6BA9-3A46-4E8A-B996-12F51D2FB632} = {0BDF6BA9-3A46-4E8A-B996-12F51D2FB632}
		{210F2098-2008-3D12-A67E-6B99BC5F3434} = {210F2098-2008-3D12-A67E-6B99BC5F3434}
		{2CEB20A8-A257-442A-B2A9-81D21CAC9AA1} = {2CEB20A8-A257-442A-B2A9-81D21CAC9AA1}
		{3278BD5A-9A68-4A3A-BBF7-FA358EF2EFCC} = {3278BD5A-9A68-4A3A-BBF7-FA358EF2EFCC}
		{35F223F2-6AEB-4832-86D0-3A24D1B7772F} = {35F223F2-6AEB-4832-86D0-3A24D1B7772F}
		{371B9FA9-4C90-4AC6-A123-ACED756D6C77} = {371B9FA9-4C90-4AC6-A123-ACED756D6C77}
		{3A214E06-B95E-4D61-A291-1F8DF2EC10FD} = {3A214E06-B95E-4D61-A291-1F8DF2EC10FD}
		{3FAAB841-4F82-4B50-BC4F-33427406128F} = {3FAAB841-4F82-4B50-BC4F-33427406128F}
		{6A129AC5-A668-4B43-8931-41036A5F7DCB} = {6A129AC5-A668-4B43-8931-41036A5F7DCB}
		{7A40BF20-B19C-47A5-BB9A-F5174F4110ED} = {7A40BF20-B19C-47A5-BB9A-F5174F4110ED}
		{8701029E-A496-403A-91DF-C7E7FACF0D88} = {8701029E-A496-403A-91DF-C7E7FACF0D88}
		{AB109A0F-0CB5-4637-947A-2439D436054A} = {AB109A0F-0CB5-4637-947A-2439D436054A}
		{B64AE941-F928-4954-BCE0-724A72A01E04} = {B64AE941-F928-4954-BCE0-724A72A01E04}
		{BD428073-55B2-4406-A4D1-2772D1E48B0F} = {BD428073-55B2-4406-A4D1-2772D1E48B0F}
		{C2ECE45C-3C70-42C5-BDE1-E06DDAF7D7AE} = {C2ECE45C-3C70-42C5-BDE1-E06DDAF7D7AE}
		{CC28AE5B-5301-3C9A-84F7-70E0A4F4394B} = {CC28AE5B-5301-3C9A-84F7-70E0A4F4394B}
		{CEBDE98B-A6AA-46E6-BC79-FAAF823DB9EC} = {CEBDE98B-A6AA-46E6-BC79-FAAF823DB9EC}
		{DFC0E67A-B30E-3996-83B0-9B7031FB82F2} = {DFC0E67A-B30E-3996-83B0-9B7031FB82F2}
		{E0B52AE7-E160-4D32-BF3F-910B785E5A8E} = {E0B52AE7-E160-4D32-BF3F-910B785E5A8E}
	EndProjectSection
EndProject
Project("{8BC9CEB8-8B4A-11D0-8D11-00A0C91BC942}") = "DirectXTex", "..\ThirdParty\external\DirectXTex\DirectXTex\DirectXTex_Desktop_2022_Win10.vcxproj", "{371B9FA9-4C90-4AC6-A123-ACED756D6C77}"
EndProject
Project("{8BC9CEB8-8B4A-11D0-8D11-00A0C91BC942}") = "DirectXTK_Desktop_2022_Win10", "..\ThirdParty\external\DirectXTK\DirectXTK_Desktop_2022_Win10.vcxproj", "{E0B52AE7-E160-4D32-BF3F-910B785E5A8E}"
EndProject
Project("{8BC9CEB8-8B4A-11D0-8D11-00A0C91BC942}") = "DXEngine_085", "DXENGINE_085\DXEngine_085.vcxproj", "{DE1B2B35-0D29-4ED7-923C-02C72399E4C1}"
	ProjectSection(ProjectDependencies) = postProject
		{0BDF6BA9-3A46-4E8A-B996-12F51D2FB632} = {0BDF6BA9-3A46-4E8A-B996-12F51D2FB632}
		{210F2098-2008-3D12-A67E-6B99BC5F3434} = {210F2098-2008-3D12-A67E-6B99BC5F3434}
		{2CEB20A8-A257-442A-B2A9-81D21CAC9AA1} = {2CEB20A8-A257-442A-B2A9-81D21CAC9AA1}
		{3278BD5A-9A68-4A3A-BBF7-FA358EF2EFCC} = {3278BD5A-9A68-4A3A-BBF7-FA358EF2EFCC}
		{35F223F2-6AEB-4832-86D0-3A24D1B7772F} = {35F223F2-6AEB-4832-86D0-3A24D1B7772F}
		{371B9FA9-4C90-4AC6-A123-ACED756D6C77} = {371B9FA9-4C90-4AC6-A123-ACED756D6C77}
		{3A214E06-B95E-4D61-A291-1F8DF2EC10FD} = {3A214E06-B95E-4D61-A291-1F8DF2EC10FD}
		{3FAAB841-4F82-4B50-BC4F-33427406128F} = {3FAAB841-4F82-4B50-BC4F-33427406128F}
		{6A129AC5-A668-4B43-8931-41036A5F7DCB} = {6A129AC5-A668-4B43-8931-41036A5F7DCB}
		{7A40BF20-B19C-47A5-BB9A-F5174F4110ED} = {7A40BF20-B19C-47A5-BB9A-F5174F4110ED}
		{8701029E-A496-403A-91DF-C7E7FACF0D88} = {8701029E-A496-403A-91DF-C7E7FACF0D88}
		{AB109A0F-0CB5-4637-947A-2439D436054A} = {AB109A0F-0CB5-4637-947A-2439D436054A}
		{B64AE941-F928-4954-BCE0-724A72A01E04} = {B64AE941-F928-4954-BCE0-724A72A01E04}
		{BD428073-55B2-4406-A4D1-2772D1E48B0F} = {BD428073-55B2-4406-A4D1-2772D1E48B0F}
		{C2ECE45C-3C70-42C5-BDE1-E06DDAF7D7AE} = {C2ECE45C-3C70-42C5-BDE1-E06DDAF7D7AE}
		{CC28AE5B-5301-3C9A-84F7-70E0A4F4394B} = {CC28AE5B-5301-3C9A-84F7-70E0A4F4394B}
		{CEBDE98B-A6AA-46E6-BC79-FAAF823DB9EC} = {CEBDE98B-A6AA-46E6-BC79-FAAF823DB9EC}
		{DB417315-C28A-4E4E-9BD1-A0EC106DA2A6} = {DB417315-C28A-4E4E-9BD1-A0EC106DA2A6}
		{DFC0E67A-B30E-3996-83B0-9B7031FB82F2} = {DFC0E67A-B30E-3996-83B0-9B7031FB82F2}
		{E0B52AE7-E160-4D32-BF3F-910B785E5A8E} = {E0B52AE7-E160-4D32-BF3F-910B785E5A8E}
	EndProjectSection
EndProject
Project("{8BC9CEB8-8B4A-11D0-8D11-00A0C91BC942}") = "Assimp-latest-Engine", "..\ThirdParty\PPG-master\Engine\Engine-latest.vcxproj", "{DB417315-C28A-4E4E-9BD1-A0EC106DA2A6}"
EndProject
Project("{2150E333-8FDC-42A3-9474-1A3956D46DE8}") = "Assimp", "Assimp", "{02EA681E-C7D8-13C7-8484-4AC65E1B71E8}"
EndProject
Project("{8BC9CEB8-8B4A-11D0-8D11-00A0C91BC942}") = "assimp", "..\ThirdParty\external\assimp-build\code\assimp.vcxproj", "{DFC0E67A-B30E-3996-83B0-9B7031FB82F2}"
EndProject
Project("{8BC9CEB8-8B4A-11D0-8D11-00A0C91BC942}") = "zlibstatic", "..\ThirdParty\external\assimp-build\contrib\zlib\zlibstatic.vcxproj", "{210F2098-2008-3D12-A67E-6B99BC5F3434}"
EndProject
Project("{8BC9CEB8-8B4A-11D0-8D11-00A0C91BC942}") = "DXEngine_086", "DXENGINE_086\DXEngine_086.vcxproj", "{4ED12429-2C7A-4E7E-8AC0-180BADFE95DD}"
	ProjectSection(ProjectDependencies) = postProject
		{0BDF6BA9-3A46-4E8A-B996-12F51D2FB632} = {0BDF6BA9-3A46-4E8A-B996-12F51D2FB632}
		{210F2098-2008-3D12-A67E-6B99BC5F3434} = {210F2098-2008-3D12-A67E-6B99BC5F3434}
		{2CEB20A8-A257-442A-B2A9-81D21CAC9AA1} = {2CEB20A8-A257-442A-B2A9-81D21CAC9AA1}
		{3278BD5A-9A68-4A3A-BBF7-FA358EF2EFCC} = {3278BD5A-9A68-4A3A-BBF7-FA358EF2EFCC}
		{35F223F2-6AEB-4832-86D0-3A24D1B7772F} = {35F223F2-6AEB-4832-86D0-3A24D1B7772F}
		{371B9FA9-4C90-4AC6-A123-ACED756D6C77} = {371B9FA9-4C90-4AC6-A123-ACED756D6C77}
		{3A214E06-B95E-4D61-A291-1F8DF2EC10FD} = {3A214E06-B95E-4D61-A291-1F8DF2EC10FD}
		{3FAAB841-4F82-4B50-BC4F-33427406128F} = {3FAAB841-4F82-4B50-BC4F-33427406128F}
		{6A129AC5-A668-4B43-8931-41036A5F7DCB} = {6A129AC5-A668-4B43-8931-41036A5F7DCB}
		{7A40BF20-B19C-47A5-BB9A-F5174F4110ED} = {7A40BF20-B19C-47A5-BB9A-F5174F4110ED}
		{8701029E-A496-403A-91DF-C7E7FACF0D88} = {8701029E-A496-403A-91DF-C7E7FACF0D88}
		{AB109A0F-0CB5-4637-947A-2439D436054A} = {AB109A0F-0CB5-4637-947A-2439D436054A}
		{B64AE941-F928-4954-BCE0-724A72A01E04} = {B64AE941-F928-4954-BCE0-724A72A01E04}
		{BD428073-55B2-4406-A4D1-2772D1E48B0F} = {BD428073-55B2-4406-A4D1-2772D1E48B0F}
		{C2ECE45C-3C70-42C5-BDE1-E06DDAF7D7AE} = {C2ECE45C-3C70-42C5-BDE1-E06DDAF7D7AE}
		{CC28AE5B-5301-3C9A-84F7-70E0A4F4394B} = {CC28AE5B-5301-3C9A-84F7-70E0A4F4394B}
		{CEBDE98B-A6AA-46E6-BC79-FAAF823DB9EC} = {CEBDE98B-A6AA-46E6-BC79-FAAF823DB9EC}
		{DB417315-C28A-4E4E-9BD1-A0EC106DA2A6} = {DB417315-C28A-4E4E-9BD1-A0EC106DA2A6}
		{DFC0E67A-B30E-3996-83B0-9B7031FB82F2} = {DFC0E67A-B30E-3996-83B0-9B7031FB82F2}
		{E0B52AE7-E160-4D32-BF3F-910B785E5A8E} = {E0B52AE7-E160-4D32-BF3F-910B785E5A8E}
	EndProjectSection
EndProject
Project("{2150E333-8FDC-42A3-9474-1A3956D46DE8}") = "EXTERNAL_LIB (CORE003)TCPIP", "EXTERNAL_LIB (CORE003)TCPIP", "{4EEB4042-F239-49C5-976D-80792B7FA04A}"
EndProject
Project("{2150E333-8FDC-42A3-9474-1A3956D46DE8}") = "EXTERNAL_LIB (CORE006)ZipUtils", "EXTERNAL_LIB (CORE006)ZipUtils", "{2C00C3D4-8F87-47CC-8CF0-868F50541AE7}"
EndProject
Project("{2150E333-8FDC-42A3-9474-1A3956D46DE8}") = "EXT_DDS", "EXT_DDS", "{93D71BC9-24E2-4273-B2AC-5764C0779AB2}"
EndProject
Project("{2150E333-8FDC-42A3-9474-1A3956D46DE8}") = "EXT_TGA", "EXT_TGA", "{6AEDA96F-0628-487A-904B-4C4A54A9EFE7}"
EndProject
Project("{8BC9CEB8-8B4A-11D0-8D11-00A0C91BC942}") = "DXEngine_087", "DXENGINE_087\DXEngine_087.vcxproj", "{57E35E7B-6E36-4D65-A2B8-2A4C6AB16D96}"
	ProjectSection(ProjectDependencies) = postProject
		{0BDF6BA9-3A46-4E8A-B996-12F51D2FB632} = {0BDF6BA9-3A46-4E8A-B996-12F51D2FB632}
		{210F2098-2008-3D12-A67E-6B99BC5F3434} = {210F2098-2008-3D12-A67E-6B99BC5F3434}
		{2CEB20A8-A257-442A-B2A9-81D21CAC9AA1} = {2CEB20A8-A257-442A-B2A9-81D21CAC9AA1}
		{3278BD5A-9A68-4A3A-BBF7-FA358EF2EFCC} = {3278BD5A-9A68-4A3A-BBF7-FA358EF2EFCC}
		{35F223F2-6AEB-4832-86D0-3A24D1B7772F} = {35F223F2-6AEB-4832-86D0-3A24D1B7772F}
		{371B9FA9-4C90-4AC6-A123-ACED756D6C77} = {371B9FA9-4C90-4AC6-A123-ACED756D6C77}
		{3A214E06-B95E-4D61-A291-1F8DF2EC10FD} = {3A214E06-B95E-4D61-A291-1F8DF2EC10FD}
		{3FAAB841-4F82-4B50-BC4F-33427406128F} = {3FAAB841-4F82-4B50-BC4F-33427406128F}
		{6A129AC5-A668-4B43-8931-41036A5F7DCB} = {6A129AC5-A668-4B43-8931-41036A5F7DCB}
		{7A40BF20-B19C-47A5-BB9A-F5174F4110ED} = {7A40BF20-B19C-47A5-BB9A-F5174F4110ED}
		{8701029E-A496-403A-91DF-C7E7FACF0D88} = {8701029E-A496-403A-91DF-C7E7FACF0D88}
		{AB109A0F-0CB5-4637-947A-2439D436054A} = {AB109A0F-0CB5-4637-947A-2439D436054A}
		{B64AE941-F928-4954-BCE0-724A72A01E04} = {B64AE941-F928-4954-BCE0-724A72A01E04}
		{BD428073-55B2-4406-A4D1-2772D1E48B0F} = {BD428073-55B2-4406-A4D1-2772D1E48B0F}
		{C2ECE45C-3C70-42C5-BDE1-E06DDAF7D7AE} = {C2ECE45C-3C70-42C5-BDE1-E06DDAF7D7AE}
		{CC28AE5B-5301-3C9A-84F7-70E0A4F4394B} = {CC28AE5B-5301-3C9A-84F7-70E0A4F4394B}
		{CEBDE98B-A6AA-46E6-BC79-FAAF823DB9EC} = {CEBDE98B-A6AA-46E6-BC79-FAAF823DB9EC}
		{DB417315-C28A-4E4E-9BD1-A0EC106DA2A6} = {DB417315-C28A-4E4E-9BD1-A0EC106DA2A6}
		{DFC0E67A-B30E-3996-83B0-9B7031FB82F2} = {DFC0E67A-B30E-3996-83B0-9B7031FB82F2}
		{E0B52AE7-E160-4D32-BF3F-910B785E5A8E} = {E0B52AE7-E160-4D32-BF3F-910B785E5A8E}
	EndProjectSection
EndProject
Project("{8BC9CEB8-8B4A-11D0-8D11-00A0C91BC942}") = "DXEngine_088", "DXENGINE_088\DXEngine_088.vcxproj", "{625BD616-CA9E-4C7D-AB38-3105D9472072}"
	ProjectSection(ProjectDependencies) = postProject
		{0BDF6BA9-3A46-4E8A-B996-12F51D2FB632} = {0BDF6BA9-3A46-4E8A-B996-12F51D2FB632}
		{210F2098-2008-3D12-A67E-6B99BC5F3434} = {210F2098-2008-3D12-A67E-6B99BC5F3434}
		{2CEB20A8-A257-442A-B2A9-81D21CAC9AA1} = {2CEB20A8-A257-442A-B2A9-81D21CAC9AA1}
		{3278BD5A-9A68-4A3A-BBF7-FA358EF2EFCC} = {3278BD5A-9A68-4A3A-BBF7-FA358EF2EFCC}
		{35F223F2-6AEB-4832-86D0-3A24D1B7772F} = {35F223F2-6AEB-4832-86D0-3A24D1B7772F}
		{371B9FA9-4C90-4AC6-A123-ACED756D6C77} = {371B9FA9-4C90-4AC6-A123-ACED756D6C77}
		{3A214E06-B95E-4D61-A291-1F8DF2EC10FD} = {3A214E06-B95E-4D61-A291-1F8DF2EC10FD}
		{3FAAB841-4F82-4B50-BC4F-33427406128F} = {3FAAB841-4F82-4B50-BC4F-33427406128F}
		{6A129AC5-A668-4B43-8931-41036A5F7DCB} = {6A129AC5-A668-4B43-8931-41036A5F7DCB}
		{7A40BF20-B19C-47A5-BB9A-F5174F4110ED} = {7A40BF20-B19C-47A5-BB9A-F5174F4110ED}
		{8701029E-A496-403A-91DF-C7E7FACF0D88} = {8701029E-A496-403A-91DF-C7E7FACF0D88}
		{AB109A0F-0CB5-4637-947A-2439D436054A} = {AB109A0F-0CB5-4637-947A-2439D436054A}
		{B64AE941-F928-4954-BCE0-724A72A01E04} = {B64AE941-F928-4954-BCE0-724A72A01E04}
		{BD428073-55B2-4406-A4D1-2772D1E48B0F} = {BD428073-55B2-4406-A4D1-2772D1E48B0F}
		{C2ECE45C-3C70-42C5-BDE1-E06DDAF7D7AE} = {C2ECE45C-3C70-42C5-BDE1-E06DDAF7D7AE}
		{CC28AE5B-5301-3C9A-84F7-70E0A4F4394B} = {CC28AE5B-5301-3C9A-84F7-70E0A4F4394B}
		{CEBDE98B-A6AA-46E6-BC79-FAAF823DB9EC} = {CEBDE98B-A6AA-46E6-BC79-FAAF823DB9EC}
		{DB417315-C28A-4E4E-9BD1-A0EC106DA2A6} = {DB417315-C28A-4E4E-9BD1-A0EC106DA2A6}
		{DFC0E67A-B30E-3996-83B0-9B7031FB82F2} = {DFC0E67A-B30E-3996-83B0-9B7031FB82F2}
		{E0B52AE7-E160-4D32-BF3F-910B785E5A8E} = {E0B52AE7-E160-4D32-BF3F-910B785E5A8E}
	EndProjectSection
EndProject
Project("{8BC9CEB8-8B4A-11D0-8D11-00A0C91BC942}") = "DXEngine_089", "DXENGINE_089\DXEngine_089.vcxproj", "{B1101308-1833-4F7F-97A9-12964FD12DFE}"
	ProjectSection(ProjectDependencies) = postProject
		{0BDF6BA9-3A46-4E8A-B996-12F51D2FB632} = {0BDF6BA9-3A46-4E8A-B996-12F51D2FB632}
		{210F2098-2008-3D12-A67E-6B99BC5F3434} = {210F2098-2008-3D12-A67E-6B99BC5F3434}
		{2CEB20A8-A257-442A-B2A9-81D21CAC9AA1} = {2CEB20A8-A257-442A-B2A9-81D21CAC9AA1}
		{3278BD5A-9A68-4A3A-BBF7-FA358EF2EFCC} = {3278BD5A-9A68-4A3A-BBF7-FA358EF2EFCC}
		{35F223F2-6AEB-4832-86D0-3A24D1B7772F} = {35F223F2-6AEB-4832-86D0-3A24D1B7772F}
		{371B9FA9-4C90-4AC6-A123-ACED756D6C77} = {371B9FA9-4C90-4AC6-A123-ACED756D6C77}
		{3A214E06-B95E-4D61-A291-1F8DF2EC10FD} = {3A214E06-B95E-4D61-A291-1F8DF2EC10FD}
		{3FAAB841-4F82-4B50-BC4F-33427406128F} = {3FAAB841-4F82-4B50-BC4F-33427406128F}
		{6A129AC5-A668-4B43-8931-41036A5F7DCB} = {6A129AC5-A668-4B43-8931-41036A5F7DCB}
		{7A40BF20-B19C-47A5-BB9A-F5174F4110ED} = {7A40BF20-B19C-47A5-BB9A-F5174F4110ED}
		{8701029E-A496-403A-91DF-C7E7FACF0D88} = {8701029E-A496-403A-91DF-C7E7FACF0D88}
		{AB109A0F-0CB5-4637-947A-2439D436054A} = {AB109A0F-0CB5-4637-947A-2439D436054A}
		{B64AE941-F928-4954-BCE0-724A72A01E04} = {B64AE941-F928-4954-BCE0-724A72A01E04}
		{BD428073-55B2-4406-A4D1-2772D1E48B0F} = {BD428073-55B2-4406-A4D1-2772D1E48B0F}
		{C2ECE45C-3C70-42C5-BDE1-E06DDAF7D7AE} = {C2ECE45C-3C70-42C5-BDE1-E06DDAF7D7AE}
		{CC28AE5B-5301-3C9A-84F7-70E0A4F4394B} = {CC28AE5B-5301-3C9A-84F7-70E0A4F4394B}
		{CEBDE98B-A6AA-46E6-BC79-FAAF823DB9EC} = {CEBDE98B-A6AA-46E6-BC79-FAAF823DB9EC}
		{DB417315-C28A-4E4E-9BD1-A0EC106DA2A6} = {DB417315-C28A-4E4E-9BD1-A0EC106DA2A6}
		{DFC0E67A-B30E-3996-83B0-9B7031FB82F2} = {DFC0E67A-B30E-3996-83B0-9B7031FB82F2}
		{E0B52AE7-E160-4D32-BF3F-910B785E5A8E} = {E0B52AE7-E160-4D32-BF3F-910B785E5A8E}
	EndProjectSection
EndProject
Project("{8BC9CEB8-8B4A-11D0-8D11-00A0C91BC942}") = "DXEngine_090", "DXENGINE_090\DXEngine_090.vcxproj", "{0DD40979-AFFE-4BED-ACA0-F6FD9C8652BD}"
	ProjectSection(ProjectDependencies) = postProject
		{0BDF6BA9-3A46-4E8A-B996-12F51D2FB632} = {0BDF6BA9-3A46-4E8A-B996-12F51D2FB632}
		{210F2098-2008-3D12-A67E-6B99BC5F3434} = {210F2098-2008-3D12-A67E-6B99BC5F3434}
		{2CEB20A8-A257-442A-B2A9-81D21CAC9AA1} = {2CEB20A8-A257-442A-B2A9-81D21CAC9AA1}
		{3278BD5A-9A68-4A3A-BBF7-FA358EF2EFCC} = {3278BD5A-9A68-4A3A-BBF7-FA358EF2EFCC}
		{35F223F2-6AEB-4832-86D0-3A24D1B7772F} = {35F223F2-6AEB-4832-86D0-3A24D1B7772F}
		{371B9FA9-4C90-4AC6-A123-ACED756D6C77} = {371B9FA9-4C90-4AC6-A123-ACED756D6C77}
		{3A214E06-B95E-4D61-A291-1F8DF2EC10FD} = {3A214E06-B95E-4D61-A291-1F8DF2EC10FD}
		{3FAAB841-4F82-4B50-BC4F-33427406128F} = {3FAAB841-4F82-4B50-BC4F-33427406128F}
		{6A129AC5-A668-4B43-8931-41036A5F7DCB} = {6A129AC5-A668-4B43-8931-41036A5F7DCB}
		{7A40BF20-B19C-47A5-BB9A-F5174F4110ED} = {7A40BF20-B19C-47A5-BB9A-F5174F4110ED}
		{8701029E-A496-403A-91DF-C7E7FACF0D88} = {8701029E-A496-403A-91DF-C7E7FACF0D88}
		{AB109A0F-0CB5-4637-947A-2439D436054A} = {AB109A0F-0CB5-4637-947A-2439D436054A}
		{B64AE941-F928-4954-BCE0-724A72A01E04} = {B64AE941-F928-4954-BCE0-724A72A01E04}
		{BD428073-55B2-4406-A4D1-2772D1E48B0F} = {BD428073-55B2-4406-A4D1-2772D1E48B0F}
		{C2ECE45C-3C70-42C5-BDE1-E06DDAF7D7AE} = {C2ECE45C-3C70-42C5-BDE1-E06DDAF7D7AE}
		{CC28AE5B-5301-3C9A-84F7-70E0A4F4394B} = {CC28AE5B-5301-3C9A-84F7-70E0A4F4394B}
		{CEBDE98B-A6AA-46E6-BC79-FAAF823DB9EC} = {CEBDE98B-A6AA-46E6-BC79-FAAF823DB9EC}
		{DB417315-C28A-4E4E-9BD1-A0EC106DA2A6} = {DB417315-C28A-4E4E-9BD1-A0EC106DA2A6}
		{DFC0E67A-B30E-3996-83B0-9B7031FB82F2} = {DFC0E67A-B30E-3996-83B0-9B7031FB82F2}
		{E0B52AE7-E160-4D32-BF3F-910B785E5A8E} = {E0B52AE7-E160-4D32-BF3F-910B785E5A8E}
	EndProjectSection
EndProject
Project("{8BC9CEB8-8B4A-11D0-8D11-00A0C91BC942}") = "DXEngine_091", "DXENGINE_091\DXEngine_091.vcxproj", "{5F81D984-F25E-4850-B7B5-7AC322216396}"
	ProjectSection(ProjectDependencies) = postProject
		{0BDF6BA9-3A46-4E8A-B996-12F51D2FB632} = {0BDF6BA9-3A46-4E8A-B996-12F51D2FB632}
		{210F2098-2008-3D12-A67E-6B99BC5F3434} = {210F2098-2008-3D12-A67E-6B99BC5F3434}
		{2CEB20A8-A257-442A-B2A9-81D21CAC9AA1} = {2CEB20A8-A257-442A-B2A9-81D21CAC9AA1}
		{3278BD5A-9A68-4A3A-BBF7-FA358EF2EFCC} = {3278BD5A-9A68-4A3A-BBF7-FA358EF2EFCC}
		{35F223F2-6AEB-4832-86D0-3A24D1B7772F} = {35F223F2-6AEB-4832-86D0-3A24D1B7772F}
		{371B9FA9-4C90-4AC6-A123-ACED756D6C77} = {371B9FA9-4C90-4AC6-A123-ACED756D6C77}
		{3A214E06-B95E-4D61-A291-1F8DF2EC10FD} = {3A214E06-B95E-4D61-A291-1F8DF2EC10FD}
		{3FAAB841-4F82-4B50-BC4F-33427406128F} = {3FAAB841-4F82-4B50-BC4F-33427406128F}
		{6A129AC5-A668-4B43-8931-41036A5F7DCB} = {6A129AC5-A668-4B43-8931-41036A5F7DCB}
		{7A40BF20-B19C-47A5-BB9A-F5174F4110ED} = {7A40BF20-B19C-47A5-BB9A-F5174F4110ED}
		{8701029E-A496-403A-91DF-C7E7FACF0D88} = {8701029E-A496-403A-91DF-C7E7FACF0D88}
		{AB109A0F-0CB5-4637-947A-2439D436054A} = {AB109A0F-0CB5-4637-947A-2439D436054A}
		{B64AE941-F928-4954-BCE0-724A72A01E04} = {B64AE941-F928-4954-BCE0-724A72A01E04}
		{BD428073-55B2-4406-A4D1-2772D1E48B0F} = {BD428073-55B2-4406-A4D1-2772D1E48B0F}
		{C2ECE45C-3C70-42C5-BDE1-E06DDAF7D7AE} = {C2ECE45C-3C70-42C5-BDE1-E06DDAF7D7AE}
		{CC28AE5B-5301-3C9A-84F7-70E0A4F4394B} = {CC28AE5B-5301-3C9A-84F7-70E0A4F4394B}
		{CEBDE98B-A6AA-46E6-BC79-FAAF823DB9EC} = {CEBDE98B-A6AA-46E6-BC79-FAAF823DB9EC}
		{DB417315-C28A-4E4E-9BD1-A0EC106DA2A6} = {DB417315-C28A-4E4E-9BD1-A0EC106DA2A6}
		{DFC0E67A-B30E-3996-83B0-9B7031FB82F2} = {DFC0E67A-B30E-3996-83B0-9B7031FB82F2}
		{E0B52AE7-E160-4D32-BF3F-910B785E5A8E} = {E0B52AE7-E160-4D32-BF3F-910B785E5A8E}
	EndProjectSection
EndProject
Project("{8BC9CEB8-8B4A-11D0-8D11-00A0C91BC942}") = "DXEngine_092", "DXENGINE_092\DXEngine_092.vcxproj", "{60FE4B75-B32E-4816-9642-12879812DC4D}"
	ProjectSection(ProjectDependencies) = postProject
		{0BDF6BA9-3A46-4E8A-B996-12F51D2FB632} = {0BDF6BA9-3A46-4E8A-B996-12F51D2FB632}
		{210F2098-2008-3D12-A67E-6B99BC5F3434} = {210F2098-2008-3D12-A67E-6B99BC5F3434}
		{2CEB20A8-A257-442A-B2A9-81D21CAC9AA1} = {2CEB20A8-A257-442A-B2A9-81D21CAC9AA1}
		{3278BD5A-9A68-4A3A-BBF7-FA358EF2EFCC} = {3278BD5A-9A68-4A3A-BBF7-FA358EF2EFCC}
		{35F223F2-6AEB-4832-86D0-3A24D1B7772F} = {35F223F2-6AEB-4832-86D0-3A24D1B7772F}
		{371B9FA9-4C90-4AC6-A123-ACED756D6C77} = {371B9FA9-4C90-4AC6-A123-ACED756D6C77}
		{3A214E06-B95E-4D61-A291-1F8DF2EC10FD} = {3A214E06-B95E-4D61-A291-1F8DF2EC10FD}
		{3FAAB841-4F82-4B50-BC4F-33427406128F} = {3FAAB841-4F82-4B50-BC4F-33427406128F}
		{6A129AC5-A668-4B43-8931-41036A5F7DCB} = {6A129AC5-A668-4B43-8931-41036A5F7DCB}
		{7A40BF20-B19C-47A5-BB9A-F5174F4110ED} = {7A40BF20-B19C-47A5-BB9A-F5174F4110ED}
		{8701029E-A496-403A-91DF-C7E7FACF0D88} = {8701029E-A496-403A-91DF-C7E7FACF0D88}
		{AB109A0F-0CB5-4637-947A-2439D436054A} = {AB109A0F-0CB5-4637-947A-2439D436054A}
		{B64AE941-F928-4954-BCE0-724A72A01E04} = {B64AE941-F928-4954-BCE0-724A72A01E04}
		{BD428073-55B2-4406-A4D1-2772D1E48B0F} = {BD428073-55B2-4406-A4D1-2772D1E48B0F}
		{C2ECE45C-3C70-42C5-BDE1-E06DDAF7D7AE} = {C2ECE45C-3C70-42C5-BDE1-E06DDAF7D7AE}
		{CC28AE5B-5301-3C9A-84F7-70E0A4F4394B} = {CC28AE5B-5301-3C9A-84F7-70E0A4F4394B}
		{CEBDE98B-A6AA-46E6-BC79-FAAF823DB9EC} = {CEBDE98B-A6AA-46E6-BC79-FAAF823DB9EC}
		{DB417315-C28A-4E4E-9BD1-A0EC106DA2A6} = {DB417315-C28A-4E4E-9BD1-A0EC106DA2A6}
		{DFC0E67A-B30E-3996-83B0-9B7031FB82F2} = {DFC0E67A-B30E-3996-83B0-9B7031FB82F2}
		{E0B52AE7-E160-4D32-BF3F-910B785E5A8E} = {E0B52AE7-E160-4D32-BF3F-910B785E5A8E}
	EndProjectSection
EndProject
Project("{8BC9CEB8-8B4A-11D0-8D11-00A0C91BC942}") = "DXEngine_093", "DXENGINE_093\DXEngine_093.vcxproj", "{83247222-06B4-456E-88E7-5DC1A0E8E710}"
	ProjectSection(ProjectDependencies) = postProject
		{0BDF6BA9-3A46-4E8A-B996-12F51D2FB632} = {0BDF6BA9-3A46-4E8A-B996-12F51D2FB632}
		{210F2098-2008-3D12-A67E-6B99BC5F3434} = {210F2098-2008-3D12-A67E-6B99BC5F3434}
		{2CEB20A8-A257-442A-B2A9-81D21CAC9AA1} = {2CEB20A8-A257-442A-B2A9-81D21CAC9AA1}
		{3278BD5A-9A68-4A3A-BBF7-FA358EF2EFCC} = {3278BD5A-9A68-4A3A-BBF7-FA358EF2EFCC}
		{35F223F2-6AEB-4832-86D0-3A24D1B7772F} = {35F223F2-6AEB-4832-86D0-3A24D1B7772F}
		{371B9FA9-4C90-4AC6-A123-ACED756D6C77} = {371B9FA9-4C90-4AC6-A123-ACED756D6C77}
		{3A214E06-B95E-4D61-A291-1F8DF2EC10FD} = {3A214E06-B95E-4D61-A291-1F8DF2EC10FD}
		{3FAAB841-4F82-4B50-BC4F-33427406128F} = {3FAAB841-4F82-4B50-BC4F-33427406128F}
		{6A129AC5-A668-4B43-8931-41036A5F7DCB} = {6A129AC5-A668-4B43-8931-41036A5F7DCB}
		{7A40BF20-B19C-47A5-BB9A-F5174F4110ED} = {7A40BF20-B19C-47A5-BB9A-F5174F4110ED}
		{8701029E-A496-403A-91DF-C7E7FACF0D88} = {8701029E-A496-403A-91DF-C7E7FACF0D88}
		{AB109A0F-0CB5-4637-947A-2439D436054A} = {AB109A0F-0CB5-4637-947A-2439D436054A}
		{B64AE941-F928-4954-BCE0-724A72A01E04} = {B64AE941-F928-4954-BCE0-724A72A01E04}
		{BD428073-55B2-4406-A4D1-2772D1E48B0F} = {BD428073-55B2-4406-A4D1-2772D1E48B0F}
		{C2ECE45C-3C70-42C5-BDE1-E06DDAF7D7AE} = {C2ECE45C-3C70-42C5-BDE1-E06DDAF7D7AE}
		{CC28AE5B-5301-3C9A-84F7-70E0A4F4394B} = {CC28AE5B-5301-3C9A-84F7-70E0A4F4394B}
		{CEBDE98B-A6AA-46E6-BC79-FAAF823DB9EC} = {CEBDE98B-A6AA-46E6-BC79-FAAF823DB9EC}
		{DB417315-C28A-4E4E-9BD1-A0EC106DA2A6} = {DB417315-C28A-4E4E-9BD1-A0EC106DA2A6}
		{DFC0E67A-B30E-3996-83B0-9B7031FB82F2} = {DFC0E67A-B30E-3996-83B0-9B7031FB82F2}
		{E0B52AE7-E160-4D32-BF3F-910B785E5A8E} = {E0B52AE7-E160-4D32-BF3F-910B785E5A8E}
	EndProjectSection
EndProject
Project("{8BC9CEB8-8B4A-11D0-8D11-00A0C91BC942}") = "DXEngine_094", "DXENGINE_094\DXEngine_094.vcxproj", "{54D624C7-C45C-4CB7-9068-5AF7236C0505}"
	ProjectSection(ProjectDependencies) = postProject
		{0BDF6BA9-3A46-4E8A-B996-12F51D2FB632} = {0BDF6BA9-3A46-4E8A-B996-12F51D2FB632}
		{210F2098-2008-3D12-A67E-6B99BC5F3434} = {210F2098-2008-3D12-A67E-6B99BC5F3434}
		{2CEB20A8-A257-442A-B2A9-81D21CAC9AA1} = {2CEB20A8-A257-442A-B2A9-81D21CAC9AA1}
		{3278BD5A-9A68-4A3A-BBF7-FA358EF2EFCC} = {3278BD5A-9A68-4A3A-BBF7-FA358EF2EFCC}
		{35F223F2-6AEB-4832-86D0-3A24D1B7772F} = {35F223F2-6AEB-4832-86D0-3A24D1B7772F}
		{371B9FA9-4C90-4AC6-A123-ACED756D6C77} = {371B9FA9-4C90-4AC6-A123-ACED756D6C77}
		{3A214E06-B95E-4D61-A291-1F8DF2EC10FD} = {3A214E06-B95E-4D61-A291-1F8DF2EC10FD}
		{3FAAB841-4F82-4B50-BC4F-33427406128F} = {3FAAB841-4F82-4B50-BC4F-33427406128F}
		{6A129AC5-A668-4B43-8931-41036A5F7DCB} = {6A129AC5-A668-4B43-8931-41036A5F7DCB}
		{7A40BF20-B19C-47A5-BB9A-F5174F4110ED} = {7A40BF20-B19C-47A5-BB9A-F5174F4110ED}
		{8701029E-A496-403A-91DF-C7E7FACF0D88} = {8701029E-A496-403A-91DF-C7E7FACF0D88}
		{AB109A0F-0CB5-4637-947A-2439D436054A} = {AB109A0F-0CB5-4637-947A-2439D436054A}
		{B64AE941-F928-4954-BCE0-724A72A01E04} = {B64AE941-F928-4954-BCE0-724A72A01E04}
		{BD428073-55B2-4406-A4D1-2772D1E48B0F} = {BD428073-55B2-4406-A4D1-2772D1E48B0F}
		{C2ECE45C-3C70-42C5-BDE1-E06DDAF7D7AE} = {C2ECE45C-3C70-42C5-BDE1-E06DDAF7D7AE}
		{CC28AE5B-5301-3C9A-84F7-70E0A4F4394B} = {CC28AE5B-5301-3C9A-84F7-70E0A4F4394B}
		{CEBDE98B-A6AA-46E6-BC79-FAAF823DB9EC} = {CEBDE98B-A6AA-46E6-BC79-FAAF823DB9EC}
		{DB417315-C28A-4E4E-9BD1-A0EC106DA2A6} = {DB417315-C28A-4E4E-9BD1-A0EC106DA2A6}
		{DFC0E67A-B30E-3996-83B0-9B7031FB82F2} = {DFC0E67A-B30E-3996-83B0-9B7031FB82F2}
		{E0B52AE7-E160-4D32-BF3F-910B785E5A8E} = {E0B52AE7-E160-4D32-BF3F-910B785E5A8E}
	EndProjectSection
EndProject
Project("{8BC9CEB8-8B4A-11D0-8D11-00A0C91BC942}") = "DXEngine_096", "DXENGINE_096\DXEngine_096.vcxproj", "{D600E45A-697F-4450-A7CF-96B9B923799F}"
	ProjectSection(ProjectDependencies) = postProject
		{0BDF6BA9-3A46-4E8A-B996-12F51D2FB632} = {0BDF6BA9-3A46-4E8A-B996-12F51D2FB632}
		{210F2098-2008-3D12-A67E-6B99BC5F3434} = {210F2098-2008-3D12-A67E-6B99BC5F3434}
		{2CEB20A8-A257-442A-B2A9-81D21CAC9AA1} = {2CEB20A8-A257-442A-B2A9-81D21CAC9AA1}
		{3278BD5A-9A68-4A3A-BBF7-FA358EF2EFCC} = {3278BD5A-9A68-4A3A-BBF7-FA358EF2EFCC}
		{35F223F2-6AEB-4832-86D0-3A24D1B7772F} = {35F223F2-6AEB-4832-86D0-3A24D1B7772F}
		{371B9FA9-4C90-4AC6-A123-ACED756D6C77} = {371B9FA9-4C90-4AC6-A123-ACED756D6C77}
		{3A214E06-B95E-4D61-A291-1F8DF2EC10FD} = {3A214E06-B95E-4D61-A291-1F8DF2EC10FD}
		{3FAAB841-4F82-4B50-BC4F-33427406128F} = {3FAAB841-4F82-4B50-BC4F-33427406128F}
		{6A129AC5-A668-4B43-8931-41036A5F7DCB} = {6A129AC5-A668-4B43-8931-41036A5F7DCB}
		{7A40BF20-B19C-47A5-BB9A-F5174F4110ED} = {7A40BF20-B19C-47A5-BB9A-F5174F4110ED}
		{8701029E-A496-403A-91DF-C7E7FACF0D88} = {8701029E-A496-403A-91DF-C7E7FACF0D88}
		{AB109A0F-0CB5-4637-947A-2439D436054A} = {AB109A0F-0CB5-4637-947A-2439D436054A}
		{B64AE941-F928-4954-BCE0-724A72A01E04} = {B64AE941-F928-4954-BCE0-724A72A01E04}
		{BD428073-55B2-4406-A4D1-2772D1E48B0F} = {BD428073-55B2-4406-A4D1-2772D1E48B0F}
		{C2ECE45C-3C70-42C5-BDE1-E06DDAF7D7AE} = {C2ECE45C-3C70-42C5-BDE1-E06DDAF7D7AE}
		{CC28AE5B-5301-3C9A-84F7-70E0A4F4394B} = {CC28AE5B-5301-3C9A-84F7-70E0A4F4394B}
		{CEBDE98B-A6AA-46E6-BC79-FAAF823DB9EC} = {CEBDE98B-A6AA-46E6-BC79-FAAF823DB9EC}
		{DB417315-C28A-4E4E-9BD1-A0EC106DA2A6} = {DB417315-C28A-4E4E-9BD1-A0EC106DA2A6}
		{DFC0E67A-B30E-3996-83B0-9B7031FB82F2} = {DFC0E67A-B30E-3996-83B0-9B7031FB82F2}
		{E0B52AE7-E160-4D32-BF3F-910B785E5A8E} = {E0B52AE7-E160-4D32-BF3F-910B785E5A8E}
	EndProjectSection
EndProject
Global
	GlobalSection(SolutionConfigurationPlatforms) = preSolution
		Debug|x64 = Debug|x64
		Debug|x86 = Debug|x86
		Release|x64 = Release|x64
		Release|x86 = Release|x86
		WDebug|x64 = WDebug|x64
		WDebug|x86 = WDebug|x86
		WRelease|x64 = WRelease|x64
		WRelease|x86 = WRelease|x86
	EndGlobalSection
	GlobalSection(ProjectConfigurationPlatforms) = postSolution
		{8701029E-A496-403A-91DF-C7E7FACF0D88}.Debug|x64.ActiveCfg = Debug|x64
		{8701029E-A496-403A-91DF-C7E7FACF0D88}.Debug|x64.Build.0 = Debug|x64
		{8701029E-A496-403A-91DF-C7E7FACF0D88}.Debug|x86.ActiveCfg = Debug|Win32
		{8701029E-A496-403A-91DF-C7E7FACF0D88}.Debug|x86.Build.0 = Debug|Win32
		{8701029E-A496-403A-91DF-C7E7FACF0D88}.Release|x64.ActiveCfg = Release|x64
		{8701029E-A496-403A-91DF-C7E7FACF0D88}.Release|x64.Build.0 = Release|x64
		{8701029E-A496-403A-91DF-C7E7FACF0D88}.Release|x86.ActiveCfg = Release|Win32
		{8701029E-A496-403A-91DF-C7E7FACF0D88}.Release|x86.Build.0 = Release|Win32
		{8701029E-A496-403A-91DF-C7E7FACF0D88}.WDebug|x64.ActiveCfg = WDebug|x64
		{8701029E-A496-403A-91DF-C7E7FACF0D88}.WDebug|x64.Build.0 = WDebug|x64
		{8701029E-A496-403A-91DF-C7E7FACF0D88}.WDebug|x86.ActiveCfg = WDebug|Win32
		{8701029E-A496-403A-91DF-C7E7FACF0D88}.WDebug|x86.Build.0 = WDebug|Win32
		{8701029E-A496-403A-91DF-C7E7FACF0D88}.WRelease|x64.ActiveCfg = Release|x64
		{8701029E-A496-403A-91DF-C7E7FACF0D88}.WRelease|x64.Build.0 = Release|x64
		{8701029E-A496-403A-91DF-C7E7FACF0D88}.WRelease|x86.ActiveCfg = Release|Win32
		{8701029E-A496-403A-91DF-C7E7FACF0D88}.WRelease|x86.Build.0 = Release|Win32
		{BD428073-55B2-4406-A4D1-2772D1E48B0F}.Debug|x64.ActiveCfg = Debug|x64
		{BD428073-55B2-4406-A4D1-2772D1E48B0F}.Debug|x64.Build.0 = Debug|x64
		{BD428073-55B2-4406-A4D1-2772D1E48B0F}.Debug|x86.ActiveCfg = Debug|Win32
		{BD428073-55B2-4406-A4D1-2772D1E48B0F}.Debug|x86.Build.0 = Debug|Win32
		{BD428073-55B2-4406-A4D1-2772D1E48B0F}.Release|x64.ActiveCfg = Release|x64
		{BD428073-55B2-4406-A4D1-2772D1E48B0F}.Release|x64.Build.0 = Release|x64
		{BD428073-55B2-4406-A4D1-2772D1E48B0F}.Release|x86.ActiveCfg = Release|Win32
		{BD428073-55B2-4406-A4D1-2772D1E48B0F}.Release|x86.Build.0 = Release|Win32
		{BD428073-55B2-4406-A4D1-2772D1E48B0F}.WDebug|x64.ActiveCfg = WDebug|x64
		{BD428073-55B2-4406-A4D1-2772D1E48B0F}.WDebug|x64.Build.0 = WDebug|x64
		{BD428073-55B2-4406-A4D1-2772D1E48B0F}.WDebug|x86.ActiveCfg = WDebug|Win32
		{BD428073-55B2-4406-A4D1-2772D1E48B0F}.WDebug|x86.Build.0 = WDebug|Win32
		{BD428073-55B2-4406-A4D1-2772D1E48B0F}.WRelease|x64.ActiveCfg = Release|x64
		{BD428073-55B2-4406-A4D1-2772D1E48B0F}.WRelease|x64.Build.0 = Release|x64
		{BD428073-55B2-4406-A4D1-2772D1E48B0F}.WRelease|x86.ActiveCfg = Release|Win32
		{BD428073-55B2-4406-A4D1-2772D1E48B0F}.WRelease|x86.Build.0 = Release|Win32
		{0BDF6BA9-3A46-4E8A-B996-12F51D2FB632}.Debug|x64.ActiveCfg = Debug|x64
		{0BDF6BA9-3A46-4E8A-B996-12F51D2FB632}.Debug|x64.Build.0 = Debug|x64
		{0BDF6BA9-3A46-4E8A-B996-12F51D2FB632}.Debug|x86.ActiveCfg = Debug|Win32
		{0BDF6BA9-3A46-4E8A-B996-12F51D2FB632}.Debug|x86.Build.0 = Debug|Win32
		{0BDF6BA9-3A46-4E8A-B996-12F51D2FB632}.Release|x64.ActiveCfg = Release|x64
		{0BDF6BA9-3A46-4E8A-B996-12F51D2FB632}.Release|x64.Build.0 = Release|x64
		{0BDF6BA9-3A46-4E8A-B996-12F51D2FB632}.Release|x86.ActiveCfg = Release|Win32
		{0BDF6BA9-3A46-4E8A-B996-12F51D2FB632}.Release|x86.Build.0 = Release|Win32
		{0BDF6BA9-3A46-4E8A-B996-12F51D2FB632}.WDebug|x64.ActiveCfg = WDebug|x64
		{0BDF6BA9-3A46-4E8A-B996-12F51D2FB632}.WDebug|x64.Build.0 = WDebug|x64
		{0BDF6BA9-3A46-4E8A-B996-12F51D2FB632}.WDebug|x86.ActiveCfg = WDebug|Win32
		{0BDF6BA9-3A46-4E8A-B996-12F51D2FB632}.WDebug|x86.Build.0 = WDebug|Win32
		{0BDF6BA9-3A46-4E8A-B996-12F51D2FB632}.WRelease|x64.ActiveCfg = Release|x64
		{0BDF6BA9-3A46-4E8A-B996-12F51D2FB632}.WRelease|x64.Build.0 = Release|x64
		{0BDF6BA9-3A46-4E8A-B996-12F51D2FB632}.WRelease|x86.ActiveCfg = Release|Win32
		{0BDF6BA9-3A46-4E8A-B996-12F51D2FB632}.WRelease|x86.Build.0 = Release|Win32
		{C2ECE45C-3C70-42C5-BDE1-E06DDAF7D7AE}.Debug|x64.ActiveCfg = Debug|x64
		{C2ECE45C-3C70-42C5-BDE1-E06DDAF7D7AE}.Debug|x64.Build.0 = Debug|x64
		{C2ECE45C-3C70-42C5-BDE1-E06DDAF7D7AE}.Debug|x86.ActiveCfg = Debug|Win32
		{C2ECE45C-3C70-42C5-BDE1-E06DDAF7D7AE}.Debug|x86.Build.0 = Debug|Win32
		{C2ECE45C-3C70-42C5-BDE1-E06DDAF7D7AE}.Release|x64.ActiveCfg = Release|x64
		{C2ECE45C-3C70-42C5-BDE1-E06DDAF7D7AE}.Release|x64.Build.0 = Release|x64
		{C2ECE45C-3C70-42C5-BDE1-E06DDAF7D7AE}.Release|x86.ActiveCfg = Release|Win32
		{C2ECE45C-3C70-42C5-BDE1-E06DDAF7D7AE}.Release|x86.Build.0 = Release|Win32
		{C2ECE45C-3C70-42C5-BDE1-E06DDAF7D7AE}.WDebug|x64.ActiveCfg = WDebug|x64
		{C2ECE45C-3C70-42C5-BDE1-E06DDAF7D7AE}.WDebug|x64.Build.0 = WDebug|x64
		{C2ECE45C-3C70-42C5-BDE1-E06DDAF7D7AE}.WDebug|x86.ActiveCfg = WDebug|Win32
		{C2ECE45C-3C70-42C5-BDE1-E06DDAF7D7AE}.WDebug|x86.Build.0 = WDebug|Win32
		{C2ECE45C-3C70-42C5-BDE1-E06DDAF7D7AE}.WRelease|x64.ActiveCfg = WRelease|x64
		{C2ECE45C-3C70-42C5-BDE1-E06DDAF7D7AE}.WRelease|x64.Build.0 = WRelease|x64
		{C2ECE45C-3C70-42C5-BDE1-E06DDAF7D7AE}.WRelease|x86.ActiveCfg = WRelease|Win32
		{C2ECE45C-3C70-42C5-BDE1-E06DDAF7D7AE}.WRelease|x86.Build.0 = WRelease|Win32
		{2CEB20A8-A257-442A-B2A9-81D21CAC9AA1}.Debug|x64.ActiveCfg = Debug|x64
		{2CEB20A8-A257-442A-B2A9-81D21CAC9AA1}.Debug|x64.Build.0 = Debug|x64
		{2CEB20A8-A257-442A-B2A9-81D21CAC9AA1}.Debug|x86.ActiveCfg = Debug|Win32
		{2CEB20A8-A257-442A-B2A9-81D21CAC9AA1}.Debug|x86.Build.0 = Debug|Win32
		{2CEB20A8-A257-442A-B2A9-81D21CAC9AA1}.Release|x64.ActiveCfg = Release|x64
		{2CEB20A8-A257-442A-B2A9-81D21CAC9AA1}.Release|x64.Build.0 = Release|x64
		{2CEB20A8-A257-442A-B2A9-81D21CAC9AA1}.Release|x86.ActiveCfg = Release|Win32
		{2CEB20A8-A257-442A-B2A9-81D21CAC9AA1}.Release|x86.Build.0 = Release|Win32
		{2CEB20A8-A257-442A-B2A9-81D21CAC9AA1}.WDebug|x64.ActiveCfg = WDebug|x64
		{2CEB20A8-A257-442A-B2A9-81D21CAC9AA1}.WDebug|x64.Build.0 = WDebug|x64
		{2CEB20A8-A257-442A-B2A9-81D21CAC9AA1}.WDebug|x86.ActiveCfg = WDebug|Win32
		{2CEB20A8-A257-442A-B2A9-81D21CAC9AA1}.WDebug|x86.Build.0 = WDebug|Win32
		{2CEB20A8-A257-442A-B2A9-81D21CAC9AA1}.WRelease|x64.ActiveCfg = WRelease|x64
		{2CEB20A8-A257-442A-B2A9-81D21CAC9AA1}.WRelease|x64.Build.0 = WRelease|x64
		{2CEB20A8-A257-442A-B2A9-81D21CAC9AA1}.WRelease|x86.ActiveCfg = WRelease|Win32
		{2CEB20A8-A257-442A-B2A9-81D21CAC9AA1}.WRelease|x86.Build.0 = WRelease|Win32
		{35F223F2-6AEB-4832-86D0-3A24D1B7772F}.Debug|x64.ActiveCfg = Debug|x64
		{35F223F2-6AEB-4832-86D0-3A24D1B7772F}.Debug|x64.Build.0 = Debug|x64
		{35F223F2-6AEB-4832-86D0-3A24D1B7772F}.Debug|x86.ActiveCfg = Debug|Win32
		{35F223F2-6AEB-4832-86D0-3A24D1B7772F}.Debug|x86.Build.0 = Debug|Win32
		{35F223F2-6AEB-4832-86D0-3A24D1B7772F}.Release|x64.ActiveCfg = Release|x64
		{35F223F2-6AEB-4832-86D0-3A24D1B7772F}.Release|x64.Build.0 = Release|x64
		{35F223F2-6AEB-4832-86D0-3A24D1B7772F}.Release|x86.ActiveCfg = Release|Win32
		{35F223F2-6AEB-4832-86D0-3A24D1B7772F}.Release|x86.Build.0 = Release|Win32
		{35F223F2-6AEB-4832-86D0-3A24D1B7772F}.WDebug|x64.ActiveCfg = WDebug|x64
		{35F223F2-6AEB-4832-86D0-3A24D1B7772F}.WDebug|x64.Build.0 = WDebug|x64
		{35F223F2-6AEB-4832-86D0-3A24D1B7772F}.WDebug|x86.ActiveCfg = Debug|Win32
		{35F223F2-6AEB-4832-86D0-3A24D1B7772F}.WDebug|x86.Build.0 = Debug|Win32
		{35F223F2-6AEB-4832-86D0-3A24D1B7772F}.WRelease|x64.ActiveCfg = Release|x64
		{35F223F2-6AEB-4832-86D0-3A24D1B7772F}.WRelease|x64.Build.0 = Release|x64
		{35F223F2-6AEB-4832-86D0-3A24D1B7772F}.WRelease|x86.ActiveCfg = Release|Win32
		{35F223F2-6AEB-4832-86D0-3A24D1B7772F}.WRelease|x86.Build.0 = Release|Win32
		{6A129AC5-A668-4B43-8931-41036A5F7DCB}.Debug|x64.ActiveCfg = Debug|x64
		{6A129AC5-A668-4B43-8931-41036A5F7DCB}.Debug|x64.Build.0 = Debug|x64
		{6A129AC5-A668-4B43-8931-41036A5F7DCB}.Debug|x86.ActiveCfg = Debug|Win32
		{6A129AC5-A668-4B43-8931-41036A5F7DCB}.Debug|x86.Build.0 = Debug|Win32
		{6A129AC5-A668-4B43-8931-41036A5F7DCB}.Release|x64.ActiveCfg = Release|x64
		{6A129AC5-A668-4B43-8931-41036A5F7DCB}.Release|x64.Build.0 = Release|x64
		{6A129AC5-A668-4B43-8931-41036A5F7DCB}.Release|x86.ActiveCfg = Release|Win32
		{6A129AC5-A668-4B43-8931-41036A5F7DCB}.Release|x86.Build.0 = Release|Win32
		{6A129AC5-A668-4B43-8931-41036A5F7DCB}.WDebug|x64.ActiveCfg = WDebug|x64
		{6A129AC5-A668-4B43-8931-41036A5F7DCB}.WDebug|x64.Build.0 = WDebug|x64
		{6A129AC5-A668-4B43-8931-41036A5F7DCB}.WDebug|x86.ActiveCfg = Debug|Win32
		{6A129AC5-A668-4B43-8931-41036A5F7DCB}.WDebug|x86.Build.0 = Debug|Win32
		{6A129AC5-A668-4B43-8931-41036A5F7DCB}.WRelease|x64.ActiveCfg = Release|x64
		{6A129AC5-A668-4B43-8931-41036A5F7DCB}.WRelease|x64.Build.0 = Release|x64
		{6A129AC5-A668-4B43-8931-41036A5F7DCB}.WRelease|x86.ActiveCfg = Release|Win32
		{6A129AC5-A668-4B43-8931-41036A5F7DCB}.WRelease|x86.Build.0 = Release|Win32
		{B64AE941-F928-4954-BCE0-724A72A01E04}.Debug|x64.ActiveCfg = Debug|x64
		{B64AE941-F928-4954-BCE0-724A72A01E04}.Debug|x64.Build.0 = Debug|x64
		{B64AE941-F928-4954-BCE0-724A72A01E04}.Debug|x86.ActiveCfg = Debug|Win32
		{B64AE941-F928-4954-BCE0-724A72A01E04}.Debug|x86.Build.0 = Debug|Win32
		{B64AE941-F928-4954-BCE0-724A72A01E04}.Release|x64.ActiveCfg = Release|x64
		{B64AE941-F928-4954-BCE0-724A72A01E04}.Release|x64.Build.0 = Release|x64
		{B64AE941-F928-4954-BCE0-724A72A01E04}.Release|x86.ActiveCfg = Release|Win32
		{B64AE941-F928-4954-BCE0-724A72A01E04}.Release|x86.Build.0 = Release|Win32
		{B64AE941-F928-4954-BCE0-724A72A01E04}.WDebug|x64.ActiveCfg = WDebug|x64
		{B64AE941-F928-4954-BCE0-724A72A01E04}.WDebug|x64.Build.0 = WDebug|x64
		{B64AE941-F928-4954-BCE0-724A72A01E04}.WDebug|x86.ActiveCfg = Debug|Win32
		{B64AE941-F928-4954-BCE0-724A72A01E04}.WDebug|x86.Build.0 = Debug|Win32
		{B64AE941-F928-4954-BCE0-724A72A01E04}.WRelease|x64.ActiveCfg = Release|x64
		{B64AE941-F928-4954-BCE0-724A72A01E04}.WRelease|x64.Build.0 = Release|x64
		{B64AE941-F928-4954-BCE0-724A72A01E04}.WRelease|x86.ActiveCfg = Release|Win32
		{B64AE941-F928-4954-BCE0-724A72A01E04}.WRelease|x86.Build.0 = Release|Win32
		{AB109A0F-0CB5-4637-947A-2439D436054A}.Debug|x64.ActiveCfg = Debug|x64
		{AB109A0F-0CB5-4637-947A-2439D436054A}.Debug|x64.Build.0 = Debug|x64
		{AB109A0F-0CB5-4637-947A-2439D436054A}.Debug|x86.ActiveCfg = Debug|Win32
		{AB109A0F-0CB5-4637-947A-2439D436054A}.Debug|x86.Build.0 = Debug|Win32
		{AB109A0F-0CB5-4637-947A-2439D436054A}.Release|x64.ActiveCfg = Release|x64
		{AB109A0F-0CB5-4637-947A-2439D436054A}.Release|x64.Build.0 = Release|x64
		{AB109A0F-0CB5-4637-947A-2439D436054A}.Release|x86.ActiveCfg = Release|Win32
		{AB109A0F-0CB5-4637-947A-2439D436054A}.Release|x86.Build.0 = Release|Win32
		{AB109A0F-0CB5-4637-947A-2439D436054A}.WDebug|x64.ActiveCfg = WDebug|x64
		{AB109A0F-0CB5-4637-947A-2439D436054A}.WDebug|x64.Build.0 = WDebug|x64
		{AB109A0F-0CB5-4637-947A-2439D436054A}.WDebug|x86.ActiveCfg = Debug|Win32
		{AB109A0F-0CB5-4637-947A-2439D436054A}.WDebug|x86.Build.0 = Debug|Win32
		{AB109A0F-0CB5-4637-947A-2439D436054A}.WRelease|x64.ActiveCfg = Release|x64
		{AB109A0F-0CB5-4637-947A-2439D436054A}.WRelease|x64.Build.0 = Release|x64
		{AB109A0F-0CB5-4637-947A-2439D436054A}.WRelease|x86.ActiveCfg = Release|Win32
		{AB109A0F-0CB5-4637-947A-2439D436054A}.WRelease|x86.Build.0 = Release|Win32
		{CC28AE5B-5301-3C9A-84F7-70E0A4F4394B}.Debug|x64.ActiveCfg = Debug|x64
		{CC28AE5B-5301-3C9A-84F7-70E0A4F4394B}.Debug|x64.Build.0 = Debug|x64
		{CC28AE5B-5301-3C9A-84F7-70E0A4F4394B}.Debug|x86.ActiveCfg = Debug|x64
		{CC28AE5B-5301-3C9A-84F7-70E0A4F4394B}.Debug|x86.Build.0 = Debug|x64
		{CC28AE5B-5301-3C9A-84F7-70E0A4F4394B}.Release|x64.ActiveCfg = Release|x64
		{CC28AE5B-5301-3C9A-84F7-70E0A4F4394B}.Release|x64.Build.0 = Release|x64
		{CC28AE5B-5301-3C9A-84F7-70E0A4F4394B}.Release|x86.ActiveCfg = Release|x64
		{CC28AE5B-5301-3C9A-84F7-70E0A4F4394B}.Release|x86.Build.0 = Release|x64
		{CC28AE5B-5301-3C9A-84F7-70E0A4F4394B}.WDebug|x64.ActiveCfg = WDebug|x64
		{CC28AE5B-5301-3C9A-84F7-70E0A4F4394B}.WDebug|x64.Build.0 = WDebug|x64
		{CC28AE5B-5301-3C9A-84F7-70E0A4F4394B}.WDebug|x86.ActiveCfg = Debug|x64
		{CC28AE5B-5301-3C9A-84F7-70E0A4F4394B}.WDebug|x86.Build.0 = Debug|x64
		{CC28AE5B-5301-3C9A-84F7-70E0A4F4394B}.WRelease|x64.ActiveCfg = Release|x64
		{CC28AE5B-5301-3C9A-84F7-70E0A4F4394B}.WRelease|x64.Build.0 = Release|x64
		{CC28AE5B-5301-3C9A-84F7-70E0A4F4394B}.WRelease|x86.ActiveCfg = Release|x64
		{CC28AE5B-5301-3C9A-84F7-70E0A4F4394B}.WRelease|x86.Build.0 = Release|x64
		{3FAAB841-4F82-4B50-BC4F-33427406128F}.Debug|x64.ActiveCfg = Debug|x64
		{3FAAB841-4F82-4B50-BC4F-33427406128F}.Debug|x64.Build.0 = Debug|x64
		{3FAAB841-4F82-4B50-BC4F-33427406128F}.Debug|x86.ActiveCfg = Debug|Win32
		{3FAAB841-4F82-4B50-BC4F-33427406128F}.Debug|x86.Build.0 = Debug|Win32
		{3FAAB841-4F82-4B50-BC4F-33427406128F}.Release|x64.ActiveCfg = Release|x64
		{3FAAB841-4F82-4B50-BC4F-33427406128F}.Release|x64.Build.0 = Release|x64
		{3FAAB841-4F82-4B50-BC4F-33427406128F}.Release|x86.ActiveCfg = Release|Win32
		{3FAAB841-4F82-4B50-BC4F-33427406128F}.Release|x86.Build.0 = Release|Win32
		{3FAAB841-4F82-4B50-BC4F-33427406128F}.WDebug|x64.ActiveCfg = WDebug|x64
		{3FAAB841-4F82-4B50-BC4F-33427406128F}.WDebug|x64.Build.0 = WDebug|x64
		{3FAAB841-4F82-4B50-BC4F-33427406128F}.WDebug|x86.ActiveCfg = Debug|Win32
		{3FAAB841-4F82-4B50-BC4F-33427406128F}.WDebug|x86.Build.0 = Debug|Win32
		{3FAAB841-4F82-4B50-BC4F-33427406128F}.WRelease|x64.ActiveCfg = Release|x64
		{3FAAB841-4F82-4B50-BC4F-33427406128F}.WRelease|x64.Build.0 = Release|x64
		{3FAAB841-4F82-4B50-BC4F-33427406128F}.WRelease|x86.ActiveCfg = Release|Win32
		{3FAAB841-4F82-4B50-BC4F-33427406128F}.WRelease|x86.Build.0 = Release|Win32
		{3278BD5A-9A68-4A3A-BBF7-FA358EF2EFCC}.Debug|x64.ActiveCfg = Debug|x64
		{3278BD5A-9A68-4A3A-BBF7-FA358EF2EFCC}.Debug|x64.Build.0 = Debug|x64
		{3278BD5A-9A68-4A3A-BBF7-FA358EF2EFCC}.Debug|x86.ActiveCfg = Debug|Win32
		{3278BD5A-9A68-4A3A-BBF7-FA358EF2EFCC}.Debug|x86.Build.0 = Debug|Win32
		{3278BD5A-9A68-4A3A-BBF7-FA358EF2EFCC}.Release|x64.ActiveCfg = Release|x64
		{3278BD5A-9A68-4A3A-BBF7-FA358EF2EFCC}.Release|x64.Build.0 = Release|x64
		{3278BD5A-9A68-4A3A-BBF7-FA358EF2EFCC}.Release|x86.ActiveCfg = Release|Win32
		{3278BD5A-9A68-4A3A-BBF7-FA358EF2EFCC}.Release|x86.Build.0 = Release|Win32
		{3278BD5A-9A68-4A3A-BBF7-FA358EF2EFCC}.WDebug|x64.ActiveCfg = WDebug|x64
		{3278BD5A-9A68-4A3A-BBF7-FA358EF2EFCC}.WDebug|x64.Build.0 = WDebug|x64
		{3278BD5A-9A68-4A3A-BBF7-FA358EF2EFCC}.WDebug|x86.ActiveCfg = Debug|Win32
		{3278BD5A-9A68-4A3A-BBF7-FA358EF2EFCC}.WDebug|x86.Build.0 = Debug|Win32
		{3278BD5A-9A68-4A3A-BBF7-FA358EF2EFCC}.WRelease|x64.ActiveCfg = Release|x64
		{3278BD5A-9A68-4A3A-BBF7-FA358EF2EFCC}.WRelease|x64.Build.0 = Release|x64
		{3278BD5A-9A68-4A3A-BBF7-FA358EF2EFCC}.WRelease|x86.ActiveCfg = Release|Win32
		{3278BD5A-9A68-4A3A-BBF7-FA358EF2EFCC}.WRelease|x86.Build.0 = Release|Win32
		{7A40BF20-B19C-47A5-BB9A-F5174F4110ED}.Debug|x64.ActiveCfg = Debug|x64
		{7A40BF20-B19C-47A5-BB9A-F5174F4110ED}.Debug|x64.Build.0 = Debug|x64
		{7A40BF20-B19C-47A5-BB9A-F5174F4110ED}.Debug|x86.ActiveCfg = Debug|Win32
		{7A40BF20-B19C-47A5-BB9A-F5174F4110ED}.Debug|x86.Build.0 = Debug|Win32
		{7A40BF20-B19C-47A5-BB9A-F5174F4110ED}.Release|x64.ActiveCfg = Release|x64
		{7A40BF20-B19C-47A5-BB9A-F5174F4110ED}.Release|x64.Build.0 = Release|x64
		{7A40BF20-B19C-47A5-BB9A-F5174F4110ED}.Release|x86.ActiveCfg = Release|Win32
		{7A40BF20-B19C-47A5-BB9A-F5174F4110ED}.Release|x86.Build.0 = Release|Win32
		{7A40BF20-B19C-47A5-BB9A-F5174F4110ED}.WDebug|x64.ActiveCfg = WDebug|x64
		{7A40BF20-B19C-47A5-BB9A-F5174F4110ED}.WDebug|x64.Build.0 = WDebug|x64
		{7A40BF20-B19C-47A5-BB9A-F5174F4110ED}.WDebug|x86.ActiveCfg = Debug|Win32
		{7A40BF20-B19C-47A5-BB9A-F5174F4110ED}.WDebug|x86.Build.0 = Debug|Win32
		{7A40BF20-B19C-47A5-BB9A-F5174F4110ED}.WRelease|x64.ActiveCfg = Release|x64
		{7A40BF20-B19C-47A5-BB9A-F5174F4110ED}.WRelease|x64.Build.0 = Release|x64
		{7A40BF20-B19C-47A5-BB9A-F5174F4110ED}.WRelease|x86.ActiveCfg = Release|Win32
		{7A40BF20-B19C-47A5-BB9A-F5174F4110ED}.WRelease|x86.Build.0 = Release|Win32
		{3A214E06-B95E-4D61-A291-1F8DF2EC10FD}.Debug|x64.ActiveCfg = Debug|x64
		{3A214E06-B95E-4D61-A291-1F8DF2EC10FD}.Debug|x64.Build.0 = Debug|x64
		{3A214E06-B95E-4D61-A291-1F8DF2EC10FD}.Debug|x86.ActiveCfg = Debug|Win32
		{3A214E06-B95E-4D61-A291-1F8DF2EC10FD}.Debug|x86.Build.0 = Debug|Win32
		{3A214E06-B95E-4D61-A291-1F8DF2EC10FD}.Release|x64.ActiveCfg = Release|x64
		{3A214E06-B95E-4D61-A291-1F8DF2EC10FD}.Release|x64.Build.0 = Release|x64
		{3A214E06-B95E-4D61-A291-1F8DF2EC10FD}.Release|x86.ActiveCfg = Release|Win32
		{3A214E06-B95E-4D61-A291-1F8DF2EC10FD}.Release|x86.Build.0 = Release|Win32
		{3A214E06-B95E-4D61-A291-1F8DF2EC10FD}.WDebug|x64.ActiveCfg = WDebug|x64
		{3A214E06-B95E-4D61-A291-1F8DF2EC10FD}.WDebug|x64.Build.0 = WDebug|x64
		{3A214E06-B95E-4D61-A291-1F8DF2EC10FD}.WDebug|x86.ActiveCfg = Debug|Win32
		{3A214E06-B95E-4D61-A291-1F8DF2EC10FD}.WDebug|x86.Build.0 = Debug|Win32
		{3A214E06-B95E-4D61-A291-1F8DF2EC10FD}.WRelease|x64.ActiveCfg = Release|x64
		{3A214E06-B95E-4D61-A291-1F8DF2EC10FD}.WRelease|x64.Build.0 = Release|x64
		{3A214E06-B95E-4D61-A291-1F8DF2EC10FD}.WRelease|x86.ActiveCfg = Release|Win32
		{3A214E06-B95E-4D61-A291-1F8DF2EC10FD}.WRelease|x86.Build.0 = Release|Win32
		{CEBDE98B-A6AA-46E6-BC79-FAAF823DB9EC}.Debug|x64.ActiveCfg = Debug|x64
		{CEBDE98B-A6AA-46E6-BC79-FAAF823DB9EC}.Debug|x64.Build.0 = Debug|x64
		{CEBDE98B-A6AA-46E6-BC79-FAAF823DB9EC}.Debug|x86.ActiveCfg = Debug|Win32
		{CEBDE98B-A6AA-46E6-BC79-FAAF823DB9EC}.Debug|x86.Build.0 = Debug|Win32
		{CEBDE98B-A6AA-46E6-BC79-FAAF823DB9EC}.Release|x64.ActiveCfg = Release|x64
		{CEBDE98B-A6AA-46E6-BC79-FAAF823DB9EC}.Release|x64.Build.0 = Release|x64
		{CEBDE98B-A6AA-46E6-BC79-FAAF823DB9EC}.Release|x86.ActiveCfg = Release|Win32
		{CEBDE98B-A6AA-46E6-BC79-FAAF823DB9EC}.Release|x86.Build.0 = Release|Win32
		{CEBDE98B-A6AA-46E6-BC79-FAAF823DB9EC}.WDebug|x64.ActiveCfg = WDebug|x64
		{CEBDE98B-A6AA-46E6-BC79-FAAF823DB9EC}.WDebug|x64.Build.0 = WDebug|x64
		{CEBDE98B-A6AA-46E6-BC79-FAAF823DB9EC}.WDebug|x86.ActiveCfg = Debug|Win32
		{CEBDE98B-A6AA-46E6-BC79-FAAF823DB9EC}.WDebug|x86.Build.0 = Debug|Win32
		{CEBDE98B-A6AA-46E6-BC79-FAAF823DB9EC}.WRelease|x64.ActiveCfg = Release|x64
		{CEBDE98B-A6AA-46E6-BC79-FAAF823DB9EC}.WRelease|x64.Build.0 = Release|x64
		{CEBDE98B-A6AA-46E6-BC79-FAAF823DB9EC}.WRelease|x86.ActiveCfg = Release|Win32
		{CEBDE98B-A6AA-46E6-BC79-FAAF823DB9EC}.WRelease|x86.Build.0 = Release|Win32
		{917949E6-9E59-4A42-A357-DF9FAD61F126}.Debug|x64.ActiveCfg = Debug|x64
		{917949E6-9E59-4A42-A357-DF9FAD61F126}.Debug|x64.Build.0 = Debug|x64
		{917949E6-9E59-4A42-A357-DF9FAD61F126}.Debug|x86.ActiveCfg = Debug|Win32
		{917949E6-9E59-4A42-A357-DF9FAD61F126}.Debug|x86.Build.0 = Debug|Win32
		{917949E6-9E59-4A42-A357-DF9FAD61F126}.Release|x64.ActiveCfg = Release|x64
		{917949E6-9E59-4A42-A357-DF9FAD61F126}.Release|x64.Build.0 = Release|x64
		{917949E6-9E59-4A42-A357-DF9FAD61F126}.Release|x86.ActiveCfg = Release|Win32
		{917949E6-9E59-4A42-A357-DF9FAD61F126}.Release|x86.Build.0 = Release|Win32
		{917949E6-9E59-4A42-A357-DF9FAD61F126}.WDebug|x64.ActiveCfg = WDebug|x64
		{917949E6-9E59-4A42-A357-DF9FAD61F126}.WDebug|x64.Build.0 = WDebug|x64
		{917949E6-9E59-4A42-A357-DF9FAD61F126}.WDebug|x86.ActiveCfg = WDebug|Win32
		{917949E6-9E59-4A42-A357-DF9FAD61F126}.WDebug|x86.Build.0 = WDebug|Win32
		{917949E6-9E59-4A42-A357-DF9FAD61F126}.WRelease|x64.ActiveCfg = WRelease|x64
		{917949E6-9E59-4A42-A357-DF9FAD61F126}.WRelease|x64.Build.0 = WRelease|x64
		{917949E6-9E59-4A42-A357-DF9FAD61F126}.WRelease|x86.ActiveCfg = WRelease|Win32
		{917949E6-9E59-4A42-A357-DF9FAD61F126}.WRelease|x86.Build.0 = WRelease|Win32
		{CCFC7ABF-1F44-4556-AD07-D7D24C9E4127}.Debug|x64.ActiveCfg = Debug|x64
		{CCFC7ABF-1F44-4556-AD07-D7D24C9E4127}.Debug|x64.Build.0 = Debug|x64
		{CCFC7ABF-1F44-4556-AD07-D7D24C9E4127}.Debug|x86.ActiveCfg = Debug|Win32
		{CCFC7ABF-1F44-4556-AD07-D7D24C9E4127}.Debug|x86.Build.0 = Debug|Win32
		{CCFC7ABF-1F44-4556-AD07-D7D24C9E4127}.Release|x64.ActiveCfg = Release|x64
		{CCFC7ABF-1F44-4556-AD07-D7D24C9E4127}.Release|x64.Build.0 = Release|x64
		{CCFC7ABF-1F44-4556-AD07-D7D24C9E4127}.Release|x86.ActiveCfg = Release|Win32
		{CCFC7ABF-1F44-4556-AD07-D7D24C9E4127}.Release|x86.Build.0 = Release|Win32
		{CCFC7ABF-1F44-4556-AD07-D7D24C9E4127}.WDebug|x64.ActiveCfg = WDebug|x64
		{CCFC7ABF-1F44-4556-AD07-D7D24C9E4127}.WDebug|x64.Build.0 = WDebug|x64
		{CCFC7ABF-1F44-4556-AD07-D7D24C9E4127}.WDebug|x86.ActiveCfg = WDebug|Win32
		{CCFC7ABF-1F44-4556-AD07-D7D24C9E4127}.WDebug|x86.Build.0 = WDebug|Win32
		{CCFC7ABF-1F44-4556-AD07-D7D24C9E4127}.WRelease|x64.ActiveCfg = WRelease|x64
		{CCFC7ABF-1F44-4556-AD07-D7D24C9E4127}.WRelease|x64.Build.0 = WRelease|x64
		{CCFC7ABF-1F44-4556-AD07-D7D24C9E4127}.WRelease|x86.ActiveCfg = WRelease|Win32
		{CCFC7ABF-1F44-4556-AD07-D7D24C9E4127}.WRelease|x86.Build.0 = WRelease|Win32
		{55E99ACB-62CB-4F7D-9132-C7DD2248A864}.Debug|x64.ActiveCfg = Debug|x64
		{55E99ACB-62CB-4F7D-9132-C7DD2248A864}.Debug|x64.Build.0 = Debug|x64
		{55E99ACB-62CB-4F7D-9132-C7DD2248A864}.Debug|x86.ActiveCfg = Debug|Win32
		{55E99ACB-62CB-4F7D-9132-C7DD2248A864}.Debug|x86.Build.0 = Debug|Win32
		{55E99ACB-62CB-4F7D-9132-C7DD2248A864}.Release|x64.ActiveCfg = Release|x64
		{55E99ACB-62CB-4F7D-9132-C7DD2248A864}.Release|x64.Build.0 = Release|x64
		{55E99ACB-62CB-4F7D-9132-C7DD2248A864}.Release|x86.ActiveCfg = Release|Win32
		{55E99ACB-62CB-4F7D-9132-C7DD2248A864}.Release|x86.Build.0 = Release|Win32
		{55E99ACB-62CB-4F7D-9132-C7DD2248A864}.WDebug|x64.ActiveCfg = WDebug|x64
		{55E99ACB-62CB-4F7D-9132-C7DD2248A864}.WDebug|x64.Build.0 = WDebug|x64
		{55E99ACB-62CB-4F7D-9132-C7DD2248A864}.WDebug|x86.ActiveCfg = WDebug|Win32
		{55E99ACB-62CB-4F7D-9132-C7DD2248A864}.WDebug|x86.Build.0 = WDebug|Win32
		{55E99ACB-62CB-4F7D-9132-C7DD2248A864}.WRelease|x64.ActiveCfg = WRelease|x64
		{55E99ACB-62CB-4F7D-9132-C7DD2248A864}.WRelease|x64.Build.0 = WRelease|x64
		{55E99ACB-62CB-4F7D-9132-C7DD2248A864}.WRelease|x86.ActiveCfg = WRelease|Win32
		{55E99ACB-62CB-4F7D-9132-C7DD2248A864}.WRelease|x86.Build.0 = WRelease|Win32
		{371B9FA9-4C90-4AC6-A123-ACED756D6C77}.Debug|x64.ActiveCfg = Debug|x64
		{371B9FA9-4C90-4AC6-A123-ACED756D6C77}.Debug|x64.Build.0 = Debug|x64
		{371B9FA9-4C90-4AC6-A123-ACED756D6C77}.Debug|x86.ActiveCfg = Debug|Win32
		{371B9FA9-4C90-4AC6-A123-ACED756D6C77}.Debug|x86.Build.0 = Debug|Win32
		{371B9FA9-4C90-4AC6-A123-ACED756D6C77}.Release|x64.ActiveCfg = Release|x64
		{371B9FA9-4C90-4AC6-A123-ACED756D6C77}.Release|x64.Build.0 = Release|x64
		{371B9FA9-4C90-4AC6-A123-ACED756D6C77}.Release|x86.ActiveCfg = Release|Win32
		{371B9FA9-4C90-4AC6-A123-ACED756D6C77}.Release|x86.Build.0 = Release|Win32
		{371B9FA9-4C90-4AC6-A123-ACED756D6C77}.WDebug|x64.ActiveCfg = Profile|x64
		{371B9FA9-4C90-4AC6-A123-ACED756D6C77}.WDebug|x64.Build.0 = Profile|x64
		{371B9FA9-4C90-4AC6-A123-ACED756D6C77}.WDebug|x86.ActiveCfg = Profile|Win32
		{371B9FA9-4C90-4AC6-A123-ACED756D6C77}.WDebug|x86.Build.0 = Profile|Win32
		{371B9FA9-4C90-4AC6-A123-ACED756D6C77}.WRelease|x64.ActiveCfg = Release|x64
		{371B9FA9-4C90-4AC6-A123-ACED756D6C77}.WRelease|x64.Build.0 = Release|x64
		{371B9FA9-4C90-4AC6-A123-ACED756D6C77}.WRelease|x86.ActiveCfg = Release|Win32
		{371B9FA9-4C90-4AC6-A123-ACED756D6C77}.WRelease|x86.Build.0 = Release|Win32
		{E0B52AE7-E160-4D32-BF3F-910B785E5A8E}.Debug|x64.ActiveCfg = Debug|x64
		{E0B52AE7-E160-4D32-BF3F-910B785E5A8E}.Debug|x64.Build.0 = Debug|x64
		{E0B52AE7-E160-4D32-BF3F-910B785E5A8E}.Debug|x86.ActiveCfg = Debug|Win32
		{E0B52AE7-E160-4D32-BF3F-910B785E5A8E}.Debug|x86.Build.0 = Debug|Win32
		{E0B52AE7-E160-4D32-BF3F-910B785E5A8E}.Release|x64.ActiveCfg = Release|x64
		{E0B52AE7-E160-4D32-BF3F-910B785E5A8E}.Release|x64.Build.0 = Release|x64
		{E0B52AE7-E160-4D32-BF3F-910B785E5A8E}.Release|x86.ActiveCfg = Release|Win32
		{E0B52AE7-E160-4D32-BF3F-910B785E5A8E}.Release|x86.Build.0 = Release|Win32
		{E0B52AE7-E160-4D32-BF3F-910B785E5A8E}.WDebug|x64.ActiveCfg = Release|x64
		{E0B52AE7-E160-4D32-BF3F-910B785E5A8E}.WDebug|x64.Build.0 = Release|x64
		{E0B52AE7-E160-4D32-BF3F-910B785E5A8E}.WDebug|x86.ActiveCfg = Release|Win32
		{E0B52AE7-E160-4D32-BF3F-910B785E5A8E}.WDebug|x86.Build.0 = Release|Win32
		{E0B52AE7-E160-4D32-BF3F-910B785E5A8E}.WRelease|x64.ActiveCfg = Release|x64
		{E0B52AE7-E160-4D32-BF3F-910B785E5A8E}.WRelease|x64.Build.0 = Release|x64
		{E0B52AE7-E160-4D32-BF3F-910B785E5A8E}.WRelease|x86.ActiveCfg = Release|Win32
		{E0B52AE7-E160-4D32-BF3F-910B785E5A8E}.WRelease|x86.Build.0 = Release|Win32
		{DE1B2B35-0D29-4ED7-923C-02C72399E4C1}.Debug|x64.ActiveCfg = Debug|x64
		{DE1B2B35-0D29-4ED7-923C-02C72399E4C1}.Debug|x64.Build.0 = Debug|x64
		{DE1B2B35-0D29-4ED7-923C-02C72399E4C1}.Debug|x86.ActiveCfg = Debug|Win32
		{DE1B2B35-0D29-4ED7-923C-02C72399E4C1}.Debug|x86.Build.0 = Debug|Win32
		{DE1B2B35-0D29-4ED7-923C-02C72399E4C1}.Release|x64.ActiveCfg = Release|x64
		{DE1B2B35-0D29-4ED7-923C-02C72399E4C1}.Release|x64.Build.0 = Release|x64
		{DE1B2B35-0D29-4ED7-923C-02C72399E4C1}.Release|x86.ActiveCfg = Release|Win32
		{DE1B2B35-0D29-4ED7-923C-02C72399E4C1}.Release|x86.Build.0 = Release|Win32
		{DE1B2B35-0D29-4ED7-923C-02C72399E4C1}.WDebug|x64.ActiveCfg = WDebug|x64
		{DE1B2B35-0D29-4ED7-923C-02C72399E4C1}.WDebug|x64.Build.0 = WDebug|x64
		{DE1B2B35-0D29-4ED7-923C-02C72399E4C1}.WDebug|x86.ActiveCfg = WDebug|Win32
		{DE1B2B35-0D29-4ED7-923C-02C72399E4C1}.WDebug|x86.Build.0 = WDebug|Win32
		{DE1B2B35-0D29-4ED7-923C-02C72399E4C1}.WRelease|x64.ActiveCfg = WRelease|x64
		{DE1B2B35-0D29-4ED7-923C-02C72399E4C1}.WRelease|x64.Build.0 = WRelease|x64
		{DE1B2B35-0D29-4ED7-923C-02C72399E4C1}.WRelease|x86.ActiveCfg = WRelease|Win32
		{DE1B2B35-0D29-4ED7-923C-02C72399E4C1}.WRelease|x86.Build.0 = WRelease|Win32
		{DB417315-C28A-4E4E-9BD1-A0EC106DA2A6}.Debug|x64.ActiveCfg = Debug|x64
		{DB417315-C28A-4E4E-9BD1-A0EC106DA2A6}.Debug|x64.Build.0 = Debug|x64
		{DB417315-C28A-4E4E-9BD1-A0EC106DA2A6}.Debug|x86.ActiveCfg = Debug|Win32
		{DB417315-C28A-4E4E-9BD1-A0EC106DA2A6}.Debug|x86.Build.0 = Debug|Win32
		{DB417315-C28A-4E4E-9BD1-A0EC106DA2A6}.Release|x64.ActiveCfg = Release|x64
		{DB417315-C28A-4E4E-9BD1-A0EC106DA2A6}.Release|x64.Build.0 = Release|x64
		{DB417315-C28A-4E4E-9BD1-A0EC106DA2A6}.Release|x86.ActiveCfg = Release|Win32
		{DB417315-C28A-4E4E-9BD1-A0EC106DA2A6}.Release|x86.Build.0 = Release|Win32
		{DB417315-C28A-4E4E-9BD1-A0EC106DA2A6}.WDebug|x64.ActiveCfg = Release|x64
		{DB417315-C28A-4E4E-9BD1-A0EC106DA2A6}.WDebug|x64.Build.0 = Release|x64
		{DB417315-C28A-4E4E-9BD1-A0EC106DA2A6}.WDebug|x86.ActiveCfg = Release|Win32
		{DB417315-C28A-4E4E-9BD1-A0EC106DA2A6}.WDebug|x86.Build.0 = Release|Win32
		{DB417315-C28A-4E4E-9BD1-A0EC106DA2A6}.WRelease|x64.ActiveCfg = Release|x64
		{DB417315-C28A-4E4E-9BD1-A0EC106DA2A6}.WRelease|x64.Build.0 = Release|x64
		{DB417315-C28A-4E4E-9BD1-A0EC106DA2A6}.WRelease|x86.ActiveCfg = Release|Win32
		{DB417315-C28A-4E4E-9BD1-A0EC106DA2A6}.WRelease|x86.Build.0 = Release|Win32
		{DFC0E67A-B30E-3996-83B0-9B7031FB82F2}.Debug|x64.ActiveCfg = Debug|x64
		{DFC0E67A-B30E-3996-83B0-9B7031FB82F2}.Debug|x64.Build.0 = Debug|x64
		{DFC0E67A-B30E-3996-83B0-9B7031FB82F2}.Debug|x86.ActiveCfg = Debug|x64
		{DFC0E67A-B30E-3996-83B0-9B7031FB82F2}.Debug|x86.Build.0 = Debug|x64
		{DFC0E67A-B30E-3996-83B0-9B7031FB82F2}.Release|x64.ActiveCfg = Release|x64
		{DFC0E67A-B30E-3996-83B0-9B7031FB82F2}.Release|x64.Build.0 = Release|x64
		{DFC0E67A-B30E-3996-83B0-9B7031FB82F2}.Release|x86.ActiveCfg = Release|x64
		{DFC0E67A-B30E-3996-83B0-9B7031FB82F2}.Release|x86.Build.0 = Release|x64
		{DFC0E67A-B30E-3996-83B0-9B7031FB82F2}.WDebug|x64.ActiveCfg = RelWithDebInfo|x64
		{DFC0E67A-B30E-3996-83B0-9B7031FB82F2}.WDebug|x64.Build.0 = RelWithDebInfo|x64
		{DFC0E67A-B30E-3996-83B0-9B7031FB82F2}.WDebug|x86.ActiveCfg = RelWithDebInfo|x64
		{DFC0E67A-B30E-3996-83B0-9B7031FB82F2}.WDebug|x86.Build.0 = RelWithDebInfo|x64
		{DFC0E67A-B30E-3996-83B0-9B7031FB82F2}.WRelease|x64.ActiveCfg = RelWithDebInfo|x64
		{DFC0E67A-B30E-3996-83B0-9B7031FB82F2}.WRelease|x64.Build.0 = RelWithDebInfo|x64
		{DFC0E67A-B30E-3996-83B0-9B7031FB82F2}.WRelease|x86.ActiveCfg = RelWithDebInfo|x64
		{DFC0E67A-B30E-3996-83B0-9B7031FB82F2}.WRelease|x86.Build.0 = RelWithDebInfo|x64
		{210F2098-2008-3D12-A67E-6B99BC5F3434}.Debug|x64.ActiveCfg = Debug|x64
		{210F2098-2008-3D12-A67E-6B99BC5F3434}.Debug|x64.Build.0 = Debug|x64
		{210F2098-2008-3D12-A67E-6B99BC5F3434}.Debug|x86.ActiveCfg = Debug|x64
		{210F2098-2008-3D12-A67E-6B99BC5F3434}.Debug|x86.Build.0 = Debug|x64
		{210F2098-2008-3D12-A67E-6B99BC5F3434}.Release|x64.ActiveCfg = Release|x64
		{210F2098-2008-3D12-A67E-6B99BC5F3434}.Release|x64.Build.0 = Release|x64
		{210F2098-2008-3D12-A67E-6B99BC5F3434}.Release|x86.ActiveCfg = Release|x64
		{210F2098-2008-3D12-A67E-6B99BC5F3434}.Release|x86.Build.0 = Release|x64
		{210F2098-2008-3D12-A67E-6B99BC5F3434}.WDebug|x64.ActiveCfg = RelWithDebInfo|x64
		{210F2098-2008-3D12-A67E-6B99BC5F3434}.WDebug|x64.Build.0 = RelWithDebInfo|x64
		{210F2098-2008-3D12-A67E-6B99BC5F3434}.WDebug|x86.ActiveCfg = RelWithDebInfo|x64
		{210F2098-2008-3D12-A67E-6B99BC5F3434}.WDebug|x86.Build.0 = RelWithDebInfo|x64
		{210F2098-2008-3D12-A67E-6B99BC5F3434}.WRelease|x64.ActiveCfg = RelWithDebInfo|x64
		{210F2098-2008-3D12-A67E-6B99BC5F3434}.WRelease|x64.Build.0 = RelWithDebInfo|x64
		{210F2098-2008-3D12-A67E-6B99BC5F3434}.WRelease|x86.ActiveCfg = RelWithDebInfo|x64
		{210F2098-2008-3D12-A67E-6B99BC5F3434}.WRelease|x86.Build.0 = RelWithDebInfo|x64
		{4ED12429-2C7A-4E7E-8AC0-180BADFE95DD}.Debug|x64.ActiveCfg = Debug|x64
		{4ED12429-2C7A-4E7E-8AC0-180BADFE95DD}.Debug|x64.Build.0 = Debug|x64
		{4ED12429-2C7A-4E7E-8AC0-180BADFE95DD}.Debug|x86.ActiveCfg = Debug|Win32
		{4ED12429-2C7A-4E7E-8AC0-180BADFE95DD}.Debug|x86.Build.0 = Debug|Win32
		{4ED12429-2C7A-4E7E-8AC0-180BADFE95DD}.Release|x64.ActiveCfg = Release|x64
		{4ED12429-2C7A-4E7E-8AC0-180BADFE95DD}.Release|x64.Build.0 = Release|x64
		{4ED12429-2C7A-4E7E-8AC0-180BADFE95DD}.Release|x86.ActiveCfg = Release|Win32
		{4ED12429-2C7A-4E7E-8AC0-180BADFE95DD}.Release|x86.Build.0 = Release|Win32
		{4ED12429-2C7A-4E7E-8AC0-180BADFE95DD}.WDebug|x64.ActiveCfg = WDebug|x64
		{4ED12429-2C7A-4E7E-8AC0-180BADFE95DD}.WDebug|x64.Build.0 = WDebug|x64
		{4ED12429-2C7A-4E7E-8AC0-180BADFE95DD}.WDebug|x86.ActiveCfg = WDebug|Win32
		{4ED12429-2C7A-4E7E-8AC0-180BADFE95DD}.WDebug|x86.Build.0 = WDebug|Win32
		{4ED12429-2C7A-4E7E-8AC0-180BADFE95DD}.WRelease|x64.ActiveCfg = WRelease|x64
		{4ED12429-2C7A-4E7E-8AC0-180BADFE95DD}.WRelease|x64.Build.0 = WRelease|x64
		{4ED12429-2C7A-4E7E-8AC0-180BADFE95DD}.WRelease|x86.ActiveCfg = WRelease|Win32
		{4ED12429-2C7A-4E7E-8AC0-180BADFE95DD}.WRelease|x86.Build.0 = WRelease|Win32
		{57E35E7B-6E36-4D65-A2B8-2A4C6AB16D96}.Debug|x64.ActiveCfg = Debug|x64
		{57E35E7B-6E36-4D65-A2B8-2A4C6AB16D96}.Debug|x64.Build.0 = Debug|x64
		{57E35E7B-6E36-4D65-A2B8-2A4C6AB16D96}.Debug|x86.ActiveCfg = Debug|Win32
		{57E35E7B-6E36-4D65-A2B8-2A4C6AB16D96}.Debug|x86.Build.0 = Debug|Win32
		{57E35E7B-6E36-4D65-A2B8-2A4C6AB16D96}.Release|x64.ActiveCfg = Release|x64
		{57E35E7B-6E36-4D65-A2B8-2A4C6AB16D96}.Release|x64.Build.0 = Release|x64
		{57E35E7B-6E36-4D65-A2B8-2A4C6AB16D96}.Release|x86.ActiveCfg = Release|Win32
		{57E35E7B-6E36-4D65-A2B8-2A4C6AB16D96}.Release|x86.Build.0 = Release|Win32
		{57E35E7B-6E36-4D65-A2B8-2A4C6AB16D96}.WDebug|x64.ActiveCfg = WDebug|x64
		{57E35E7B-6E36-4D65-A2B8-2A4C6AB16D96}.WDebug|x64.Build.0 = WDebug|x64
		{57E35E7B-6E36-4D65-A2B8-2A4C6AB16D96}.WDebug|x86.ActiveCfg = WDebug|Win32
		{57E35E7B-6E36-4D65-A2B8-2A4C6AB16D96}.WDebug|x86.Build.0 = WDebug|Win32
		{57E35E7B-6E36-4D65-A2B8-2A4C6AB16D96}.WRelease|x64.ActiveCfg = WRelease|x64
		{57E35E7B-6E36-4D65-A2B8-2A4C6AB16D96}.WRelease|x64.Build.0 = WRelease|x64
		{57E35E7B-6E36-4D65-A2B8-2A4C6AB16D96}.WRelease|x86.ActiveCfg = WRelease|Win32
		{57E35E7B-6E36-4D65-A2B8-2A4C6AB16D96}.WRelease|x86.Build.0 = WRelease|Win32
		{625BD616-CA9E-4C7D-AB38-3105D9472072}.Debug|x64.ActiveCfg = Debug|x64
		{625BD616-CA9E-4C7D-AB38-3105D9472072}.Debug|x64.Build.0 = Debug|x64
		{625BD616-CA9E-4C7D-AB38-3105D9472072}.Debug|x86.ActiveCfg = Debug|Win32
		{625BD616-CA9E-4C7D-AB38-3105D9472072}.Debug|x86.Build.0 = Debug|Win32
		{625BD616-CA9E-4C7D-AB38-3105D9472072}.Release|x64.ActiveCfg = Release|x64
		{625BD616-CA9E-4C7D-AB38-3105D9472072}.Release|x64.Build.0 = Release|x64
		{625BD616-CA9E-4C7D-AB38-3105D9472072}.Release|x86.ActiveCfg = Release|Win32
		{625BD616-CA9E-4C7D-AB38-3105D9472072}.Release|x86.Build.0 = Release|Win32
		{625BD616-CA9E-4C7D-AB38-3105D9472072}.WDebug|x64.ActiveCfg = WDebug|x64
		{625BD616-CA9E-4C7D-AB38-3105D9472072}.WDebug|x64.Build.0 = WDebug|x64
		{625BD616-CA9E-4C7D-AB38-3105D9472072}.WDebug|x86.ActiveCfg = WDebug|Win32
		{625BD616-CA9E-4C7D-AB38-3105D9472072}.WDebug|x86.Build.0 = WDebug|Win32
		{625BD616-CA9E-4C7D-AB38-3105D9472072}.WRelease|x64.ActiveCfg = WRelease|x64
		{625BD616-CA9E-4C7D-AB38-3105D9472072}.WRelease|x64.Build.0 = WRelease|x64
		{625BD616-CA9E-4C7D-AB38-3105D9472072}.WRelease|x86.ActiveCfg = WRelease|Win32
		{625BD616-CA9E-4C7D-AB38-3105D9472072}.WRelease|x86.Build.0 = WRelease|Win32
		{B1101308-1833-4F7F-97A9-12964FD12DFE}.Debug|x64.ActiveCfg = Debug|x64
		{B1101308-1833-4F7F-97A9-12964FD12DFE}.Debug|x64.Build.0 = Debug|x64
		{B1101308-1833-4F7F-97A9-12964FD12DFE}.Debug|x86.ActiveCfg = Debug|Win32
		{B1101308-1833-4F7F-97A9-12964FD12DFE}.Debug|x86.Build.0 = Debug|Win32
		{B1101308-1833-4F7F-97A9-12964FD12DFE}.Release|x64.ActiveCfg = Release|x64
		{B1101308-1833-4F7F-97A9-12964FD12DFE}.Release|x64.Build.0 = Release|x64
		{B1101308-1833-4F7F-97A9-12964FD12DFE}.Release|x86.ActiveCfg = Release|Win32
		{B1101308-1833-4F7F-97A9-12964FD12DFE}.Release|x86.Build.0 = Release|Win32
		{B1101308-1833-4F7F-97A9-12964FD12DFE}.WDebug|x64.ActiveCfg = WDebug|x64
		{B1101308-1833-4F7F-97A9-12964FD12DFE}.WDebug|x64.Build.0 = WDebug|x64
		{B1101308-1833-4F7F-97A9-12964FD12DFE}.WDebug|x86.ActiveCfg = WDebug|Win32
		{B1101308-1833-4F7F-97A9-12964FD12DFE}.WDebug|x86.Build.0 = WDebug|Win32
		{B1101308-1833-4F7F-97A9-12964FD12DFE}.WRelease|x64.ActiveCfg = WRelease|x64
		{B1101308-1833-4F7F-97A9-12964FD12DFE}.WRelease|x64.Build.0 = WRelease|x64
		{B1101308-1833-4F7F-97A9-12964FD12DFE}.WRelease|x86.ActiveCfg = WRelease|Win32
		{B1101308-1833-4F7F-97A9-12964FD12DFE}.WRelease|x86.Build.0 = WRelease|Win32
		{0DD40979-AFFE-4BED-ACA0-F6FD9C8652BD}.Debug|x64.ActiveCfg = Debug|x64
		{0DD40979-AFFE-4BED-ACA0-F6FD9C8652BD}.Debug|x64.Build.0 = Debug|x64
		{0DD40979-AFFE-4BED-ACA0-F6FD9C8652BD}.Debug|x86.ActiveCfg = Debug|Win32
		{0DD40979-AFFE-4BED-ACA0-F6FD9C8652BD}.Debug|x86.Build.0 = Debug|Win32
		{0DD40979-AFFE-4BED-ACA0-F6FD9C8652BD}.Release|x64.ActiveCfg = Release|x64
		{0DD40979-AFFE-4BED-ACA0-F6FD9C8652BD}.Release|x64.Build.0 = Release|x64
		{0DD40979-AFFE-4BED-ACA0-F6FD9C8652BD}.Release|x86.ActiveCfg = Release|Win32
		{0DD40979-AFFE-4BED-ACA0-F6FD9C8652BD}.Release|x86.Build.0 = Release|Win32
		{0DD40979-AFFE-4BED-ACA0-F6FD9C8652BD}.WDebug|x64.ActiveCfg = WDebug|x64
		{0DD40979-AFFE-4BED-ACA0-F6FD9C8652BD}.WDebug|x64.Build.0 = WDebug|x64
		{0DD40979-AFFE-4BED-ACA0-F6FD9C8652BD}.WDebug|x86.ActiveCfg = WDebug|Win32
		{0DD40979-AFFE-4BED-ACA0-F6FD9C8652BD}.WDebug|x86.Build.0 = WDebug|Win32
		{0DD40979-AFFE-4BED-ACA0-F6FD9C8652BD}.WRelease|x64.ActiveCfg = WRelease|x64
		{0DD40979-AFFE-4BED-ACA0-F6FD9C8652BD}.WRelease|x64.Build.0 = WRelease|x64
		{0DD40979-AFFE-4BED-ACA0-F6FD9C8652BD}.WRelease|x86.ActiveCfg = WRelease|Win32
		{0DD40979-AFFE-4BED-ACA0-F6FD9C8652BD}.WRelease|x86.Build.0 = WRelease|Win32
		{5F81D984-F25E-4850-B7B5-7AC322216396}.Debug|x64.ActiveCfg = Debug|x64
		{5F81D984-F25E-4850-B7B5-7AC322216396}.Debug|x64.Build.0 = Debug|x64
		{5F81D984-F25E-4850-B7B5-7AC322216396}.Debug|x86.ActiveCfg = Debug|Win32
		{5F81D984-F25E-4850-B7B5-7AC322216396}.Debug|x86.Build.0 = Debug|Win32
		{5F81D984-F25E-4850-B7B5-7AC322216396}.Release|x64.ActiveCfg = Release|x64
		{5F81D984-F25E-4850-B7B5-7AC322216396}.Release|x64.Build.0 = Release|x64
		{5F81D984-F25E-4850-B7B5-7AC322216396}.Release|x86.ActiveCfg = Release|Win32
		{5F81D984-F25E-4850-B7B5-7AC322216396}.Release|x86.Build.0 = Release|Win32
		{5F81D984-F25E-4850-B7B5-7AC322216396}.WDebug|x64.ActiveCfg = WDebug|x64
		{5F81D984-F25E-4850-B7B5-7AC322216396}.WDebug|x64.Build.0 = WDebug|x64
		{5F81D984-F25E-4850-B7B5-7AC322216396}.WDebug|x86.ActiveCfg = WDebug|Win32
		{5F81D984-F25E-4850-B7B5-7AC322216396}.WDebug|x86.Build.0 = WDebug|Win32
		{5F81D984-F25E-4850-B7B5-7AC322216396}.WRelease|x64.ActiveCfg = WRelease|x64
		{5F81D984-F25E-4850-B7B5-7AC322216396}.WRelease|x64.Build.0 = WRelease|x64
		{5F81D984-F25E-4850-B7B5-7AC322216396}.WRelease|x86.ActiveCfg = WRelease|Win32
		{5F81D984-F25E-4850-B7B5-7AC322216396}.WRelease|x86.Build.0 = WRelease|Win32
		{60FE4B75-B32E-4816-9642-12879812DC4D}.Debug|x64.ActiveCfg = Debug|x64
		{60FE4B75-B32E-4816-9642-12879812DC4D}.Debug|x64.Build.0 = Debug|x64
		{60FE4B75-B32E-4816-9642-12879812DC4D}.Debug|x86.ActiveCfg = Debug|Win32
		{60FE4B75-B32E-4816-9642-12879812DC4D}.Debug|x86.Build.0 = Debug|Win32
		{60FE4B75-B32E-4816-9642-12879812DC4D}.Release|x64.ActiveCfg = Release|x64
		{60FE4B75-B32E-4816-9642-12879812DC4D}.Release|x64.Build.0 = Release|x64
		{60FE4B75-B32E-4816-9642-12879812DC4D}.Release|x86.ActiveCfg = Release|Win32
		{60FE4B75-B32E-4816-9642-12879812DC4D}.Release|x86.Build.0 = Release|Win32
		{60FE4B75-B32E-4816-9642-12879812DC4D}.WDebug|x64.ActiveCfg = WDebug|x64
		{60FE4B75-B32E-4816-9642-12879812DC4D}.WDebug|x64.Build.0 = WDebug|x64
		{60FE4B75-B32E-4816-9642-12879812DC4D}.WDebug|x86.ActiveCfg = WDebug|Win32
		{60FE4B75-B32E-4816-9642-12879812DC4D}.WDebug|x86.Build.0 = WDebug|Win32
		{60FE4B75-B32E-4816-9642-12879812DC4D}.WRelease|x64.ActiveCfg = WRelease|x64
		{60FE4B75-B32E-4816-9642-12879812DC4D}.WRelease|x64.Build.0 = WRelease|x64
		{60FE4B75-B32E-4816-9642-12879812DC4D}.WRelease|x86.ActiveCfg = WRelease|Win32
		{60FE4B75-B32E-4816-9642-12879812DC4D}.WRelease|x86.Build.0 = WRelease|Win32
		{83247222-06B4-456E-88E7-5DC1A0E8E710}.Debug|x64.ActiveCfg = Debug|x64
		{83247222-06B4-456E-88E7-5DC1A0E8E710}.Debug|x64.Build.0 = Debug|x64
		{83247222-06B4-456E-88E7-5DC1A0E8E710}.Debug|x86.ActiveCfg = Debug|Win32
		{83247222-06B4-456E-88E7-5DC1A0E8E710}.Debug|x86.Build.0 = Debug|Win32
		{83247222-06B4-456E-88E7-5DC1A0E8E710}.Release|x64.ActiveCfg = Release|x64
		{83247222-06B4-456E-88E7-5DC1A0E8E710}.Release|x64.Build.0 = Release|x64
		{83247222-06B4-456E-88E7-5DC1A0E8E710}.Release|x86.ActiveCfg = Release|Win32
		{83247222-06B4-456E-88E7-5DC1A0E8E710}.Release|x86.Build.0 = Release|Win32
		{83247222-06B4-456E-88E7-5DC1A0E8E710}.WDebug|x64.ActiveCfg = WDebug|x64
		{83247222-06B4-456E-88E7-5DC1A0E8E710}.WDebug|x64.Build.0 = WDebug|x64
		{83247222-06B4-456E-88E7-5DC1A0E8E710}.WDebug|x86.ActiveCfg = WDebug|Win32
		{83247222-06B4-456E-88E7-5DC1A0E8E710}.WDebug|x86.Build.0 = WDebug|Win32
		{83247222-06B4-456E-88E7-5DC1A0E8E710}.WRelease|x64.ActiveCfg = WRelease|x64
		{83247222-06B4-456E-88E7-5DC1A0E8E710}.WRelease|x64.Build.0 = WRelease|x64
		{83247222-06B4-456E-88E7-5DC1A0E8E710}.WRelease|x86.ActiveCfg = WRelease|Win32
		{83247222-06B4-456E-88E7-5DC1A0E8E710}.WRelease|x86.Build.0 = WRelease|Win32
		{54D624C7-C45C-4CB7-9068-5AF7236C0505}.Debug|x64.ActiveCfg = Debug|x64
		{54D624C7-C45C-4CB7-9068-5AF7236C0505}.Debug|x64.Build.0 = Debug|x64
		{54D624C7-C45C-4CB7-9068-5AF7236C0505}.Debug|x86.ActiveCfg = Debug|Win32
		{54D624C7-C45C-4CB7-9068-5AF7236C0505}.Debug|x86.Build.0 = Debug|Win32
		{54D624C7-C45C-4CB7-9068-5AF7236C0505}.Release|x64.ActiveCfg = Release|x64
		{54D624C7-C45C-4CB7-9068-5AF7236C0505}.Release|x64.Build.0 = Release|x64
		{54D624C7-C45C-4CB7-9068-5AF7236C0505}.Release|x86.ActiveCfg = Release|Win32
		{54D624C7-C45C-4CB7-9068-5AF7236C0505}.Release|x86.Build.0 = Release|Win32
		{54D624C7-C45C-4CB7-9068-5AF7236C0505}.WDebug|x64.ActiveCfg = WDebug|x64
		{54D624C7-C45C-4CB7-9068-5AF7236C0505}.WDebug|x64.Build.0 = WDebug|x64
		{54D624C7-C45C-4CB7-9068-5AF7236C0505}.WDebug|x86.ActiveCfg = WDebug|Win32
		{54D624C7-C45C-4CB7-9068-5AF7236C0505}.WDebug|x86.Build.0 = WDebug|Win32
		{54D624C7-C45C-4CB7-9068-5AF7236C0505}.WRelease|x64.ActiveCfg = WRelease|x64
		{54D624C7-C45C-4CB7-9068-5AF7236C0505}.WRelease|x64.Build.0 = WRelease|x64
		{54D624C7-C45C-4CB7-9068-5AF7236C0505}.WRelease|x86.ActiveCfg = WRelease|Win32
		{54D624C7-C45C-4CB7-9068-5AF7236C0505}.WRelease|x86.Build.0 = WRelease|Win32
		{D600E45A-697F-4450-A7CF-96B9B923799F}.Debug|x64.ActiveCfg = Debug|x64
		{D600E45A-697F-4450-A7CF-96B9B923799F}.Debug|x64.Build.0 = Debug|x64
		{D600E45A-697F-4450-A7CF-96B9B923799F}.Debug|x86.ActiveCfg = Debug|Win32
		{D600E45A-697F-4450-A7CF-96B9B923799F}.Debug|x86.Build.0 = Debug|Win32
		{D600E45A-697F-4450-A7CF-96B9B923799F}.Release|x64.ActiveCfg = Release|x64
		{D600E45A-697F-4450-A7CF-96B9B923799F}.Release|x64.Build.0 = Release|x64
		{D600E45A-697F-4450-A7CF-96B9B923799F}.Release|x86.ActiveCfg = Release|Win32
		{D600E45A-697F-4450-A7CF-96B9B923799F}.Release|x86.Build.0 = Release|Win32
		{D600E45A-697F-4450-A7CF-96B9B923799F}.WDebug|x64.ActiveCfg = WDebug|x64
		{D600E45A-697F-4450-A7CF-96B9B923799F}.WDebug|x64.Build.0 = WDebug|x64
		{D600E45A-697F-4450-A7CF-96B9B923799F}.WDebug|x86.ActiveCfg = WDebug|Win32
		{D600E45A-697F-4450-A7CF-96B9B923799F}.WDebug|x86.Build.0 = WDebug|Win32
		{D600E45A-697F-4450-A7CF-96B9B923799F}.WRelease|x64.ActiveCfg = WRelease|x64
		{D600E45A-697F-4450-A7CF-96B9B923799F}.WRelease|x64.Build.0 = WRelease|x64
		{D600E45A-697F-4450-A7CF-96B9B923799F}.WRelease|x86.ActiveCfg = WRelease|Win32
		{D600E45A-697F-4450-A7CF-96B9B923799F}.WRelease|x86.Build.0 = WRelease|Win32
	EndGlobalSection
	GlobalSection(SolutionProperties) = preSolution
		HideSolutionNode = FALSE
	EndGlobalSection
	GlobalSection(NestedProjects) = preSolution
		{8701029E-A496-403A-91DF-C7E7FACF0D88} = {4EEB4042-F239-49C5-976D-80792B7FA04A}
		{BD428073-55B2-4406-A4D1-2772D1E48B0F} = {EC63F55B-0EBB-4365-8419-D1523B92595F}
		{0BDF6BA9-3A46-4E8A-B996-12F51D2FB632} = {2C00C3D4-8F87-47CC-8CF0-868F50541AE7}
		{C2ECE45C-3C70-42C5-BDE1-E06DDAF7D7AE} = {EC63F55B-0EBB-4365-8419-D1523B92595F}
		{2CEB20A8-A257-442A-B2A9-81D21CAC9AA1} = {EC63F55B-0EBB-4365-8419-D1523B92595F}
		{35F223F2-6AEB-4832-86D0-3A24D1B7772F} = {E8715876-8C84-4744-BCBA-37A5C2380E00}
		{6A129AC5-A668-4B43-8931-41036A5F7DCB} = {E8715876-8C84-4744-BCBA-37A5C2380E00}
		{B64AE941-F928-4954-BCE0-724A72A01E04} = {E8715876-8C84-4744-BCBA-37A5C2380E00}
		{AB109A0F-0CB5-4637-947A-2439D436054A} = {E8715876-8C84-4744-BCBA-37A5C2380E00}
		{CC28AE5B-5301-3C9A-84F7-70E0A4F4394B} = {D793C426-C0A1-4ACC-8710-3DDB75FD3C6D}
		{3FAAB841-4F82-4B50-BC4F-33427406128F} = {5410EC2B-CF42-47C6-9868-A2CD58963603}
		{3278BD5A-9A68-4A3A-BBF7-FA358EF2EFCC} = {5410EC2B-CF42-47C6-9868-A2CD58963603}
		{7A40BF20-B19C-47A5-BB9A-F5174F4110ED} = {5410EC2B-CF42-47C6-9868-A2CD58963603}
		{3A214E06-B95E-4D61-A291-1F8DF2EC10FD} = {5410EC2B-CF42-47C6-9868-A2CD58963603}
		{CEBDE98B-A6AA-46E6-BC79-FAAF823DB9EC} = {5410EC2B-CF42-47C6-9868-A2CD58963603}
		{371B9FA9-4C90-4AC6-A123-ACED756D6C77} = {6AEDA96F-0628-487A-904B-4C4A54A9EFE7}
		{E0B52AE7-E160-4D32-BF3F-910B785E5A8E} = {93D71BC9-24E2-4273-B2AC-5764C0779AB2}
		{DB417315-C28A-4E4E-9BD1-A0EC106DA2A6} = {02EA681E-C7D8-13C7-8484-4AC65E1B71E8}
		{02EA681E-C7D8-13C7-8484-4AC65E1B71E8} = {EB3DB22D-4897-484C-953C-5912745D8116}
		{DFC0E67A-B30E-3996-83B0-9B7031FB82F2} = {02EA681E-C7D8-13C7-8484-4AC65E1B71E8}
		{210F2098-2008-3D12-A67E-6B99BC5F3434} = {02EA681E-C7D8-13C7-8484-4AC65E1B71E8}
		{93D71BC9-24E2-4273-B2AC-5764C0779AB2} = {E8715876-8C84-4744-BCBA-37A5C2380E00}
		{6AEDA96F-0628-487A-904B-4C4A54A9EFE7} = {E8715876-8C84-4744-BCBA-37A5C2380E00}
	EndGlobalSection
	GlobalSection(ExtensibilityGlobals) = postSolution
		SolutionGuid = {EF26E725-508A-4DAE-B93C-F9495E271F8D}
	EndGlobalSection
EndGlobal
